
Microsoft Visual Studio Solution File, Format Version 12.00
# Visual Studio 2010
Project("{2150E333-8FDC-42A3-9474-1A3956D46DE8}") = "Framework", "Framework", "{8D2675B3-0E24-4611-9ADE-AA45DF04821A}"
EndProject
Project("{2150E333-8FDC-42A3-9474-1A3956D46DE8}") = "Services", "Services", "{D8C9F98E-6442-48C1-A99F-0D3FD1E39B09}"
EndProject
Project("{FAE04EC0-301F-11D3-BF4B-00C04F79EFBC}") = "Edge.Core", "..\..\edge-framework\Edge.Core\branches\3.0.0\Edge.Core.csproj", "{76F5133E-50CD-4282-97E0-B431FACB3ACC}"
EndProject
Project("{FAE04EC0-301F-11D3-BF4B-00C04F79EFBC}") = "Edge.Data.Objects", "..\..\edge-framework\Edge.Data.Objects\branches\orm-enabled\Edge.Data.Objects.csproj", "{9BC787C7-C269-476B-A87C-E345E7DB9E23}"
EndProject
Project("{FAE04EC0-301F-11D3-BF4B-00C04F79EFBC}") = "Edge.Data.Pipeline", "..\..\edge-framework\Edge.Data.Pipeline\branches\3.0.0\Edge.Data.Pipeline.csproj", "{53391A99-E8CA-4262-A8E0-5F05A1CC6608}"
EndProject
Project("{FAE04EC0-301F-11D3-BF4B-00C04F79EFBC}") = "Edge.Data.Pipeline.Metrics", "..\..\edge-framework\Edge.Data.Pipeline.Metrics\branches\3.0.0\Edge.Data.Pipeline.Metrics.csproj", "{16440453-3AC6-48DA-A424-E87CE8DE09CF}"
EndProject
Project("{2150E333-8FDC-42A3-9474-1A3956D46DE8}") = "Utilities", "Utilities", "{12816A6E-5B10-4679-A152-2F8F24694123}"
EndProject
Project("{FAE04EC0-301F-11D3-BF4B-00C04F79EFBC}") = "Edge.SDK.ServiceTester", "..\..\edge-sdk\Applications\Edge.SDK.ServiceTester\trunk\Edge.SDK.ServiceTester.csproj", "{747BA114-2B73-4498-98DB-89D7EFC01C46}"
EndProject
Project("{FAE04EC0-301F-11D3-BF4B-00C04F79EFBC}") = "Edge.Core.Services.Scheduling", "..\..\edge-framework\Edge.Core.Scheduling\branches\3.0.0\Edge.Core.Services.Scheduling.csproj", "{4C2A1AFD-56B9-497E-A649-1FDC30F0F4E0}"
EndProject
Project("{2150E333-8FDC-42A3-9474-1A3956D46DE8}") = "Processes", "Processes", "{617814ED-0330-4691-A5E0-743A306EF99A}"
EndProject
Project("{FAE04EC0-301F-11D3-BF4B-00C04F79EFBC}") = "Edge.Processes.SchedulingHost", "..\..\edge-processes\Edge.Processes.SchedulingHost\trunk\Edge.Processes.SchedulingHost.csproj", "{F392CC5C-789E-4411-BFC2-8E590ED290B5}"
EndProject
Project("{2150E333-8FDC-42A3-9474-1A3956D46DE8}") = "(thirdparty)", "(thirdparty)", "{2E68164D-C79F-4B93-A615-33787CCCA33F}"
EndProject
Project("{FAE04EC0-301F-11D3-BF4B-00C04F79EFBC}") = "Eggplant.Entities", "..\..\edge-framework\Eggplant.Entities\branches\wip\Eggplant.Entities.csproj", "{AD4B53AD-B28A-4E90-9483-E2F7C8E6D436}"
EndProject
Project("{FAE04EC0-301F-11D3-BF4B-00C04F79EFBC}") = "Edge.SDK.TestHost", "..\..\edge-sdk\Applications\Edge.SDK.TestHost\Edge.SDK.TestHost.csproj", "{BC56CE2C-4C01-4DC8-8707-9393ED301A6B}"
EndProject
Project("{FAE04EC0-301F-11D3-BF4B-00C04F79EFBC}") = "Edge.Applications.PM.Suite.Scheduler", "..\..\utilities\Edge.Applications.PM.Suite.Scheduler\trunk\Edge.Applications.PM.Suite.Scheduler.csproj", "{8AC78599-AD3B-46BE-86CC-F51A474AFA3C}"
EndProject
Project("{2150E333-8FDC-42A3-9474-1A3956D46DE8}") = "Databases", "Databases", "{344735BD-2CC3-41C5-A9A0-D707DB0BD613}"
EndProject
Project("{00D1A9C2-B5F0-4AF3-8072-F6C62B433612}") = "EdgeObjects", "..\..\edge-db\EdgeObjects\trunk\EdgeObjects.sqlproj", "{3A0C7489-49E0-4771-9841-67102819E088}"
EndProject
Project("{00D1A9C2-B5F0-4AF3-8072-F6C62B433612}") = "EdgeStaging", "..\..\edge-db\EdgeStaging\trunk\EdgeStaging.sqlproj", "{D321273C-D951-4672-AD92-F4E74ED99299}"
EndProject
Project("{00D1A9C2-B5F0-4AF3-8072-F6C62B433612}") = "EdgeSystem", "..\..\edge-db\EdgeSystem\trunk\EdgeSystem.sqlproj", "{A4455588-E4E0-4682-9628-054BDAC5FB60}"
EndProject
Project("{00D1A9C2-B5F0-4AF3-8072-F6C62B433612}") = "EdgeDeliveries", "..\..\edge-db\EdgeDeliveries\trunk\EdgeDeliveries.sqlproj", "{4B8B36F4-A550-4B23-9C37-614B744A1A5B}"
EndProject
Project("{FAE04EC0-301F-11D3-BF4B-00C04F79EFBC}") = "Edge.SDK.TestScheduling", "..\..\edge-sdk\Applications\Edge.SDK.TestScheduling\Edge.SDK.TestScheduling.csproj", "{D95D904C-958A-41D9-B9E5-1A44FE8D300D}"
EndProject
Project("{2150E333-8FDC-42A3-9474-1A3956D46DE8}") = "UnitTests", "UnitTests", "{EFDAD535-FD09-4F45-A1BD-F10CE9E1ECDA}"
EndProject
Project("{2150E333-8FDC-42A3-9474-1A3956D46DE8}") = "Framework", "Framework", "{4E5AA734-151C-4F65-BDDA-E1BA052028B7}"
EndProject
Project("{FAE04EC0-301F-11D3-BF4B-00C04F79EFBC}") = "Edge.UnitTests.Core.Services.Scheduling", "..\..\edge-sdk\UnitTests\Edge.UnitTests.Core.Services.Scheduling\Edge.UnitTests.Core.Services.Scheduling.csproj", "{6BDE278A-3725-4BBB-8484-D87E7C567213}"
EndProject
Project("{FAE04EC0-301F-11D3-BF4B-00C04F79EFBC}") = "Edge.SDK.TestEnvironment", "..\..\edge-sdk\Applications\Edge.SDK.TestEnvironment\Edge.SDK.TestEnvironment.csproj", "{3A7DC204-5332-48C4-8866-C5080065FEF0}"
EndProject
Project("{FAE04EC0-301F-11D3-BF4B-00C04F79EFBC}") = "Edge.SDK.TestPipeline", "..\..\edge-sdk\Applications\Edge.SDK.TestPipeline\Edge.SDK.TestPipeline.csproj", "{5743C6E2-53DC-4A40-A03C-86759C27D180}"
EndProject
Project("{FAE04EC0-301F-11D3-BF4B-00C04F79EFBC}") = "Edge.Data.Pipeline.Metrics.Indentity", "..\..\edge-framework\Edge.Data.Pipeline.Metrics.Indentity\trunk\Edge.Data.Pipeline.Metrics.Indentity.csproj", "{66C46DDE-68B3-4D4F-BAB0-B2B35FB6CB3E}"
EndProject
Project("{FAE04EC0-301F-11D3-BF4B-00C04F79EFBC}") = "Edge.Services.Google.AdWords", "..\Edge.Services.Google.AdWords\branches\3.0.0.0\Edge.Services.Google.AdWords\Edge.Services.Google.AdWords.csproj", "{452F5585-4DE6-431B-B691-2CE4EC06E49A}"
EndProject
Project("{FAE04EC0-301F-11D3-BF4B-00C04F79EFBC}") = "Edge.Services.BackOffice.EasyForex", "..\Edge.Services.BackOffice.EasyForex\branches\3.0.0.0\Edge.Services.BackOffice.EasyForex.csproj", "{ADC1E54C-4487-40B2-A2AA-ECE3853CED89}"
EndProject
Project("{FAE04EC0-301F-11D3-BF4B-00C04F79EFBC}") = "Edge.Services.Facebook.GraphApi", "..\Edge.Services.Facebook.GraphApi\branches\3.0.0\Edge.Services.Facebook.GraphApi.csproj", "{0CA66633-F417-4724-9FC5-5F8C6E1D72B5}"
EndProject
Global
	GlobalSection(SolutionConfigurationPlatforms) = preSolution
		DebubNewScheduling|Any CPU = DebubNewScheduling|Any CPU
		DebubNewScheduling|Mixed Platforms = DebubNewScheduling|Mixed Platforms
		DebubNewScheduling|x86 = DebubNewScheduling|x86
		Debug|Any CPU = Debug|Any CPU
		Debug|Mixed Platforms = Debug|Mixed Platforms
		Debug|x86 = Debug|x86
		Edge|Any CPU = Edge|Any CPU
		Edge|Mixed Platforms = Edge|Mixed Platforms
		Edge|x86 = Edge|x86
		Release|Any CPU = Release|Any CPU
		Release|Mixed Platforms = Release|Mixed Platforms
		Release|x86 = Release|x86
		Seperia.Facebook.UpdateCampaignStatus|Any CPU = Seperia.Facebook.UpdateCampaignStatus|Any CPU
		Seperia.Facebook.UpdateCampaignStatus|Mixed Platforms = Seperia.Facebook.UpdateCampaignStatus|Mixed Platforms
		Seperia.Facebook.UpdateCampaignStatus|x86 = Seperia.Facebook.UpdateCampaignStatus|x86
		Seperia|Any CPU = Seperia|Any CPU
		Seperia|Mixed Platforms = Seperia|Mixed Platforms
		Seperia|x86 = Seperia|x86
	EndGlobalSection
	GlobalSection(ProjectConfigurationPlatforms) = postSolution
		{76F5133E-50CD-4282-97E0-B431FACB3ACC}.DebubNewScheduling|Any CPU.ActiveCfg = Debug|Any CPU
		{76F5133E-50CD-4282-97E0-B431FACB3ACC}.DebubNewScheduling|Any CPU.Build.0 = Debug|Any CPU
		{76F5133E-50CD-4282-97E0-B431FACB3ACC}.DebubNewScheduling|Mixed Platforms.ActiveCfg = Debug|Any CPU
		{76F5133E-50CD-4282-97E0-B431FACB3ACC}.DebubNewScheduling|Mixed Platforms.Build.0 = Debug|Any CPU
		{76F5133E-50CD-4282-97E0-B431FACB3ACC}.DebubNewScheduling|x86.ActiveCfg = Debug|Any CPU
		{76F5133E-50CD-4282-97E0-B431FACB3ACC}.Debug|Any CPU.ActiveCfg = Debug|Any CPU
		{76F5133E-50CD-4282-97E0-B431FACB3ACC}.Debug|Any CPU.Build.0 = Debug|Any CPU
		{76F5133E-50CD-4282-97E0-B431FACB3ACC}.Debug|Mixed Platforms.ActiveCfg = Debug|Any CPU
		{76F5133E-50CD-4282-97E0-B431FACB3ACC}.Debug|Mixed Platforms.Build.0 = Debug|Any CPU
		{76F5133E-50CD-4282-97E0-B431FACB3ACC}.Debug|x86.ActiveCfg = Debug|Any CPU
		{76F5133E-50CD-4282-97E0-B431FACB3ACC}.Edge|Any CPU.ActiveCfg = Release|Any CPU
		{76F5133E-50CD-4282-97E0-B431FACB3ACC}.Edge|Any CPU.Build.0 = Release|Any CPU
		{76F5133E-50CD-4282-97E0-B431FACB3ACC}.Edge|Mixed Platforms.ActiveCfg = Release|Any CPU
		{76F5133E-50CD-4282-97E0-B431FACB3ACC}.Edge|Mixed Platforms.Build.0 = Release|Any CPU
		{76F5133E-50CD-4282-97E0-B431FACB3ACC}.Edge|x86.ActiveCfg = Release|Any CPU
		{76F5133E-50CD-4282-97E0-B431FACB3ACC}.Release|Any CPU.ActiveCfg = Release|Any CPU
		{76F5133E-50CD-4282-97E0-B431FACB3ACC}.Release|Any CPU.Build.0 = Release|Any CPU
		{76F5133E-50CD-4282-97E0-B431FACB3ACC}.Release|Mixed Platforms.ActiveCfg = Release|Any CPU
		{76F5133E-50CD-4282-97E0-B431FACB3ACC}.Release|Mixed Platforms.Build.0 = Release|Any CPU
		{76F5133E-50CD-4282-97E0-B431FACB3ACC}.Release|x86.ActiveCfg = Release|Any CPU
		{76F5133E-50CD-4282-97E0-B431FACB3ACC}.Seperia.Facebook.UpdateCampaignStatus|Any CPU.ActiveCfg = Release|Any CPU
		{76F5133E-50CD-4282-97E0-B431FACB3ACC}.Seperia.Facebook.UpdateCampaignStatus|Any CPU.Build.0 = Release|Any CPU
		{76F5133E-50CD-4282-97E0-B431FACB3ACC}.Seperia.Facebook.UpdateCampaignStatus|Mixed Platforms.ActiveCfg = Release|Any CPU
		{76F5133E-50CD-4282-97E0-B431FACB3ACC}.Seperia.Facebook.UpdateCampaignStatus|Mixed Platforms.Build.0 = Release|Any CPU
		{76F5133E-50CD-4282-97E0-B431FACB3ACC}.Seperia.Facebook.UpdateCampaignStatus|x86.ActiveCfg = Release|Any CPU
		{76F5133E-50CD-4282-97E0-B431FACB3ACC}.Seperia|Any CPU.ActiveCfg = Release|Any CPU
		{76F5133E-50CD-4282-97E0-B431FACB3ACC}.Seperia|Any CPU.Build.0 = Release|Any CPU
		{76F5133E-50CD-4282-97E0-B431FACB3ACC}.Seperia|Mixed Platforms.ActiveCfg = Release|Any CPU
		{76F5133E-50CD-4282-97E0-B431FACB3ACC}.Seperia|Mixed Platforms.Build.0 = Release|Any CPU
		{76F5133E-50CD-4282-97E0-B431FACB3ACC}.Seperia|x86.ActiveCfg = Release|Any CPU
		{9BC787C7-C269-476B-A87C-E345E7DB9E23}.DebubNewScheduling|Any CPU.ActiveCfg = Debug|Any CPU
		{9BC787C7-C269-476B-A87C-E345E7DB9E23}.DebubNewScheduling|Any CPU.Build.0 = Debug|Any CPU
		{9BC787C7-C269-476B-A87C-E345E7DB9E23}.DebubNewScheduling|Mixed Platforms.ActiveCfg = Debug|Any CPU
		{9BC787C7-C269-476B-A87C-E345E7DB9E23}.DebubNewScheduling|x86.ActiveCfg = Debug|Any CPU
		{9BC787C7-C269-476B-A87C-E345E7DB9E23}.Debug|Any CPU.ActiveCfg = Debug|Any CPU
		{9BC787C7-C269-476B-A87C-E345E7DB9E23}.Debug|Any CPU.Build.0 = Debug|Any CPU
		{9BC787C7-C269-476B-A87C-E345E7DB9E23}.Debug|Mixed Platforms.ActiveCfg = Debug|Any CPU
		{9BC787C7-C269-476B-A87C-E345E7DB9E23}.Debug|Mixed Platforms.Build.0 = Debug|Any CPU
		{9BC787C7-C269-476B-A87C-E345E7DB9E23}.Debug|x86.ActiveCfg = Debug|Any CPU
		{9BC787C7-C269-476B-A87C-E345E7DB9E23}.Edge|Any CPU.ActiveCfg = Release|Any CPU
		{9BC787C7-C269-476B-A87C-E345E7DB9E23}.Edge|Any CPU.Build.0 = Release|Any CPU
		{9BC787C7-C269-476B-A87C-E345E7DB9E23}.Edge|Mixed Platforms.ActiveCfg = Release|Any CPU
		{9BC787C7-C269-476B-A87C-E345E7DB9E23}.Edge|Mixed Platforms.Build.0 = Release|Any CPU
		{9BC787C7-C269-476B-A87C-E345E7DB9E23}.Edge|x86.ActiveCfg = Release|Any CPU
		{9BC787C7-C269-476B-A87C-E345E7DB9E23}.Release|Any CPU.ActiveCfg = Release|Any CPU
		{9BC787C7-C269-476B-A87C-E345E7DB9E23}.Release|Any CPU.Build.0 = Release|Any CPU
		{9BC787C7-C269-476B-A87C-E345E7DB9E23}.Release|Mixed Platforms.ActiveCfg = Release|Any CPU
		{9BC787C7-C269-476B-A87C-E345E7DB9E23}.Release|Mixed Platforms.Build.0 = Release|Any CPU
		{9BC787C7-C269-476B-A87C-E345E7DB9E23}.Release|x86.ActiveCfg = Release|Any CPU
		{9BC787C7-C269-476B-A87C-E345E7DB9E23}.Seperia.Facebook.UpdateCampaignStatus|Any CPU.ActiveCfg = Release|Any CPU
		{9BC787C7-C269-476B-A87C-E345E7DB9E23}.Seperia.Facebook.UpdateCampaignStatus|Any CPU.Build.0 = Release|Any CPU
		{9BC787C7-C269-476B-A87C-E345E7DB9E23}.Seperia.Facebook.UpdateCampaignStatus|Mixed Platforms.ActiveCfg = Release|Any CPU
		{9BC787C7-C269-476B-A87C-E345E7DB9E23}.Seperia.Facebook.UpdateCampaignStatus|Mixed Platforms.Build.0 = Release|Any CPU
		{9BC787C7-C269-476B-A87C-E345E7DB9E23}.Seperia.Facebook.UpdateCampaignStatus|x86.ActiveCfg = Release|Any CPU
		{9BC787C7-C269-476B-A87C-E345E7DB9E23}.Seperia|Any CPU.ActiveCfg = Release|Any CPU
		{9BC787C7-C269-476B-A87C-E345E7DB9E23}.Seperia|Any CPU.Build.0 = Release|Any CPU
		{9BC787C7-C269-476B-A87C-E345E7DB9E23}.Seperia|Mixed Platforms.ActiveCfg = Release|Any CPU
		{9BC787C7-C269-476B-A87C-E345E7DB9E23}.Seperia|Mixed Platforms.Build.0 = Release|Any CPU
		{9BC787C7-C269-476B-A87C-E345E7DB9E23}.Seperia|x86.ActiveCfg = Release|Any CPU
		{53391A99-E8CA-4262-A8E0-5F05A1CC6608}.DebubNewScheduling|Any CPU.ActiveCfg = Debug|Any CPU
		{53391A99-E8CA-4262-A8E0-5F05A1CC6608}.DebubNewScheduling|Any CPU.Build.0 = Debug|Any CPU
		{53391A99-E8CA-4262-A8E0-5F05A1CC6608}.DebubNewScheduling|Mixed Platforms.ActiveCfg = Debug|Any CPU
		{53391A99-E8CA-4262-A8E0-5F05A1CC6608}.DebubNewScheduling|x86.ActiveCfg = Debug|Any CPU
		{53391A99-E8CA-4262-A8E0-5F05A1CC6608}.Debug|Any CPU.ActiveCfg = Debug|Any CPU
		{53391A99-E8CA-4262-A8E0-5F05A1CC6608}.Debug|Any CPU.Build.0 = Debug|Any CPU
		{53391A99-E8CA-4262-A8E0-5F05A1CC6608}.Debug|Mixed Platforms.ActiveCfg = Debug|Any CPU
		{53391A99-E8CA-4262-A8E0-5F05A1CC6608}.Debug|Mixed Platforms.Build.0 = Debug|Any CPU
		{53391A99-E8CA-4262-A8E0-5F05A1CC6608}.Debug|x86.ActiveCfg = Debug|Any CPU
		{53391A99-E8CA-4262-A8E0-5F05A1CC6608}.Edge|Any CPU.ActiveCfg = Release|Any CPU
		{53391A99-E8CA-4262-A8E0-5F05A1CC6608}.Edge|Any CPU.Build.0 = Release|Any CPU
		{53391A99-E8CA-4262-A8E0-5F05A1CC6608}.Edge|Mixed Platforms.ActiveCfg = Release|Any CPU
		{53391A99-E8CA-4262-A8E0-5F05A1CC6608}.Edge|Mixed Platforms.Build.0 = Release|Any CPU
		{53391A99-E8CA-4262-A8E0-5F05A1CC6608}.Edge|x86.ActiveCfg = Release|Any CPU
		{53391A99-E8CA-4262-A8E0-5F05A1CC6608}.Release|Any CPU.ActiveCfg = Release|Any CPU
		{53391A99-E8CA-4262-A8E0-5F05A1CC6608}.Release|Any CPU.Build.0 = Release|Any CPU
		{53391A99-E8CA-4262-A8E0-5F05A1CC6608}.Release|Mixed Platforms.ActiveCfg = Release|Any CPU
		{53391A99-E8CA-4262-A8E0-5F05A1CC6608}.Release|Mixed Platforms.Build.0 = Release|Any CPU
		{53391A99-E8CA-4262-A8E0-5F05A1CC6608}.Release|x86.ActiveCfg = Release|Any CPU
		{53391A99-E8CA-4262-A8E0-5F05A1CC6608}.Seperia.Facebook.UpdateCampaignStatus|Any CPU.ActiveCfg = Release|Any CPU
		{53391A99-E8CA-4262-A8E0-5F05A1CC6608}.Seperia.Facebook.UpdateCampaignStatus|Any CPU.Build.0 = Release|Any CPU
		{53391A99-E8CA-4262-A8E0-5F05A1CC6608}.Seperia.Facebook.UpdateCampaignStatus|Mixed Platforms.ActiveCfg = Release|Any CPU
		{53391A99-E8CA-4262-A8E0-5F05A1CC6608}.Seperia.Facebook.UpdateCampaignStatus|Mixed Platforms.Build.0 = Release|Any CPU
		{53391A99-E8CA-4262-A8E0-5F05A1CC6608}.Seperia.Facebook.UpdateCampaignStatus|x86.ActiveCfg = Release|Any CPU
		{53391A99-E8CA-4262-A8E0-5F05A1CC6608}.Seperia|Any CPU.ActiveCfg = Release|Any CPU
		{53391A99-E8CA-4262-A8E0-5F05A1CC6608}.Seperia|Any CPU.Build.0 = Release|Any CPU
		{53391A99-E8CA-4262-A8E0-5F05A1CC6608}.Seperia|Mixed Platforms.ActiveCfg = Release|Any CPU
		{53391A99-E8CA-4262-A8E0-5F05A1CC6608}.Seperia|Mixed Platforms.Build.0 = Release|Any CPU
		{53391A99-E8CA-4262-A8E0-5F05A1CC6608}.Seperia|x86.ActiveCfg = Release|Any CPU
		{16440453-3AC6-48DA-A424-E87CE8DE09CF}.DebubNewScheduling|Any CPU.ActiveCfg = Debug|Any CPU
		{16440453-3AC6-48DA-A424-E87CE8DE09CF}.DebubNewScheduling|Any CPU.Build.0 = Debug|Any CPU
		{16440453-3AC6-48DA-A424-E87CE8DE09CF}.DebubNewScheduling|Mixed Platforms.ActiveCfg = Debug|Any CPU
		{16440453-3AC6-48DA-A424-E87CE8DE09CF}.DebubNewScheduling|x86.ActiveCfg = Debug|Any CPU
		{16440453-3AC6-48DA-A424-E87CE8DE09CF}.Debug|Any CPU.ActiveCfg = Debug|Any CPU
		{16440453-3AC6-48DA-A424-E87CE8DE09CF}.Debug|Any CPU.Build.0 = Debug|Any CPU
		{16440453-3AC6-48DA-A424-E87CE8DE09CF}.Debug|Mixed Platforms.ActiveCfg = Debug|Any CPU
		{16440453-3AC6-48DA-A424-E87CE8DE09CF}.Debug|Mixed Platforms.Build.0 = Debug|Any CPU
		{16440453-3AC6-48DA-A424-E87CE8DE09CF}.Debug|x86.ActiveCfg = Debug|Any CPU
		{16440453-3AC6-48DA-A424-E87CE8DE09CF}.Edge|Any CPU.ActiveCfg = Release|Any CPU
		{16440453-3AC6-48DA-A424-E87CE8DE09CF}.Edge|Any CPU.Build.0 = Release|Any CPU
		{16440453-3AC6-48DA-A424-E87CE8DE09CF}.Edge|Mixed Platforms.ActiveCfg = Release|Any CPU
		{16440453-3AC6-48DA-A424-E87CE8DE09CF}.Edge|Mixed Platforms.Build.0 = Release|Any CPU
		{16440453-3AC6-48DA-A424-E87CE8DE09CF}.Edge|x86.ActiveCfg = Release|Any CPU
		{16440453-3AC6-48DA-A424-E87CE8DE09CF}.Release|Any CPU.ActiveCfg = Release|Any CPU
		{16440453-3AC6-48DA-A424-E87CE8DE09CF}.Release|Any CPU.Build.0 = Release|Any CPU
		{16440453-3AC6-48DA-A424-E87CE8DE09CF}.Release|Mixed Platforms.ActiveCfg = Release|Any CPU
		{16440453-3AC6-48DA-A424-E87CE8DE09CF}.Release|Mixed Platforms.Build.0 = Release|Any CPU
		{16440453-3AC6-48DA-A424-E87CE8DE09CF}.Release|x86.ActiveCfg = Release|Any CPU
		{16440453-3AC6-48DA-A424-E87CE8DE09CF}.Seperia.Facebook.UpdateCampaignStatus|Any CPU.ActiveCfg = Release|Any CPU
		{16440453-3AC6-48DA-A424-E87CE8DE09CF}.Seperia.Facebook.UpdateCampaignStatus|Any CPU.Build.0 = Release|Any CPU
		{16440453-3AC6-48DA-A424-E87CE8DE09CF}.Seperia.Facebook.UpdateCampaignStatus|Mixed Platforms.ActiveCfg = Release|Any CPU
		{16440453-3AC6-48DA-A424-E87CE8DE09CF}.Seperia.Facebook.UpdateCampaignStatus|Mixed Platforms.Build.0 = Release|Any CPU
		{16440453-3AC6-48DA-A424-E87CE8DE09CF}.Seperia.Facebook.UpdateCampaignStatus|x86.ActiveCfg = Release|Any CPU
		{16440453-3AC6-48DA-A424-E87CE8DE09CF}.Seperia|Any CPU.ActiveCfg = Release|Any CPU
		{16440453-3AC6-48DA-A424-E87CE8DE09CF}.Seperia|Any CPU.Build.0 = Release|Any CPU
		{16440453-3AC6-48DA-A424-E87CE8DE09CF}.Seperia|Mixed Platforms.ActiveCfg = Release|Any CPU
		{16440453-3AC6-48DA-A424-E87CE8DE09CF}.Seperia|Mixed Platforms.Build.0 = Release|Any CPU
		{16440453-3AC6-48DA-A424-E87CE8DE09CF}.Seperia|x86.ActiveCfg = Release|Any CPU
		{747BA114-2B73-4498-98DB-89D7EFC01C46}.DebubNewScheduling|Any CPU.ActiveCfg = Debug|x86
		{747BA114-2B73-4498-98DB-89D7EFC01C46}.DebubNewScheduling|Mixed Platforms.ActiveCfg = Debug|x86
		{747BA114-2B73-4498-98DB-89D7EFC01C46}.DebubNewScheduling|Mixed Platforms.Build.0 = Debug|x86
		{747BA114-2B73-4498-98DB-89D7EFC01C46}.DebubNewScheduling|x86.ActiveCfg = Debug|x86
		{747BA114-2B73-4498-98DB-89D7EFC01C46}.DebubNewScheduling|x86.Build.0 = Debug|x86
		{747BA114-2B73-4498-98DB-89D7EFC01C46}.Debug|Any CPU.ActiveCfg = Debug|x86
		{747BA114-2B73-4498-98DB-89D7EFC01C46}.Debug|Mixed Platforms.ActiveCfg = Debug|x86
		{747BA114-2B73-4498-98DB-89D7EFC01C46}.Debug|Mixed Platforms.Build.0 = Debug|x86
		{747BA114-2B73-4498-98DB-89D7EFC01C46}.Debug|x86.ActiveCfg = Debug|x86
		{747BA114-2B73-4498-98DB-89D7EFC01C46}.Debug|x86.Build.0 = Debug|x86
		{747BA114-2B73-4498-98DB-89D7EFC01C46}.Edge|Any CPU.ActiveCfg = Release|x86
		{747BA114-2B73-4498-98DB-89D7EFC01C46}.Edge|Mixed Platforms.ActiveCfg = Release|x86
		{747BA114-2B73-4498-98DB-89D7EFC01C46}.Edge|Mixed Platforms.Build.0 = Release|x86
		{747BA114-2B73-4498-98DB-89D7EFC01C46}.Edge|x86.ActiveCfg = Release|x86
		{747BA114-2B73-4498-98DB-89D7EFC01C46}.Edge|x86.Build.0 = Release|x86
		{747BA114-2B73-4498-98DB-89D7EFC01C46}.Release|Any CPU.ActiveCfg = Release|x86
		{747BA114-2B73-4498-98DB-89D7EFC01C46}.Release|Mixed Platforms.ActiveCfg = Release|x86
		{747BA114-2B73-4498-98DB-89D7EFC01C46}.Release|Mixed Platforms.Build.0 = Release|x86
		{747BA114-2B73-4498-98DB-89D7EFC01C46}.Release|x86.ActiveCfg = Release|x86
		{747BA114-2B73-4498-98DB-89D7EFC01C46}.Release|x86.Build.0 = Release|x86
		{747BA114-2B73-4498-98DB-89D7EFC01C46}.Seperia.Facebook.UpdateCampaignStatus|Any CPU.ActiveCfg = Release|x86
		{747BA114-2B73-4498-98DB-89D7EFC01C46}.Seperia.Facebook.UpdateCampaignStatus|Mixed Platforms.ActiveCfg = Release|x86
		{747BA114-2B73-4498-98DB-89D7EFC01C46}.Seperia.Facebook.UpdateCampaignStatus|Mixed Platforms.Build.0 = Release|x86
		{747BA114-2B73-4498-98DB-89D7EFC01C46}.Seperia.Facebook.UpdateCampaignStatus|x86.ActiveCfg = Release|x86
		{747BA114-2B73-4498-98DB-89D7EFC01C46}.Seperia.Facebook.UpdateCampaignStatus|x86.Build.0 = Release|x86
		{747BA114-2B73-4498-98DB-89D7EFC01C46}.Seperia|Any CPU.ActiveCfg = Release|x86
		{747BA114-2B73-4498-98DB-89D7EFC01C46}.Seperia|Mixed Platforms.ActiveCfg = Release|x86
		{747BA114-2B73-4498-98DB-89D7EFC01C46}.Seperia|Mixed Platforms.Build.0 = Release|x86
		{747BA114-2B73-4498-98DB-89D7EFC01C46}.Seperia|x86.ActiveCfg = Release|x86
		{747BA114-2B73-4498-98DB-89D7EFC01C46}.Seperia|x86.Build.0 = Release|x86
		{4C2A1AFD-56B9-497E-A649-1FDC30F0F4E0}.DebubNewScheduling|Any CPU.ActiveCfg = Debug|Any CPU
		{4C2A1AFD-56B9-497E-A649-1FDC30F0F4E0}.DebubNewScheduling|Any CPU.Build.0 = Debug|Any CPU
		{4C2A1AFD-56B9-497E-A649-1FDC30F0F4E0}.DebubNewScheduling|Mixed Platforms.ActiveCfg = Debug|Any CPU
		{4C2A1AFD-56B9-497E-A649-1FDC30F0F4E0}.DebubNewScheduling|x86.ActiveCfg = Debug|Any CPU
		{4C2A1AFD-56B9-497E-A649-1FDC30F0F4E0}.Debug|Any CPU.ActiveCfg = Debug|Any CPU
		{4C2A1AFD-56B9-497E-A649-1FDC30F0F4E0}.Debug|Any CPU.Build.0 = Debug|Any CPU
		{4C2A1AFD-56B9-497E-A649-1FDC30F0F4E0}.Debug|Mixed Platforms.ActiveCfg = Debug|Any CPU
		{4C2A1AFD-56B9-497E-A649-1FDC30F0F4E0}.Debug|Mixed Platforms.Build.0 = Debug|Any CPU
		{4C2A1AFD-56B9-497E-A649-1FDC30F0F4E0}.Debug|x86.ActiveCfg = Debug|Any CPU
		{4C2A1AFD-56B9-497E-A649-1FDC30F0F4E0}.Edge|Any CPU.ActiveCfg = Release|Any CPU
		{4C2A1AFD-56B9-497E-A649-1FDC30F0F4E0}.Edge|Any CPU.Build.0 = Release|Any CPU
		{4C2A1AFD-56B9-497E-A649-1FDC30F0F4E0}.Edge|Mixed Platforms.ActiveCfg = Release|Any CPU
		{4C2A1AFD-56B9-497E-A649-1FDC30F0F4E0}.Edge|Mixed Platforms.Build.0 = Release|Any CPU
		{4C2A1AFD-56B9-497E-A649-1FDC30F0F4E0}.Edge|x86.ActiveCfg = Release|Any CPU
		{4C2A1AFD-56B9-497E-A649-1FDC30F0F4E0}.Release|Any CPU.ActiveCfg = Release|Any CPU
		{4C2A1AFD-56B9-497E-A649-1FDC30F0F4E0}.Release|Any CPU.Build.0 = Release|Any CPU
		{4C2A1AFD-56B9-497E-A649-1FDC30F0F4E0}.Release|Mixed Platforms.ActiveCfg = Release|Any CPU
		{4C2A1AFD-56B9-497E-A649-1FDC30F0F4E0}.Release|Mixed Platforms.Build.0 = Release|Any CPU
		{4C2A1AFD-56B9-497E-A649-1FDC30F0F4E0}.Release|x86.ActiveCfg = Release|Any CPU
		{4C2A1AFD-56B9-497E-A649-1FDC30F0F4E0}.Seperia.Facebook.UpdateCampaignStatus|Any CPU.ActiveCfg = Release|Any CPU
		{4C2A1AFD-56B9-497E-A649-1FDC30F0F4E0}.Seperia.Facebook.UpdateCampaignStatus|Any CPU.Build.0 = Release|Any CPU
		{4C2A1AFD-56B9-497E-A649-1FDC30F0F4E0}.Seperia.Facebook.UpdateCampaignStatus|Mixed Platforms.ActiveCfg = Release|Any CPU
		{4C2A1AFD-56B9-497E-A649-1FDC30F0F4E0}.Seperia.Facebook.UpdateCampaignStatus|Mixed Platforms.Build.0 = Release|Any CPU
		{4C2A1AFD-56B9-497E-A649-1FDC30F0F4E0}.Seperia.Facebook.UpdateCampaignStatus|x86.ActiveCfg = Release|Any CPU
		{4C2A1AFD-56B9-497E-A649-1FDC30F0F4E0}.Seperia|Any CPU.ActiveCfg = Release|Any CPU
		{4C2A1AFD-56B9-497E-A649-1FDC30F0F4E0}.Seperia|Any CPU.Build.0 = Release|Any CPU
		{4C2A1AFD-56B9-497E-A649-1FDC30F0F4E0}.Seperia|Mixed Platforms.ActiveCfg = Release|Any CPU
		{4C2A1AFD-56B9-497E-A649-1FDC30F0F4E0}.Seperia|Mixed Platforms.Build.0 = Release|Any CPU
		{4C2A1AFD-56B9-497E-A649-1FDC30F0F4E0}.Seperia|x86.ActiveCfg = Release|Any CPU
		{F392CC5C-789E-4411-BFC2-8E590ED290B5}.DebubNewScheduling|Any CPU.ActiveCfg = DebubNewScheduling|Any CPU
		{F392CC5C-789E-4411-BFC2-8E590ED290B5}.DebubNewScheduling|Any CPU.Build.0 = DebubNewScheduling|Any CPU
		{F392CC5C-789E-4411-BFC2-8E590ED290B5}.DebubNewScheduling|Mixed Platforms.ActiveCfg = DebubNewScheduling|Any CPU
		{F392CC5C-789E-4411-BFC2-8E590ED290B5}.DebubNewScheduling|x86.ActiveCfg = DebubNewScheduling|x86
		{F392CC5C-789E-4411-BFC2-8E590ED290B5}.DebubNewScheduling|x86.Build.0 = DebubNewScheduling|x86
		{F392CC5C-789E-4411-BFC2-8E590ED290B5}.Debug|Any CPU.ActiveCfg = Debug|Any CPU
		{F392CC5C-789E-4411-BFC2-8E590ED290B5}.Debug|Any CPU.Build.0 = Debug|Any CPU
		{F392CC5C-789E-4411-BFC2-8E590ED290B5}.Debug|Mixed Platforms.ActiveCfg = Debug|Any CPU
		{F392CC5C-789E-4411-BFC2-8E590ED290B5}.Debug|Mixed Platforms.Build.0 = Debug|Any CPU
		{F392CC5C-789E-4411-BFC2-8E590ED290B5}.Debug|x86.ActiveCfg = Debug|x86
		{F392CC5C-789E-4411-BFC2-8E590ED290B5}.Debug|x86.Build.0 = Debug|x86
		{F392CC5C-789E-4411-BFC2-8E590ED290B5}.Edge|Any CPU.ActiveCfg = DebubNewScheduling|Any CPU
		{F392CC5C-789E-4411-BFC2-8E590ED290B5}.Edge|Any CPU.Build.0 = DebubNewScheduling|Any CPU
		{F392CC5C-789E-4411-BFC2-8E590ED290B5}.Edge|Mixed Platforms.ActiveCfg = DebubNewScheduling|Any CPU
		{F392CC5C-789E-4411-BFC2-8E590ED290B5}.Edge|Mixed Platforms.Build.0 = DebubNewScheduling|Any CPU
		{F392CC5C-789E-4411-BFC2-8E590ED290B5}.Edge|x86.ActiveCfg = DebubNewScheduling|Any CPU
		{F392CC5C-789E-4411-BFC2-8E590ED290B5}.Release|Any CPU.ActiveCfg = Release|Any CPU
		{F392CC5C-789E-4411-BFC2-8E590ED290B5}.Release|Any CPU.Build.0 = Release|Any CPU
		{F392CC5C-789E-4411-BFC2-8E590ED290B5}.Release|Mixed Platforms.ActiveCfg = Release|Any CPU
		{F392CC5C-789E-4411-BFC2-8E590ED290B5}.Release|Mixed Platforms.Build.0 = Release|Any CPU
		{F392CC5C-789E-4411-BFC2-8E590ED290B5}.Release|x86.ActiveCfg = Release|x86
		{F392CC5C-789E-4411-BFC2-8E590ED290B5}.Release|x86.Build.0 = Release|x86
		{F392CC5C-789E-4411-BFC2-8E590ED290B5}.Seperia.Facebook.UpdateCampaignStatus|Any CPU.ActiveCfg = DebubNewScheduling|Any CPU
		{F392CC5C-789E-4411-BFC2-8E590ED290B5}.Seperia.Facebook.UpdateCampaignStatus|Any CPU.Build.0 = DebubNewScheduling|Any CPU
		{F392CC5C-789E-4411-BFC2-8E590ED290B5}.Seperia.Facebook.UpdateCampaignStatus|Mixed Platforms.ActiveCfg = DebubNewScheduling|Any CPU
		{F392CC5C-789E-4411-BFC2-8E590ED290B5}.Seperia.Facebook.UpdateCampaignStatus|Mixed Platforms.Build.0 = DebubNewScheduling|Any CPU
		{F392CC5C-789E-4411-BFC2-8E590ED290B5}.Seperia.Facebook.UpdateCampaignStatus|x86.ActiveCfg = DebubNewScheduling|Any CPU
		{F392CC5C-789E-4411-BFC2-8E590ED290B5}.Seperia|Any CPU.ActiveCfg = DebubNewScheduling|Any CPU
		{F392CC5C-789E-4411-BFC2-8E590ED290B5}.Seperia|Any CPU.Build.0 = DebubNewScheduling|Any CPU
		{F392CC5C-789E-4411-BFC2-8E590ED290B5}.Seperia|Mixed Platforms.ActiveCfg = DebubNewScheduling|Any CPU
		{F392CC5C-789E-4411-BFC2-8E590ED290B5}.Seperia|Mixed Platforms.Build.0 = DebubNewScheduling|Any CPU
		{F392CC5C-789E-4411-BFC2-8E590ED290B5}.Seperia|x86.ActiveCfg = DebubNewScheduling|Any CPU
		{AD4B53AD-B28A-4E90-9483-E2F7C8E6D436}.DebubNewScheduling|Any CPU.ActiveCfg = Debug|Any CPU
		{AD4B53AD-B28A-4E90-9483-E2F7C8E6D436}.DebubNewScheduling|Any CPU.Build.0 = Debug|Any CPU
		{AD4B53AD-B28A-4E90-9483-E2F7C8E6D436}.DebubNewScheduling|Mixed Platforms.ActiveCfg = Debug|Any CPU
		{AD4B53AD-B28A-4E90-9483-E2F7C8E6D436}.DebubNewScheduling|x86.ActiveCfg = Debug|Any CPU
		{AD4B53AD-B28A-4E90-9483-E2F7C8E6D436}.Debug|Any CPU.ActiveCfg = Debug|Any CPU
		{AD4B53AD-B28A-4E90-9483-E2F7C8E6D436}.Debug|Any CPU.Build.0 = Debug|Any CPU
		{AD4B53AD-B28A-4E90-9483-E2F7C8E6D436}.Debug|Mixed Platforms.ActiveCfg = Debug|Any CPU
		{AD4B53AD-B28A-4E90-9483-E2F7C8E6D436}.Debug|Mixed Platforms.Build.0 = Debug|Any CPU
		{AD4B53AD-B28A-4E90-9483-E2F7C8E6D436}.Debug|x86.ActiveCfg = Debug|Any CPU
		{AD4B53AD-B28A-4E90-9483-E2F7C8E6D436}.Edge|Any CPU.ActiveCfg = Release|Any CPU
		{AD4B53AD-B28A-4E90-9483-E2F7C8E6D436}.Edge|Any CPU.Build.0 = Release|Any CPU
		{AD4B53AD-B28A-4E90-9483-E2F7C8E6D436}.Edge|Mixed Platforms.ActiveCfg = Release|Any CPU
		{AD4B53AD-B28A-4E90-9483-E2F7C8E6D436}.Edge|Mixed Platforms.Build.0 = Release|Any CPU
		{AD4B53AD-B28A-4E90-9483-E2F7C8E6D436}.Edge|x86.ActiveCfg = Release|Any CPU
		{AD4B53AD-B28A-4E90-9483-E2F7C8E6D436}.Release|Any CPU.ActiveCfg = Release|Any CPU
		{AD4B53AD-B28A-4E90-9483-E2F7C8E6D436}.Release|Any CPU.Build.0 = Release|Any CPU
		{AD4B53AD-B28A-4E90-9483-E2F7C8E6D436}.Release|Mixed Platforms.ActiveCfg = Release|Any CPU
		{AD4B53AD-B28A-4E90-9483-E2F7C8E6D436}.Release|Mixed Platforms.Build.0 = Release|Any CPU
		{AD4B53AD-B28A-4E90-9483-E2F7C8E6D436}.Release|x86.ActiveCfg = Release|Any CPU
		{AD4B53AD-B28A-4E90-9483-E2F7C8E6D436}.Seperia.Facebook.UpdateCampaignStatus|Any CPU.ActiveCfg = Release|Any CPU
		{AD4B53AD-B28A-4E90-9483-E2F7C8E6D436}.Seperia.Facebook.UpdateCampaignStatus|Any CPU.Build.0 = Release|Any CPU
		{AD4B53AD-B28A-4E90-9483-E2F7C8E6D436}.Seperia.Facebook.UpdateCampaignStatus|Mixed Platforms.ActiveCfg = Release|Any CPU
		{AD4B53AD-B28A-4E90-9483-E2F7C8E6D436}.Seperia.Facebook.UpdateCampaignStatus|Mixed Platforms.Build.0 = Release|Any CPU
		{AD4B53AD-B28A-4E90-9483-E2F7C8E6D436}.Seperia.Facebook.UpdateCampaignStatus|x86.ActiveCfg = Release|Any CPU
		{AD4B53AD-B28A-4E90-9483-E2F7C8E6D436}.Seperia|Any CPU.ActiveCfg = Release|Any CPU
		{AD4B53AD-B28A-4E90-9483-E2F7C8E6D436}.Seperia|Any CPU.Build.0 = Release|Any CPU
		{AD4B53AD-B28A-4E90-9483-E2F7C8E6D436}.Seperia|Mixed Platforms.ActiveCfg = Release|Any CPU
		{AD4B53AD-B28A-4E90-9483-E2F7C8E6D436}.Seperia|Mixed Platforms.Build.0 = Release|Any CPU
		{AD4B53AD-B28A-4E90-9483-E2F7C8E6D436}.Seperia|x86.ActiveCfg = Release|Any CPU
		{BC56CE2C-4C01-4DC8-8707-9393ED301A6B}.DebubNewScheduling|Any CPU.ActiveCfg = Debug|x86
		{BC56CE2C-4C01-4DC8-8707-9393ED301A6B}.DebubNewScheduling|Mixed Platforms.ActiveCfg = Debug|x86
		{BC56CE2C-4C01-4DC8-8707-9393ED301A6B}.DebubNewScheduling|Mixed Platforms.Build.0 = Debug|x86
		{BC56CE2C-4C01-4DC8-8707-9393ED301A6B}.DebubNewScheduling|x86.ActiveCfg = Debug|x86
		{BC56CE2C-4C01-4DC8-8707-9393ED301A6B}.DebubNewScheduling|x86.Build.0 = Debug|x86
		{BC56CE2C-4C01-4DC8-8707-9393ED301A6B}.Debug|Any CPU.ActiveCfg = Debug|x86
		{BC56CE2C-4C01-4DC8-8707-9393ED301A6B}.Debug|Mixed Platforms.ActiveCfg = Debug|x86
		{BC56CE2C-4C01-4DC8-8707-9393ED301A6B}.Debug|Mixed Platforms.Build.0 = Debug|x86
		{BC56CE2C-4C01-4DC8-8707-9393ED301A6B}.Debug|x86.ActiveCfg = Debug|x86
		{BC56CE2C-4C01-4DC8-8707-9393ED301A6B}.Debug|x86.Build.0 = Debug|x86
		{BC56CE2C-4C01-4DC8-8707-9393ED301A6B}.Edge|Any CPU.ActiveCfg = Release|x86
		{BC56CE2C-4C01-4DC8-8707-9393ED301A6B}.Edge|Mixed Platforms.ActiveCfg = Release|x86
		{BC56CE2C-4C01-4DC8-8707-9393ED301A6B}.Edge|Mixed Platforms.Build.0 = Release|x86
		{BC56CE2C-4C01-4DC8-8707-9393ED301A6B}.Edge|x86.ActiveCfg = Release|x86
		{BC56CE2C-4C01-4DC8-8707-9393ED301A6B}.Edge|x86.Build.0 = Release|x86
		{BC56CE2C-4C01-4DC8-8707-9393ED301A6B}.Release|Any CPU.ActiveCfg = Release|x86
		{BC56CE2C-4C01-4DC8-8707-9393ED301A6B}.Release|Mixed Platforms.ActiveCfg = Release|x86
		{BC56CE2C-4C01-4DC8-8707-9393ED301A6B}.Release|Mixed Platforms.Build.0 = Release|x86
		{BC56CE2C-4C01-4DC8-8707-9393ED301A6B}.Release|x86.ActiveCfg = Release|x86
		{BC56CE2C-4C01-4DC8-8707-9393ED301A6B}.Release|x86.Build.0 = Release|x86
		{BC56CE2C-4C01-4DC8-8707-9393ED301A6B}.Seperia.Facebook.UpdateCampaignStatus|Any CPU.ActiveCfg = Release|x86
		{BC56CE2C-4C01-4DC8-8707-9393ED301A6B}.Seperia.Facebook.UpdateCampaignStatus|Mixed Platforms.ActiveCfg = Release|x86
		{BC56CE2C-4C01-4DC8-8707-9393ED301A6B}.Seperia.Facebook.UpdateCampaignStatus|Mixed Platforms.Build.0 = Release|x86
		{BC56CE2C-4C01-4DC8-8707-9393ED301A6B}.Seperia.Facebook.UpdateCampaignStatus|x86.ActiveCfg = Release|x86
		{BC56CE2C-4C01-4DC8-8707-9393ED301A6B}.Seperia.Facebook.UpdateCampaignStatus|x86.Build.0 = Release|x86
		{BC56CE2C-4C01-4DC8-8707-9393ED301A6B}.Seperia|Any CPU.ActiveCfg = Release|x86
		{BC56CE2C-4C01-4DC8-8707-9393ED301A6B}.Seperia|Mixed Platforms.ActiveCfg = Release|x86
		{BC56CE2C-4C01-4DC8-8707-9393ED301A6B}.Seperia|Mixed Platforms.Build.0 = Release|x86
		{BC56CE2C-4C01-4DC8-8707-9393ED301A6B}.Seperia|x86.ActiveCfg = Release|x86
		{BC56CE2C-4C01-4DC8-8707-9393ED301A6B}.Seperia|x86.Build.0 = Release|x86
		{8AC78599-AD3B-46BE-86CC-F51A474AFA3C}.DebubNewScheduling|Any CPU.ActiveCfg = Debug|x86
		{8AC78599-AD3B-46BE-86CC-F51A474AFA3C}.DebubNewScheduling|Mixed Platforms.ActiveCfg = Debug|x86
		{8AC78599-AD3B-46BE-86CC-F51A474AFA3C}.DebubNewScheduling|x86.ActiveCfg = Debug|x86
		{8AC78599-AD3B-46BE-86CC-F51A474AFA3C}.DebubNewScheduling|x86.Build.0 = Debug|x86
		{8AC78599-AD3B-46BE-86CC-F51A474AFA3C}.Debug|Any CPU.ActiveCfg = Debug|x86
		{8AC78599-AD3B-46BE-86CC-F51A474AFA3C}.Debug|Mixed Platforms.ActiveCfg = Debug|x86
		{8AC78599-AD3B-46BE-86CC-F51A474AFA3C}.Debug|Mixed Platforms.Build.0 = Debug|x86
		{8AC78599-AD3B-46BE-86CC-F51A474AFA3C}.Debug|x86.ActiveCfg = Debug|x86
		{8AC78599-AD3B-46BE-86CC-F51A474AFA3C}.Debug|x86.Build.0 = Debug|x86
		{8AC78599-AD3B-46BE-86CC-F51A474AFA3C}.Edge|Any CPU.ActiveCfg = Release|x86
		{8AC78599-AD3B-46BE-86CC-F51A474AFA3C}.Edge|Mixed Platforms.ActiveCfg = Release|x86
		{8AC78599-AD3B-46BE-86CC-F51A474AFA3C}.Edge|Mixed Platforms.Build.0 = Release|x86
		{8AC78599-AD3B-46BE-86CC-F51A474AFA3C}.Edge|x86.ActiveCfg = Release|x86
		{8AC78599-AD3B-46BE-86CC-F51A474AFA3C}.Edge|x86.Build.0 = Release|x86
		{8AC78599-AD3B-46BE-86CC-F51A474AFA3C}.Release|Any CPU.ActiveCfg = Release|x86
		{8AC78599-AD3B-46BE-86CC-F51A474AFA3C}.Release|Mixed Platforms.ActiveCfg = Release|x86
		{8AC78599-AD3B-46BE-86CC-F51A474AFA3C}.Release|Mixed Platforms.Build.0 = Release|x86
		{8AC78599-AD3B-46BE-86CC-F51A474AFA3C}.Release|x86.ActiveCfg = Release|x86
		{8AC78599-AD3B-46BE-86CC-F51A474AFA3C}.Release|x86.Build.0 = Release|x86
		{8AC78599-AD3B-46BE-86CC-F51A474AFA3C}.Seperia.Facebook.UpdateCampaignStatus|Any CPU.ActiveCfg = Release|x86
		{8AC78599-AD3B-46BE-86CC-F51A474AFA3C}.Seperia.Facebook.UpdateCampaignStatus|Mixed Platforms.ActiveCfg = Release|x86
		{8AC78599-AD3B-46BE-86CC-F51A474AFA3C}.Seperia.Facebook.UpdateCampaignStatus|Mixed Platforms.Build.0 = Release|x86
		{8AC78599-AD3B-46BE-86CC-F51A474AFA3C}.Seperia.Facebook.UpdateCampaignStatus|x86.ActiveCfg = Release|x86
		{8AC78599-AD3B-46BE-86CC-F51A474AFA3C}.Seperia.Facebook.UpdateCampaignStatus|x86.Build.0 = Release|x86
		{8AC78599-AD3B-46BE-86CC-F51A474AFA3C}.Seperia|Any CPU.ActiveCfg = Release|x86
		{8AC78599-AD3B-46BE-86CC-F51A474AFA3C}.Seperia|Mixed Platforms.ActiveCfg = Release|x86
		{8AC78599-AD3B-46BE-86CC-F51A474AFA3C}.Seperia|Mixed Platforms.Build.0 = Release|x86
		{8AC78599-AD3B-46BE-86CC-F51A474AFA3C}.Seperia|x86.ActiveCfg = Release|x86
		{8AC78599-AD3B-46BE-86CC-F51A474AFA3C}.Seperia|x86.Build.0 = Release|x86
		{3A0C7489-49E0-4771-9841-67102819E088}.DebubNewScheduling|Any CPU.ActiveCfg = Debug|Any CPU
		{3A0C7489-49E0-4771-9841-67102819E088}.DebubNewScheduling|Any CPU.Build.0 = Debug|Any CPU
		{3A0C7489-49E0-4771-9841-67102819E088}.DebubNewScheduling|Any CPU.Deploy.0 = Debug|Any CPU
		{3A0C7489-49E0-4771-9841-67102819E088}.DebubNewScheduling|Mixed Platforms.ActiveCfg = Debug|Any CPU
		{3A0C7489-49E0-4771-9841-67102819E088}.DebubNewScheduling|x86.ActiveCfg = Debug|Any CPU
		{3A0C7489-49E0-4771-9841-67102819E088}.Debug|Any CPU.ActiveCfg = Debug|Any CPU
		{3A0C7489-49E0-4771-9841-67102819E088}.Debug|Any CPU.Build.0 = Debug|Any CPU
		{3A0C7489-49E0-4771-9841-67102819E088}.Debug|Any CPU.Deploy.0 = Debug|Any CPU
		{3A0C7489-49E0-4771-9841-67102819E088}.Debug|Mixed Platforms.ActiveCfg = Debug|Any CPU
		{3A0C7489-49E0-4771-9841-67102819E088}.Debug|Mixed Platforms.Build.0 = Debug|Any CPU
		{3A0C7489-49E0-4771-9841-67102819E088}.Debug|Mixed Platforms.Deploy.0 = Debug|Any CPU
		{3A0C7489-49E0-4771-9841-67102819E088}.Debug|x86.ActiveCfg = Debug|Any CPU
		{3A0C7489-49E0-4771-9841-67102819E088}.Edge|Any CPU.ActiveCfg = Debug|Any CPU
		{3A0C7489-49E0-4771-9841-67102819E088}.Edge|Any CPU.Build.0 = Debug|Any CPU
		{3A0C7489-49E0-4771-9841-67102819E088}.Edge|Any CPU.Deploy.0 = Debug|Any CPU
		{3A0C7489-49E0-4771-9841-67102819E088}.Edge|Mixed Platforms.ActiveCfg = Debug|Any CPU
		{3A0C7489-49E0-4771-9841-67102819E088}.Edge|Mixed Platforms.Build.0 = Debug|Any CPU
		{3A0C7489-49E0-4771-9841-67102819E088}.Edge|Mixed Platforms.Deploy.0 = Debug|Any CPU
		{3A0C7489-49E0-4771-9841-67102819E088}.Edge|x86.ActiveCfg = Debug|Any CPU
		{3A0C7489-49E0-4771-9841-67102819E088}.Release|Any CPU.ActiveCfg = Release|Any CPU
		{3A0C7489-49E0-4771-9841-67102819E088}.Release|Any CPU.Build.0 = Release|Any CPU
		{3A0C7489-49E0-4771-9841-67102819E088}.Release|Any CPU.Deploy.0 = Release|Any CPU
		{3A0C7489-49E0-4771-9841-67102819E088}.Release|Mixed Platforms.ActiveCfg = Release|Any CPU
		{3A0C7489-49E0-4771-9841-67102819E088}.Release|Mixed Platforms.Build.0 = Release|Any CPU
		{3A0C7489-49E0-4771-9841-67102819E088}.Release|Mixed Platforms.Deploy.0 = Release|Any CPU
		{3A0C7489-49E0-4771-9841-67102819E088}.Release|x86.ActiveCfg = Release|Any CPU
		{3A0C7489-49E0-4771-9841-67102819E088}.Seperia.Facebook.UpdateCampaignStatus|Any CPU.ActiveCfg = Debug|Any CPU
		{3A0C7489-49E0-4771-9841-67102819E088}.Seperia.Facebook.UpdateCampaignStatus|Any CPU.Build.0 = Debug|Any CPU
		{3A0C7489-49E0-4771-9841-67102819E088}.Seperia.Facebook.UpdateCampaignStatus|Any CPU.Deploy.0 = Debug|Any CPU
		{3A0C7489-49E0-4771-9841-67102819E088}.Seperia.Facebook.UpdateCampaignStatus|Mixed Platforms.ActiveCfg = Debug|Any CPU
		{3A0C7489-49E0-4771-9841-67102819E088}.Seperia.Facebook.UpdateCampaignStatus|Mixed Platforms.Build.0 = Debug|Any CPU
		{3A0C7489-49E0-4771-9841-67102819E088}.Seperia.Facebook.UpdateCampaignStatus|Mixed Platforms.Deploy.0 = Debug|Any CPU
		{3A0C7489-49E0-4771-9841-67102819E088}.Seperia.Facebook.UpdateCampaignStatus|x86.ActiveCfg = Debug|Any CPU
		{3A0C7489-49E0-4771-9841-67102819E088}.Seperia|Any CPU.ActiveCfg = Debug|Any CPU
		{3A0C7489-49E0-4771-9841-67102819E088}.Seperia|Any CPU.Build.0 = Debug|Any CPU
		{3A0C7489-49E0-4771-9841-67102819E088}.Seperia|Any CPU.Deploy.0 = Debug|Any CPU
		{3A0C7489-49E0-4771-9841-67102819E088}.Seperia|Mixed Platforms.ActiveCfg = Debug|Any CPU
		{3A0C7489-49E0-4771-9841-67102819E088}.Seperia|Mixed Platforms.Build.0 = Debug|Any CPU
		{3A0C7489-49E0-4771-9841-67102819E088}.Seperia|Mixed Platforms.Deploy.0 = Debug|Any CPU
		{3A0C7489-49E0-4771-9841-67102819E088}.Seperia|x86.ActiveCfg = Debug|Any CPU
		{D321273C-D951-4672-AD92-F4E74ED99299}.DebubNewScheduling|Any CPU.ActiveCfg = Debug|Any CPU
		{D321273C-D951-4672-AD92-F4E74ED99299}.DebubNewScheduling|Any CPU.Build.0 = Debug|Any CPU
		{D321273C-D951-4672-AD92-F4E74ED99299}.DebubNewScheduling|Any CPU.Deploy.0 = Debug|Any CPU
		{D321273C-D951-4672-AD92-F4E74ED99299}.DebubNewScheduling|Mixed Platforms.ActiveCfg = Debug|Any CPU
		{D321273C-D951-4672-AD92-F4E74ED99299}.DebubNewScheduling|x86.ActiveCfg = Debug|Any CPU
		{D321273C-D951-4672-AD92-F4E74ED99299}.Debug|Any CPU.ActiveCfg = Debug|Any CPU
		{D321273C-D951-4672-AD92-F4E74ED99299}.Debug|Any CPU.Build.0 = Debug|Any CPU
		{D321273C-D951-4672-AD92-F4E74ED99299}.Debug|Any CPU.Deploy.0 = Debug|Any CPU
		{D321273C-D951-4672-AD92-F4E74ED99299}.Debug|Mixed Platforms.ActiveCfg = Debug|Any CPU
		{D321273C-D951-4672-AD92-F4E74ED99299}.Debug|Mixed Platforms.Build.0 = Debug|Any CPU
		{D321273C-D951-4672-AD92-F4E74ED99299}.Debug|Mixed Platforms.Deploy.0 = Debug|Any CPU
		{D321273C-D951-4672-AD92-F4E74ED99299}.Debug|x86.ActiveCfg = Debug|Any CPU
		{D321273C-D951-4672-AD92-F4E74ED99299}.Edge|Any CPU.ActiveCfg = Debug|Any CPU
		{D321273C-D951-4672-AD92-F4E74ED99299}.Edge|Any CPU.Build.0 = Debug|Any CPU
		{D321273C-D951-4672-AD92-F4E74ED99299}.Edge|Any CPU.Deploy.0 = Debug|Any CPU
		{D321273C-D951-4672-AD92-F4E74ED99299}.Edge|Mixed Platforms.ActiveCfg = Debug|Any CPU
		{D321273C-D951-4672-AD92-F4E74ED99299}.Edge|Mixed Platforms.Build.0 = Debug|Any CPU
		{D321273C-D951-4672-AD92-F4E74ED99299}.Edge|Mixed Platforms.Deploy.0 = Debug|Any CPU
		{D321273C-D951-4672-AD92-F4E74ED99299}.Edge|x86.ActiveCfg = Debug|Any CPU
		{D321273C-D951-4672-AD92-F4E74ED99299}.Release|Any CPU.ActiveCfg = Release|Any CPU
		{D321273C-D951-4672-AD92-F4E74ED99299}.Release|Any CPU.Build.0 = Release|Any CPU
		{D321273C-D951-4672-AD92-F4E74ED99299}.Release|Any CPU.Deploy.0 = Release|Any CPU
		{D321273C-D951-4672-AD92-F4E74ED99299}.Release|Mixed Platforms.ActiveCfg = Release|Any CPU
		{D321273C-D951-4672-AD92-F4E74ED99299}.Release|Mixed Platforms.Build.0 = Release|Any CPU
		{D321273C-D951-4672-AD92-F4E74ED99299}.Release|Mixed Platforms.Deploy.0 = Release|Any CPU
		{D321273C-D951-4672-AD92-F4E74ED99299}.Release|x86.ActiveCfg = Release|Any CPU
		{D321273C-D951-4672-AD92-F4E74ED99299}.Seperia.Facebook.UpdateCampaignStatus|Any CPU.ActiveCfg = Debug|Any CPU
		{D321273C-D951-4672-AD92-F4E74ED99299}.Seperia.Facebook.UpdateCampaignStatus|Any CPU.Build.0 = Debug|Any CPU
		{D321273C-D951-4672-AD92-F4E74ED99299}.Seperia.Facebook.UpdateCampaignStatus|Any CPU.Deploy.0 = Debug|Any CPU
		{D321273C-D951-4672-AD92-F4E74ED99299}.Seperia.Facebook.UpdateCampaignStatus|Mixed Platforms.ActiveCfg = Debug|Any CPU
		{D321273C-D951-4672-AD92-F4E74ED99299}.Seperia.Facebook.UpdateCampaignStatus|Mixed Platforms.Build.0 = Debug|Any CPU
		{D321273C-D951-4672-AD92-F4E74ED99299}.Seperia.Facebook.UpdateCampaignStatus|Mixed Platforms.Deploy.0 = Debug|Any CPU
		{D321273C-D951-4672-AD92-F4E74ED99299}.Seperia.Facebook.UpdateCampaignStatus|x86.ActiveCfg = Debug|Any CPU
		{D321273C-D951-4672-AD92-F4E74ED99299}.Seperia|Any CPU.ActiveCfg = Debug|Any CPU
		{D321273C-D951-4672-AD92-F4E74ED99299}.Seperia|Any CPU.Build.0 = Debug|Any CPU
		{D321273C-D951-4672-AD92-F4E74ED99299}.Seperia|Any CPU.Deploy.0 = Debug|Any CPU
		{D321273C-D951-4672-AD92-F4E74ED99299}.Seperia|Mixed Platforms.ActiveCfg = Debug|Any CPU
		{D321273C-D951-4672-AD92-F4E74ED99299}.Seperia|Mixed Platforms.Build.0 = Debug|Any CPU
		{D321273C-D951-4672-AD92-F4E74ED99299}.Seperia|Mixed Platforms.Deploy.0 = Debug|Any CPU
		{D321273C-D951-4672-AD92-F4E74ED99299}.Seperia|x86.ActiveCfg = Debug|Any CPU
		{A4455588-E4E0-4682-9628-054BDAC5FB60}.DebubNewScheduling|Any CPU.ActiveCfg = Debug|Any CPU
		{A4455588-E4E0-4682-9628-054BDAC5FB60}.DebubNewScheduling|Any CPU.Build.0 = Debug|Any CPU
		{A4455588-E4E0-4682-9628-054BDAC5FB60}.DebubNewScheduling|Any CPU.Deploy.0 = Debug|Any CPU
		{A4455588-E4E0-4682-9628-054BDAC5FB60}.DebubNewScheduling|Mixed Platforms.ActiveCfg = Debug|Any CPU
		{A4455588-E4E0-4682-9628-054BDAC5FB60}.DebubNewScheduling|x86.ActiveCfg = Debug|Any CPU
		{A4455588-E4E0-4682-9628-054BDAC5FB60}.Debug|Any CPU.ActiveCfg = Debug|Any CPU
		{A4455588-E4E0-4682-9628-054BDAC5FB60}.Debug|Any CPU.Build.0 = Debug|Any CPU
		{A4455588-E4E0-4682-9628-054BDAC5FB60}.Debug|Any CPU.Deploy.0 = Debug|Any CPU
		{A4455588-E4E0-4682-9628-054BDAC5FB60}.Debug|Mixed Platforms.ActiveCfg = Debug|Any CPU
		{A4455588-E4E0-4682-9628-054BDAC5FB60}.Debug|Mixed Platforms.Build.0 = Debug|Any CPU
		{A4455588-E4E0-4682-9628-054BDAC5FB60}.Debug|Mixed Platforms.Deploy.0 = Debug|Any CPU
		{A4455588-E4E0-4682-9628-054BDAC5FB60}.Debug|x86.ActiveCfg = Debug|Any CPU
		{A4455588-E4E0-4682-9628-054BDAC5FB60}.Edge|Any CPU.ActiveCfg = Debug|Any CPU
		{A4455588-E4E0-4682-9628-054BDAC5FB60}.Edge|Any CPU.Build.0 = Debug|Any CPU
		{A4455588-E4E0-4682-9628-054BDAC5FB60}.Edge|Any CPU.Deploy.0 = Debug|Any CPU
		{A4455588-E4E0-4682-9628-054BDAC5FB60}.Edge|Mixed Platforms.ActiveCfg = Debug|Any CPU
		{A4455588-E4E0-4682-9628-054BDAC5FB60}.Edge|Mixed Platforms.Build.0 = Debug|Any CPU
		{A4455588-E4E0-4682-9628-054BDAC5FB60}.Edge|Mixed Platforms.Deploy.0 = Debug|Any CPU
		{A4455588-E4E0-4682-9628-054BDAC5FB60}.Edge|x86.ActiveCfg = Debug|Any CPU
		{A4455588-E4E0-4682-9628-054BDAC5FB60}.Release|Any CPU.ActiveCfg = Release|Any CPU
		{A4455588-E4E0-4682-9628-054BDAC5FB60}.Release|Any CPU.Build.0 = Release|Any CPU
		{A4455588-E4E0-4682-9628-054BDAC5FB60}.Release|Any CPU.Deploy.0 = Release|Any CPU
		{A4455588-E4E0-4682-9628-054BDAC5FB60}.Release|Mixed Platforms.ActiveCfg = Release|Any CPU
		{A4455588-E4E0-4682-9628-054BDAC5FB60}.Release|Mixed Platforms.Build.0 = Release|Any CPU
		{A4455588-E4E0-4682-9628-054BDAC5FB60}.Release|Mixed Platforms.Deploy.0 = Release|Any CPU
		{A4455588-E4E0-4682-9628-054BDAC5FB60}.Release|x86.ActiveCfg = Release|Any CPU
		{A4455588-E4E0-4682-9628-054BDAC5FB60}.Seperia.Facebook.UpdateCampaignStatus|Any CPU.ActiveCfg = Debug|Any CPU
		{A4455588-E4E0-4682-9628-054BDAC5FB60}.Seperia.Facebook.UpdateCampaignStatus|Any CPU.Build.0 = Debug|Any CPU
		{A4455588-E4E0-4682-9628-054BDAC5FB60}.Seperia.Facebook.UpdateCampaignStatus|Any CPU.Deploy.0 = Debug|Any CPU
		{A4455588-E4E0-4682-9628-054BDAC5FB60}.Seperia.Facebook.UpdateCampaignStatus|Mixed Platforms.ActiveCfg = Debug|Any CPU
		{A4455588-E4E0-4682-9628-054BDAC5FB60}.Seperia.Facebook.UpdateCampaignStatus|Mixed Platforms.Build.0 = Debug|Any CPU
		{A4455588-E4E0-4682-9628-054BDAC5FB60}.Seperia.Facebook.UpdateCampaignStatus|Mixed Platforms.Deploy.0 = Debug|Any CPU
		{A4455588-E4E0-4682-9628-054BDAC5FB60}.Seperia.Facebook.UpdateCampaignStatus|x86.ActiveCfg = Debug|Any CPU
		{A4455588-E4E0-4682-9628-054BDAC5FB60}.Seperia|Any CPU.ActiveCfg = Debug|Any CPU
		{A4455588-E4E0-4682-9628-054BDAC5FB60}.Seperia|Any CPU.Build.0 = Debug|Any CPU
		{A4455588-E4E0-4682-9628-054BDAC5FB60}.Seperia|Any CPU.Deploy.0 = Debug|Any CPU
		{A4455588-E4E0-4682-9628-054BDAC5FB60}.Seperia|Mixed Platforms.ActiveCfg = Debug|Any CPU
		{A4455588-E4E0-4682-9628-054BDAC5FB60}.Seperia|Mixed Platforms.Build.0 = Debug|Any CPU
		{A4455588-E4E0-4682-9628-054BDAC5FB60}.Seperia|Mixed Platforms.Deploy.0 = Debug|Any CPU
		{A4455588-E4E0-4682-9628-054BDAC5FB60}.Seperia|x86.ActiveCfg = Debug|Any CPU
		{4B8B36F4-A550-4B23-9C37-614B744A1A5B}.DebubNewScheduling|Any CPU.ActiveCfg = Debug|Any CPU
		{4B8B36F4-A550-4B23-9C37-614B744A1A5B}.DebubNewScheduling|Any CPU.Build.0 = Debug|Any CPU
		{4B8B36F4-A550-4B23-9C37-614B744A1A5B}.DebubNewScheduling|Any CPU.Deploy.0 = Debug|Any CPU
		{4B8B36F4-A550-4B23-9C37-614B744A1A5B}.DebubNewScheduling|Mixed Platforms.ActiveCfg = Debug|Any CPU
		{4B8B36F4-A550-4B23-9C37-614B744A1A5B}.DebubNewScheduling|x86.ActiveCfg = Debug|Any CPU
		{4B8B36F4-A550-4B23-9C37-614B744A1A5B}.Debug|Any CPU.ActiveCfg = Debug|Any CPU
		{4B8B36F4-A550-4B23-9C37-614B744A1A5B}.Debug|Any CPU.Build.0 = Debug|Any CPU
		{4B8B36F4-A550-4B23-9C37-614B744A1A5B}.Debug|Any CPU.Deploy.0 = Debug|Any CPU
		{4B8B36F4-A550-4B23-9C37-614B744A1A5B}.Debug|Mixed Platforms.ActiveCfg = Debug|Any CPU
		{4B8B36F4-A550-4B23-9C37-614B744A1A5B}.Debug|Mixed Platforms.Build.0 = Debug|Any CPU
		{4B8B36F4-A550-4B23-9C37-614B744A1A5B}.Debug|Mixed Platforms.Deploy.0 = Debug|Any CPU
		{4B8B36F4-A550-4B23-9C37-614B744A1A5B}.Debug|x86.ActiveCfg = Debug|Any CPU
		{4B8B36F4-A550-4B23-9C37-614B744A1A5B}.Edge|Any CPU.ActiveCfg = Debug|Any CPU
		{4B8B36F4-A550-4B23-9C37-614B744A1A5B}.Edge|Any CPU.Build.0 = Debug|Any CPU
		{4B8B36F4-A550-4B23-9C37-614B744A1A5B}.Edge|Any CPU.Deploy.0 = Debug|Any CPU
		{4B8B36F4-A550-4B23-9C37-614B744A1A5B}.Edge|Mixed Platforms.ActiveCfg = Debug|Any CPU
		{4B8B36F4-A550-4B23-9C37-614B744A1A5B}.Edge|Mixed Platforms.Build.0 = Debug|Any CPU
		{4B8B36F4-A550-4B23-9C37-614B744A1A5B}.Edge|Mixed Platforms.Deploy.0 = Debug|Any CPU
		{4B8B36F4-A550-4B23-9C37-614B744A1A5B}.Edge|x86.ActiveCfg = Debug|Any CPU
		{4B8B36F4-A550-4B23-9C37-614B744A1A5B}.Release|Any CPU.ActiveCfg = Release|Any CPU
		{4B8B36F4-A550-4B23-9C37-614B744A1A5B}.Release|Any CPU.Build.0 = Release|Any CPU
		{4B8B36F4-A550-4B23-9C37-614B744A1A5B}.Release|Any CPU.Deploy.0 = Release|Any CPU
		{4B8B36F4-A550-4B23-9C37-614B744A1A5B}.Release|Mixed Platforms.ActiveCfg = Release|Any CPU
		{4B8B36F4-A550-4B23-9C37-614B744A1A5B}.Release|Mixed Platforms.Build.0 = Release|Any CPU
		{4B8B36F4-A550-4B23-9C37-614B744A1A5B}.Release|Mixed Platforms.Deploy.0 = Release|Any CPU
		{4B8B36F4-A550-4B23-9C37-614B744A1A5B}.Release|x86.ActiveCfg = Release|Any CPU
		{4B8B36F4-A550-4B23-9C37-614B744A1A5B}.Seperia.Facebook.UpdateCampaignStatus|Any CPU.ActiveCfg = Debug|Any CPU
		{4B8B36F4-A550-4B23-9C37-614B744A1A5B}.Seperia.Facebook.UpdateCampaignStatus|Any CPU.Build.0 = Debug|Any CPU
		{4B8B36F4-A550-4B23-9C37-614B744A1A5B}.Seperia.Facebook.UpdateCampaignStatus|Any CPU.Deploy.0 = Debug|Any CPU
		{4B8B36F4-A550-4B23-9C37-614B744A1A5B}.Seperia.Facebook.UpdateCampaignStatus|Mixed Platforms.ActiveCfg = Debug|Any CPU
		{4B8B36F4-A550-4B23-9C37-614B744A1A5B}.Seperia.Facebook.UpdateCampaignStatus|Mixed Platforms.Build.0 = Debug|Any CPU
		{4B8B36F4-A550-4B23-9C37-614B744A1A5B}.Seperia.Facebook.UpdateCampaignStatus|Mixed Platforms.Deploy.0 = Debug|Any CPU
		{4B8B36F4-A550-4B23-9C37-614B744A1A5B}.Seperia.Facebook.UpdateCampaignStatus|x86.ActiveCfg = Debug|Any CPU
		{4B8B36F4-A550-4B23-9C37-614B744A1A5B}.Seperia|Any CPU.ActiveCfg = Debug|Any CPU
		{4B8B36F4-A550-4B23-9C37-614B744A1A5B}.Seperia|Any CPU.Build.0 = Debug|Any CPU
		{4B8B36F4-A550-4B23-9C37-614B744A1A5B}.Seperia|Any CPU.Deploy.0 = Debug|Any CPU
		{4B8B36F4-A550-4B23-9C37-614B744A1A5B}.Seperia|Mixed Platforms.ActiveCfg = Debug|Any CPU
		{4B8B36F4-A550-4B23-9C37-614B744A1A5B}.Seperia|Mixed Platforms.Build.0 = Debug|Any CPU
		{4B8B36F4-A550-4B23-9C37-614B744A1A5B}.Seperia|Mixed Platforms.Deploy.0 = Debug|Any CPU
		{4B8B36F4-A550-4B23-9C37-614B744A1A5B}.Seperia|x86.ActiveCfg = Debug|Any CPU
		{D95D904C-958A-41D9-B9E5-1A44FE8D300D}.DebubNewScheduling|Any CPU.ActiveCfg = Debug|Any CPU
		{D95D904C-958A-41D9-B9E5-1A44FE8D300D}.DebubNewScheduling|Any CPU.Build.0 = Debug|Any CPU
		{D95D904C-958A-41D9-B9E5-1A44FE8D300D}.DebubNewScheduling|Mixed Platforms.ActiveCfg = Debug|Any CPU
		{D95D904C-958A-41D9-B9E5-1A44FE8D300D}.DebubNewScheduling|Mixed Platforms.Build.0 = Debug|Any CPU
		{D95D904C-958A-41D9-B9E5-1A44FE8D300D}.DebubNewScheduling|x86.ActiveCfg = Debug|Any CPU
		{D95D904C-958A-41D9-B9E5-1A44FE8D300D}.Debug|Any CPU.ActiveCfg = Debug|Any CPU
		{D95D904C-958A-41D9-B9E5-1A44FE8D300D}.Debug|Any CPU.Build.0 = Debug|Any CPU
		{D95D904C-958A-41D9-B9E5-1A44FE8D300D}.Debug|Mixed Platforms.ActiveCfg = Debug|Any CPU
		{D95D904C-958A-41D9-B9E5-1A44FE8D300D}.Debug|Mixed Platforms.Build.0 = Debug|Any CPU
		{D95D904C-958A-41D9-B9E5-1A44FE8D300D}.Debug|x86.ActiveCfg = Debug|Any CPU
		{D95D904C-958A-41D9-B9E5-1A44FE8D300D}.Edge|Any CPU.ActiveCfg = Release|Any CPU
		{D95D904C-958A-41D9-B9E5-1A44FE8D300D}.Edge|Any CPU.Build.0 = Release|Any CPU
		{D95D904C-958A-41D9-B9E5-1A44FE8D300D}.Edge|Mixed Platforms.ActiveCfg = Release|Any CPU
		{D95D904C-958A-41D9-B9E5-1A44FE8D300D}.Edge|Mixed Platforms.Build.0 = Release|Any CPU
		{D95D904C-958A-41D9-B9E5-1A44FE8D300D}.Edge|x86.ActiveCfg = Release|Any CPU
		{D95D904C-958A-41D9-B9E5-1A44FE8D300D}.Release|Any CPU.ActiveCfg = Release|Any CPU
		{D95D904C-958A-41D9-B9E5-1A44FE8D300D}.Release|Any CPU.Build.0 = Release|Any CPU
		{D95D904C-958A-41D9-B9E5-1A44FE8D300D}.Release|Mixed Platforms.ActiveCfg = Release|Any CPU
		{D95D904C-958A-41D9-B9E5-1A44FE8D300D}.Release|Mixed Platforms.Build.0 = Release|Any CPU
		{D95D904C-958A-41D9-B9E5-1A44FE8D300D}.Release|x86.ActiveCfg = Release|Any CPU
		{D95D904C-958A-41D9-B9E5-1A44FE8D300D}.Seperia.Facebook.UpdateCampaignStatus|Any CPU.ActiveCfg = Release|Any CPU
		{D95D904C-958A-41D9-B9E5-1A44FE8D300D}.Seperia.Facebook.UpdateCampaignStatus|Any CPU.Build.0 = Release|Any CPU
		{D95D904C-958A-41D9-B9E5-1A44FE8D300D}.Seperia.Facebook.UpdateCampaignStatus|Mixed Platforms.ActiveCfg = Release|Any CPU
		{D95D904C-958A-41D9-B9E5-1A44FE8D300D}.Seperia.Facebook.UpdateCampaignStatus|Mixed Platforms.Build.0 = Release|Any CPU
		{D95D904C-958A-41D9-B9E5-1A44FE8D300D}.Seperia.Facebook.UpdateCampaignStatus|x86.ActiveCfg = Release|Any CPU
		{D95D904C-958A-41D9-B9E5-1A44FE8D300D}.Seperia|Any CPU.ActiveCfg = Release|Any CPU
		{D95D904C-958A-41D9-B9E5-1A44FE8D300D}.Seperia|Any CPU.Build.0 = Release|Any CPU
		{D95D904C-958A-41D9-B9E5-1A44FE8D300D}.Seperia|Mixed Platforms.ActiveCfg = Release|Any CPU
		{D95D904C-958A-41D9-B9E5-1A44FE8D300D}.Seperia|Mixed Platforms.Build.0 = Release|Any CPU
		{D95D904C-958A-41D9-B9E5-1A44FE8D300D}.Seperia|x86.ActiveCfg = Release|Any CPU
		{6BDE278A-3725-4BBB-8484-D87E7C567213}.DebubNewScheduling|Any CPU.ActiveCfg = Debug|Any CPU
		{6BDE278A-3725-4BBB-8484-D87E7C567213}.DebubNewScheduling|Any CPU.Build.0 = Debug|Any CPU
		{6BDE278A-3725-4BBB-8484-D87E7C567213}.DebubNewScheduling|Mixed Platforms.ActiveCfg = Debug|Any CPU
		{6BDE278A-3725-4BBB-8484-D87E7C567213}.DebubNewScheduling|Mixed Platforms.Build.0 = Debug|Any CPU
		{6BDE278A-3725-4BBB-8484-D87E7C567213}.DebubNewScheduling|x86.ActiveCfg = Debug|Any CPU
		{6BDE278A-3725-4BBB-8484-D87E7C567213}.Debug|Any CPU.ActiveCfg = Debug|Any CPU
		{6BDE278A-3725-4BBB-8484-D87E7C567213}.Debug|Any CPU.Build.0 = Debug|Any CPU
		{6BDE278A-3725-4BBB-8484-D87E7C567213}.Debug|Mixed Platforms.ActiveCfg = Debug|Any CPU
		{6BDE278A-3725-4BBB-8484-D87E7C567213}.Debug|Mixed Platforms.Build.0 = Debug|Any CPU
		{6BDE278A-3725-4BBB-8484-D87E7C567213}.Debug|x86.ActiveCfg = Debug|Any CPU
		{6BDE278A-3725-4BBB-8484-D87E7C567213}.Edge|Any CPU.ActiveCfg = Release|Any CPU
		{6BDE278A-3725-4BBB-8484-D87E7C567213}.Edge|Any CPU.Build.0 = Release|Any CPU
		{6BDE278A-3725-4BBB-8484-D87E7C567213}.Edge|Mixed Platforms.ActiveCfg = Release|Any CPU
		{6BDE278A-3725-4BBB-8484-D87E7C567213}.Edge|Mixed Platforms.Build.0 = Release|Any CPU
		{6BDE278A-3725-4BBB-8484-D87E7C567213}.Edge|x86.ActiveCfg = Release|Any CPU
		{6BDE278A-3725-4BBB-8484-D87E7C567213}.Release|Any CPU.ActiveCfg = Release|Any CPU
		{6BDE278A-3725-4BBB-8484-D87E7C567213}.Release|Any CPU.Build.0 = Release|Any CPU
		{6BDE278A-3725-4BBB-8484-D87E7C567213}.Release|Mixed Platforms.ActiveCfg = Release|Any CPU
		{6BDE278A-3725-4BBB-8484-D87E7C567213}.Release|Mixed Platforms.Build.0 = Release|Any CPU
		{6BDE278A-3725-4BBB-8484-D87E7C567213}.Release|x86.ActiveCfg = Release|Any CPU
		{6BDE278A-3725-4BBB-8484-D87E7C567213}.Seperia.Facebook.UpdateCampaignStatus|Any CPU.ActiveCfg = Release|Any CPU
		{6BDE278A-3725-4BBB-8484-D87E7C567213}.Seperia.Facebook.UpdateCampaignStatus|Any CPU.Build.0 = Release|Any CPU
		{6BDE278A-3725-4BBB-8484-D87E7C567213}.Seperia.Facebook.UpdateCampaignStatus|Mixed Platforms.ActiveCfg = Release|Any CPU
		{6BDE278A-3725-4BBB-8484-D87E7C567213}.Seperia.Facebook.UpdateCampaignStatus|Mixed Platforms.Build.0 = Release|Any CPU
		{6BDE278A-3725-4BBB-8484-D87E7C567213}.Seperia.Facebook.UpdateCampaignStatus|x86.ActiveCfg = Release|Any CPU
		{6BDE278A-3725-4BBB-8484-D87E7C567213}.Seperia|Any CPU.ActiveCfg = Release|Any CPU
		{6BDE278A-3725-4BBB-8484-D87E7C567213}.Seperia|Any CPU.Build.0 = Release|Any CPU
		{6BDE278A-3725-4BBB-8484-D87E7C567213}.Seperia|Mixed Platforms.ActiveCfg = Release|Any CPU
		{6BDE278A-3725-4BBB-8484-D87E7C567213}.Seperia|Mixed Platforms.Build.0 = Release|Any CPU
		{6BDE278A-3725-4BBB-8484-D87E7C567213}.Seperia|x86.ActiveCfg = Release|Any CPU
		{3A7DC204-5332-48C4-8866-C5080065FEF0}.DebubNewScheduling|Any CPU.ActiveCfg = Debug|Any CPU
		{3A7DC204-5332-48C4-8866-C5080065FEF0}.DebubNewScheduling|Any CPU.Build.0 = Debug|Any CPU
		{3A7DC204-5332-48C4-8866-C5080065FEF0}.DebubNewScheduling|Mixed Platforms.ActiveCfg = Debug|Any CPU
		{3A7DC204-5332-48C4-8866-C5080065FEF0}.DebubNewScheduling|Mixed Platforms.Build.0 = Debug|Any CPU
		{3A7DC204-5332-48C4-8866-C5080065FEF0}.DebubNewScheduling|x86.ActiveCfg = Debug|Any CPU
		{3A7DC204-5332-48C4-8866-C5080065FEF0}.Debug|Any CPU.ActiveCfg = Debug|Any CPU
		{3A7DC204-5332-48C4-8866-C5080065FEF0}.Debug|Any CPU.Build.0 = Debug|Any CPU
		{3A7DC204-5332-48C4-8866-C5080065FEF0}.Debug|Mixed Platforms.ActiveCfg = Debug|Any CPU
		{3A7DC204-5332-48C4-8866-C5080065FEF0}.Debug|Mixed Platforms.Build.0 = Debug|Any CPU
		{3A7DC204-5332-48C4-8866-C5080065FEF0}.Debug|x86.ActiveCfg = Debug|Any CPU
		{3A7DC204-5332-48C4-8866-C5080065FEF0}.Edge|Any CPU.ActiveCfg = Release|Any CPU
		{3A7DC204-5332-48C4-8866-C5080065FEF0}.Edge|Any CPU.Build.0 = Release|Any CPU
		{3A7DC204-5332-48C4-8866-C5080065FEF0}.Edge|Mixed Platforms.ActiveCfg = Release|Any CPU
		{3A7DC204-5332-48C4-8866-C5080065FEF0}.Edge|Mixed Platforms.Build.0 = Release|Any CPU
		{3A7DC204-5332-48C4-8866-C5080065FEF0}.Edge|x86.ActiveCfg = Release|Any CPU
		{3A7DC204-5332-48C4-8866-C5080065FEF0}.Release|Any CPU.ActiveCfg = Release|Any CPU
		{3A7DC204-5332-48C4-8866-C5080065FEF0}.Release|Any CPU.Build.0 = Release|Any CPU
		{3A7DC204-5332-48C4-8866-C5080065FEF0}.Release|Mixed Platforms.ActiveCfg = Release|Any CPU
		{3A7DC204-5332-48C4-8866-C5080065FEF0}.Release|Mixed Platforms.Build.0 = Release|Any CPU
		{3A7DC204-5332-48C4-8866-C5080065FEF0}.Release|x86.ActiveCfg = Release|Any CPU
		{3A7DC204-5332-48C4-8866-C5080065FEF0}.Seperia.Facebook.UpdateCampaignStatus|Any CPU.ActiveCfg = Release|Any CPU
		{3A7DC204-5332-48C4-8866-C5080065FEF0}.Seperia.Facebook.UpdateCampaignStatus|Any CPU.Build.0 = Release|Any CPU
		{3A7DC204-5332-48C4-8866-C5080065FEF0}.Seperia.Facebook.UpdateCampaignStatus|Mixed Platforms.ActiveCfg = Release|Any CPU
		{3A7DC204-5332-48C4-8866-C5080065FEF0}.Seperia.Facebook.UpdateCampaignStatus|Mixed Platforms.Build.0 = Release|Any CPU
		{3A7DC204-5332-48C4-8866-C5080065FEF0}.Seperia.Facebook.UpdateCampaignStatus|x86.ActiveCfg = Release|Any CPU
		{3A7DC204-5332-48C4-8866-C5080065FEF0}.Seperia|Any CPU.ActiveCfg = Release|Any CPU
		{3A7DC204-5332-48C4-8866-C5080065FEF0}.Seperia|Any CPU.Build.0 = Release|Any CPU
		{3A7DC204-5332-48C4-8866-C5080065FEF0}.Seperia|Mixed Platforms.ActiveCfg = Release|Any CPU
		{3A7DC204-5332-48C4-8866-C5080065FEF0}.Seperia|Mixed Platforms.Build.0 = Release|Any CPU
		{3A7DC204-5332-48C4-8866-C5080065FEF0}.Seperia|x86.ActiveCfg = Release|Any CPU
		{5743C6E2-53DC-4A40-A03C-86759C27D180}.DebubNewScheduling|Any CPU.ActiveCfg = Debug|Any CPU
		{5743C6E2-53DC-4A40-A03C-86759C27D180}.DebubNewScheduling|Any CPU.Build.0 = Debug|Any CPU
		{5743C6E2-53DC-4A40-A03C-86759C27D180}.DebubNewScheduling|Mixed Platforms.ActiveCfg = Debug|Any CPU
		{5743C6E2-53DC-4A40-A03C-86759C27D180}.DebubNewScheduling|Mixed Platforms.Build.0 = Debug|Any CPU
		{5743C6E2-53DC-4A40-A03C-86759C27D180}.DebubNewScheduling|x86.ActiveCfg = Debug|Any CPU
		{5743C6E2-53DC-4A40-A03C-86759C27D180}.Debug|Any CPU.ActiveCfg = Debug|Any CPU
		{5743C6E2-53DC-4A40-A03C-86759C27D180}.Debug|Any CPU.Build.0 = Debug|Any CPU
		{5743C6E2-53DC-4A40-A03C-86759C27D180}.Debug|Mixed Platforms.ActiveCfg = Debug|Any CPU
		{5743C6E2-53DC-4A40-A03C-86759C27D180}.Debug|Mixed Platforms.Build.0 = Debug|Any CPU
		{5743C6E2-53DC-4A40-A03C-86759C27D180}.Debug|x86.ActiveCfg = Debug|Any CPU
		{5743C6E2-53DC-4A40-A03C-86759C27D180}.Edge|Any CPU.ActiveCfg = Release|Any CPU
		{5743C6E2-53DC-4A40-A03C-86759C27D180}.Edge|Any CPU.Build.0 = Release|Any CPU
		{5743C6E2-53DC-4A40-A03C-86759C27D180}.Edge|Mixed Platforms.ActiveCfg = Release|Any CPU
		{5743C6E2-53DC-4A40-A03C-86759C27D180}.Edge|Mixed Platforms.Build.0 = Release|Any CPU
		{5743C6E2-53DC-4A40-A03C-86759C27D180}.Edge|x86.ActiveCfg = Release|Any CPU
		{5743C6E2-53DC-4A40-A03C-86759C27D180}.Release|Any CPU.ActiveCfg = Release|Any CPU
		{5743C6E2-53DC-4A40-A03C-86759C27D180}.Release|Any CPU.Build.0 = Release|Any CPU
		{5743C6E2-53DC-4A40-A03C-86759C27D180}.Release|Mixed Platforms.ActiveCfg = Release|Any CPU
		{5743C6E2-53DC-4A40-A03C-86759C27D180}.Release|Mixed Platforms.Build.0 = Release|Any CPU
		{5743C6E2-53DC-4A40-A03C-86759C27D180}.Release|x86.ActiveCfg = Release|Any CPU
		{5743C6E2-53DC-4A40-A03C-86759C27D180}.Seperia.Facebook.UpdateCampaignStatus|Any CPU.ActiveCfg = Release|Any CPU
		{5743C6E2-53DC-4A40-A03C-86759C27D180}.Seperia.Facebook.UpdateCampaignStatus|Any CPU.Build.0 = Release|Any CPU
		{5743C6E2-53DC-4A40-A03C-86759C27D180}.Seperia.Facebook.UpdateCampaignStatus|Mixed Platforms.ActiveCfg = Release|Any CPU
		{5743C6E2-53DC-4A40-A03C-86759C27D180}.Seperia.Facebook.UpdateCampaignStatus|Mixed Platforms.Build.0 = Release|Any CPU
		{5743C6E2-53DC-4A40-A03C-86759C27D180}.Seperia.Facebook.UpdateCampaignStatus|x86.ActiveCfg = Release|Any CPU
		{5743C6E2-53DC-4A40-A03C-86759C27D180}.Seperia|Any CPU.ActiveCfg = Release|Any CPU
		{5743C6E2-53DC-4A40-A03C-86759C27D180}.Seperia|Any CPU.Build.0 = Release|Any CPU
		{5743C6E2-53DC-4A40-A03C-86759C27D180}.Seperia|Mixed Platforms.ActiveCfg = Release|Any CPU
		{5743C6E2-53DC-4A40-A03C-86759C27D180}.Seperia|Mixed Platforms.Build.0 = Release|Any CPU
		{5743C6E2-53DC-4A40-A03C-86759C27D180}.Seperia|x86.ActiveCfg = Release|Any CPU
		{66C46DDE-68B3-4D4F-BAB0-B2B35FB6CB3E}.DebubNewScheduling|Any CPU.ActiveCfg = Debug|Any CPU
		{66C46DDE-68B3-4D4F-BAB0-B2B35FB6CB3E}.DebubNewScheduling|Any CPU.Build.0 = Debug|Any CPU
		{66C46DDE-68B3-4D4F-BAB0-B2B35FB6CB3E}.DebubNewScheduling|Mixed Platforms.ActiveCfg = Debug|Any CPU
		{66C46DDE-68B3-4D4F-BAB0-B2B35FB6CB3E}.DebubNewScheduling|Mixed Platforms.Build.0 = Debug|Any CPU
		{66C46DDE-68B3-4D4F-BAB0-B2B35FB6CB3E}.DebubNewScheduling|x86.ActiveCfg = Debug|Any CPU
		{66C46DDE-68B3-4D4F-BAB0-B2B35FB6CB3E}.Debug|Any CPU.ActiveCfg = Debug|Any CPU
		{66C46DDE-68B3-4D4F-BAB0-B2B35FB6CB3E}.Debug|Any CPU.Build.0 = Debug|Any CPU
		{66C46DDE-68B3-4D4F-BAB0-B2B35FB6CB3E}.Debug|Mixed Platforms.ActiveCfg = Debug|Any CPU
		{66C46DDE-68B3-4D4F-BAB0-B2B35FB6CB3E}.Debug|Mixed Platforms.Build.0 = Debug|Any CPU
		{66C46DDE-68B3-4D4F-BAB0-B2B35FB6CB3E}.Debug|x86.ActiveCfg = Debug|Any CPU
		{66C46DDE-68B3-4D4F-BAB0-B2B35FB6CB3E}.Edge|Any CPU.ActiveCfg = Release|Any CPU
		{66C46DDE-68B3-4D4F-BAB0-B2B35FB6CB3E}.Edge|Any CPU.Build.0 = Release|Any CPU
		{66C46DDE-68B3-4D4F-BAB0-B2B35FB6CB3E}.Edge|Mixed Platforms.ActiveCfg = Release|Any CPU
		{66C46DDE-68B3-4D4F-BAB0-B2B35FB6CB3E}.Edge|Mixed Platforms.Build.0 = Release|Any CPU
		{66C46DDE-68B3-4D4F-BAB0-B2B35FB6CB3E}.Edge|x86.ActiveCfg = Release|Any CPU
		{66C46DDE-68B3-4D4F-BAB0-B2B35FB6CB3E}.Release|Any CPU.ActiveCfg = Release|Any CPU
		{66C46DDE-68B3-4D4F-BAB0-B2B35FB6CB3E}.Release|Any CPU.Build.0 = Release|Any CPU
		{66C46DDE-68B3-4D4F-BAB0-B2B35FB6CB3E}.Release|Mixed Platforms.ActiveCfg = Release|Any CPU
		{66C46DDE-68B3-4D4F-BAB0-B2B35FB6CB3E}.Release|Mixed Platforms.Build.0 = Release|Any CPU
		{66C46DDE-68B3-4D4F-BAB0-B2B35FB6CB3E}.Release|x86.ActiveCfg = Release|Any CPU
		{66C46DDE-68B3-4D4F-BAB0-B2B35FB6CB3E}.Seperia.Facebook.UpdateCampaignStatus|Any CPU.ActiveCfg = Release|Any CPU
		{66C46DDE-68B3-4D4F-BAB0-B2B35FB6CB3E}.Seperia.Facebook.UpdateCampaignStatus|Any CPU.Build.0 = Release|Any CPU
		{66C46DDE-68B3-4D4F-BAB0-B2B35FB6CB3E}.Seperia.Facebook.UpdateCampaignStatus|Mixed Platforms.ActiveCfg = Release|Any CPU
		{66C46DDE-68B3-4D4F-BAB0-B2B35FB6CB3E}.Seperia.Facebook.UpdateCampaignStatus|Mixed Platforms.Build.0 = Release|Any CPU
		{66C46DDE-68B3-4D4F-BAB0-B2B35FB6CB3E}.Seperia.Facebook.UpdateCampaignStatus|x86.ActiveCfg = Release|Any CPU
		{66C46DDE-68B3-4D4F-BAB0-B2B35FB6CB3E}.Seperia|Any CPU.ActiveCfg = Release|Any CPU
		{66C46DDE-68B3-4D4F-BAB0-B2B35FB6CB3E}.Seperia|Any CPU.Build.0 = Release|Any CPU
		{66C46DDE-68B3-4D4F-BAB0-B2B35FB6CB3E}.Seperia|Mixed Platforms.ActiveCfg = Release|Any CPU
		{66C46DDE-68B3-4D4F-BAB0-B2B35FB6CB3E}.Seperia|Mixed Platforms.Build.0 = Release|Any CPU
		{66C46DDE-68B3-4D4F-BAB0-B2B35FB6CB3E}.Seperia|x86.ActiveCfg = Release|Any CPU
		{452F5585-4DE6-431B-B691-2CE4EC06E49A}.DebubNewScheduling|Any CPU.ActiveCfg = Debug|Any CPU
		{452F5585-4DE6-431B-B691-2CE4EC06E49A}.DebubNewScheduling|Any CPU.Build.0 = Debug|Any CPU
		{452F5585-4DE6-431B-B691-2CE4EC06E49A}.DebubNewScheduling|Mixed Platforms.ActiveCfg = Debug|Any CPU
		{452F5585-4DE6-431B-B691-2CE4EC06E49A}.DebubNewScheduling|Mixed Platforms.Build.0 = Debug|Any CPU
		{452F5585-4DE6-431B-B691-2CE4EC06E49A}.DebubNewScheduling|x86.ActiveCfg = Debug|Any CPU
		{452F5585-4DE6-431B-B691-2CE4EC06E49A}.Debug|Any CPU.ActiveCfg = Debug|Any CPU
		{452F5585-4DE6-431B-B691-2CE4EC06E49A}.Debug|Any CPU.Build.0 = Debug|Any CPU
		{452F5585-4DE6-431B-B691-2CE4EC06E49A}.Debug|Mixed Platforms.ActiveCfg = Debug|Any CPU
		{452F5585-4DE6-431B-B691-2CE4EC06E49A}.Debug|Mixed Platforms.Build.0 = Debug|Any CPU
		{452F5585-4DE6-431B-B691-2CE4EC06E49A}.Debug|x86.ActiveCfg = Debug|Any CPU
		{452F5585-4DE6-431B-B691-2CE4EC06E49A}.Edge|Any CPU.ActiveCfg = Release|Any CPU
		{452F5585-4DE6-431B-B691-2CE4EC06E49A}.Edge|Any CPU.Build.0 = Release|Any CPU
		{452F5585-4DE6-431B-B691-2CE4EC06E49A}.Edge|Mixed Platforms.ActiveCfg = Release|Any CPU
		{452F5585-4DE6-431B-B691-2CE4EC06E49A}.Edge|Mixed Platforms.Build.0 = Release|Any CPU
		{452F5585-4DE6-431B-B691-2CE4EC06E49A}.Edge|x86.ActiveCfg = Release|Any CPU
		{452F5585-4DE6-431B-B691-2CE4EC06E49A}.Release|Any CPU.ActiveCfg = Release|Any CPU
		{452F5585-4DE6-431B-B691-2CE4EC06E49A}.Release|Any CPU.Build.0 = Release|Any CPU
		{452F5585-4DE6-431B-B691-2CE4EC06E49A}.Release|Mixed Platforms.ActiveCfg = Release|Any CPU
		{452F5585-4DE6-431B-B691-2CE4EC06E49A}.Release|Mixed Platforms.Build.0 = Release|Any CPU
		{452F5585-4DE6-431B-B691-2CE4EC06E49A}.Release|x86.ActiveCfg = Release|Any CPU
		{452F5585-4DE6-431B-B691-2CE4EC06E49A}.Seperia.Facebook.UpdateCampaignStatus|Any CPU.ActiveCfg = Release|Any CPU
		{452F5585-4DE6-431B-B691-2CE4EC06E49A}.Seperia.Facebook.UpdateCampaignStatus|Any CPU.Build.0 = Release|Any CPU
		{452F5585-4DE6-431B-B691-2CE4EC06E49A}.Seperia.Facebook.UpdateCampaignStatus|Mixed Platforms.ActiveCfg = Release|Any CPU
		{452F5585-4DE6-431B-B691-2CE4EC06E49A}.Seperia.Facebook.UpdateCampaignStatus|Mixed Platforms.Build.0 = Release|Any CPU
		{452F5585-4DE6-431B-B691-2CE4EC06E49A}.Seperia.Facebook.UpdateCampaignStatus|x86.ActiveCfg = Release|Any CPU
		{452F5585-4DE6-431B-B691-2CE4EC06E49A}.Seperia|Any CPU.ActiveCfg = Release|Any CPU
		{452F5585-4DE6-431B-B691-2CE4EC06E49A}.Seperia|Any CPU.Build.0 = Release|Any CPU
		{452F5585-4DE6-431B-B691-2CE4EC06E49A}.Seperia|Mixed Platforms.ActiveCfg = Release|Any CPU
		{452F5585-4DE6-431B-B691-2CE4EC06E49A}.Seperia|Mixed Platforms.Build.0 = Release|Any CPU
		{452F5585-4DE6-431B-B691-2CE4EC06E49A}.Seperia|x86.ActiveCfg = Release|Any CPU
		{ADC1E54C-4487-40B2-A2AA-ECE3853CED89}.DebubNewScheduling|Any CPU.ActiveCfg = Debug|Any CPU
		{ADC1E54C-4487-40B2-A2AA-ECE3853CED89}.DebubNewScheduling|Any CPU.Build.0 = Debug|Any CPU
		{ADC1E54C-4487-40B2-A2AA-ECE3853CED89}.DebubNewScheduling|Mixed Platforms.ActiveCfg = Debug|Any CPU
		{ADC1E54C-4487-40B2-A2AA-ECE3853CED89}.DebubNewScheduling|Mixed Platforms.Build.0 = Debug|Any CPU
		{ADC1E54C-4487-40B2-A2AA-ECE3853CED89}.DebubNewScheduling|x86.ActiveCfg = Debug|Any CPU
		{ADC1E54C-4487-40B2-A2AA-ECE3853CED89}.Debug|Any CPU.ActiveCfg = Debug|Any CPU
		{ADC1E54C-4487-40B2-A2AA-ECE3853CED89}.Debug|Any CPU.Build.0 = Debug|Any CPU
		{ADC1E54C-4487-40B2-A2AA-ECE3853CED89}.Debug|Mixed Platforms.ActiveCfg = Debug|Any CPU
		{ADC1E54C-4487-40B2-A2AA-ECE3853CED89}.Debug|Mixed Platforms.Build.0 = Debug|Any CPU
		{ADC1E54C-4487-40B2-A2AA-ECE3853CED89}.Debug|x86.ActiveCfg = Debug|Any CPU
		{ADC1E54C-4487-40B2-A2AA-ECE3853CED89}.Edge|Any CPU.ActiveCfg = Release|Any CPU
		{ADC1E54C-4487-40B2-A2AA-ECE3853CED89}.Edge|Any CPU.Build.0 = Release|Any CPU
		{ADC1E54C-4487-40B2-A2AA-ECE3853CED89}.Edge|Mixed Platforms.ActiveCfg = Release|Any CPU
		{ADC1E54C-4487-40B2-A2AA-ECE3853CED89}.Edge|Mixed Platforms.Build.0 = Release|Any CPU
		{ADC1E54C-4487-40B2-A2AA-ECE3853CED89}.Edge|x86.ActiveCfg = Release|Any CPU
		{ADC1E54C-4487-40B2-A2AA-ECE3853CED89}.Release|Any CPU.ActiveCfg = Release|Any CPU
		{ADC1E54C-4487-40B2-A2AA-ECE3853CED89}.Release|Any CPU.Build.0 = Release|Any CPU
		{ADC1E54C-4487-40B2-A2AA-ECE3853CED89}.Release|Mixed Platforms.ActiveCfg = Release|Any CPU
		{ADC1E54C-4487-40B2-A2AA-ECE3853CED89}.Release|Mixed Platforms.Build.0 = Release|Any CPU
		{ADC1E54C-4487-40B2-A2AA-ECE3853CED89}.Release|x86.ActiveCfg = Release|Any CPU
		{ADC1E54C-4487-40B2-A2AA-ECE3853CED89}.Seperia.Facebook.UpdateCampaignStatus|Any CPU.ActiveCfg = Release|Any CPU
		{ADC1E54C-4487-40B2-A2AA-ECE3853CED89}.Seperia.Facebook.UpdateCampaignStatus|Any CPU.Build.0 = Release|Any CPU
		{ADC1E54C-4487-40B2-A2AA-ECE3853CED89}.Seperia.Facebook.UpdateCampaignStatus|Mixed Platforms.ActiveCfg = Release|Any CPU
		{ADC1E54C-4487-40B2-A2AA-ECE3853CED89}.Seperia.Facebook.UpdateCampaignStatus|Mixed Platforms.Build.0 = Release|Any CPU
		{ADC1E54C-4487-40B2-A2AA-ECE3853CED89}.Seperia.Facebook.UpdateCampaignStatus|x86.ActiveCfg = Release|Any CPU
		{ADC1E54C-4487-40B2-A2AA-ECE3853CED89}.Seperia|Any CPU.ActiveCfg = Release|Any CPU
		{ADC1E54C-4487-40B2-A2AA-ECE3853CED89}.Seperia|Any CPU.Build.0 = Release|Any CPU
		{ADC1E54C-4487-40B2-A2AA-ECE3853CED89}.Seperia|Mixed Platforms.ActiveCfg = Release|Any CPU
		{ADC1E54C-4487-40B2-A2AA-ECE3853CED89}.Seperia|Mixed Platforms.Build.0 = Release|Any CPU
		{ADC1E54C-4487-40B2-A2AA-ECE3853CED89}.Seperia|x86.ActiveCfg = Release|Any CPU
		{0CA66633-F417-4724-9FC5-5F8C6E1D72B5}.DebubNewScheduling|Any CPU.ActiveCfg = DebubNewScheduling|Any CPU
		{0CA66633-F417-4724-9FC5-5F8C6E1D72B5}.DebubNewScheduling|Any CPU.Build.0 = DebubNewScheduling|Any CPU
		{0CA66633-F417-4724-9FC5-5F8C6E1D72B5}.DebubNewScheduling|Mixed Platforms.ActiveCfg = DebubNewScheduling|Any CPU
		{0CA66633-F417-4724-9FC5-5F8C6E1D72B5}.DebubNewScheduling|Mixed Platforms.Build.0 = DebubNewScheduling|Any CPU
		{0CA66633-F417-4724-9FC5-5F8C6E1D72B5}.DebubNewScheduling|x86.ActiveCfg = DebubNewScheduling|Any CPU
		{0CA66633-F417-4724-9FC5-5F8C6E1D72B5}.Debug|Any CPU.ActiveCfg = Debug|Any CPU
		{0CA66633-F417-4724-9FC5-5F8C6E1D72B5}.Debug|Any CPU.Build.0 = Debug|Any CPU
		{0CA66633-F417-4724-9FC5-5F8C6E1D72B5}.Debug|Mixed Platforms.ActiveCfg = Debug|Any CPU
		{0CA66633-F417-4724-9FC5-5F8C6E1D72B5}.Debug|Mixed Platforms.Build.0 = Debug|Any CPU
		{0CA66633-F417-4724-9FC5-5F8C6E1D72B5}.Debug|x86.ActiveCfg = Debug|Any CPU
		{0CA66633-F417-4724-9FC5-5F8C6E1D72B5}.Edge|Any CPU.ActiveCfg = DebubNewScheduling|Any CPU
		{0CA66633-F417-4724-9FC5-5F8C6E1D72B5}.Edge|Any CPU.Build.0 = DebubNewScheduling|Any CPU
		{0CA66633-F417-4724-9FC5-5F8C6E1D72B5}.Edge|Mixed Platforms.ActiveCfg = DebubNewScheduling|Any CPU
		{0CA66633-F417-4724-9FC5-5F8C6E1D72B5}.Edge|Mixed Platforms.Build.0 = DebubNewScheduling|Any CPU
		{0CA66633-F417-4724-9FC5-5F8C6E1D72B5}.Edge|x86.ActiveCfg = DebubNewScheduling|Any CPU
		{0CA66633-F417-4724-9FC5-5F8C6E1D72B5}.Release|Any CPU.ActiveCfg = Release|Any CPU
		{0CA66633-F417-4724-9FC5-5F8C6E1D72B5}.Release|Any CPU.Build.0 = Release|Any CPU
		{0CA66633-F417-4724-9FC5-5F8C6E1D72B5}.Release|Mixed Platforms.ActiveCfg = Release|Any CPU
		{0CA66633-F417-4724-9FC5-5F8C6E1D72B5}.Release|Mixed Platforms.Build.0 = Release|Any CPU
		{0CA66633-F417-4724-9FC5-5F8C6E1D72B5}.Release|x86.ActiveCfg = Release|Any CPU
		{0CA66633-F417-4724-9FC5-5F8C6E1D72B5}.Seperia.Facebook.UpdateCampaignStatus|Any CPU.ActiveCfg = Seperia.Facebook.UpdateCampaignStatus|Any CPU
		{0CA66633-F417-4724-9FC5-5F8C6E1D72B5}.Seperia.Facebook.UpdateCampaignStatus|Any CPU.Build.0 = Seperia.Facebook.UpdateCampaignStatus|Any CPU
		{0CA66633-F417-4724-9FC5-5F8C6E1D72B5}.Seperia.Facebook.UpdateCampaignStatus|Mixed Platforms.ActiveCfg = Seperia.Facebook.UpdateCampaignStatus|Any CPU
		{0CA66633-F417-4724-9FC5-5F8C6E1D72B5}.Seperia.Facebook.UpdateCampaignStatus|Mixed Platforms.Build.0 = Seperia.Facebook.UpdateCampaignStatus|Any CPU
		{0CA66633-F417-4724-9FC5-5F8C6E1D72B5}.Seperia.Facebook.UpdateCampaignStatus|x86.ActiveCfg = Seperia.Facebook.UpdateCampaignStatus|Any CPU
		{0CA66633-F417-4724-9FC5-5F8C6E1D72B5}.Seperia|Any CPU.ActiveCfg = Seperia.Facebook.UpdateCampaignStatus|Any CPU
		{0CA66633-F417-4724-9FC5-5F8C6E1D72B5}.Seperia|Any CPU.Build.0 = Seperia.Facebook.UpdateCampaignStatus|Any CPU
		{0CA66633-F417-4724-9FC5-5F8C6E1D72B5}.Seperia|Mixed Platforms.ActiveCfg = Seperia.Facebook.UpdateCampaignStatus|Any CPU
		{0CA66633-F417-4724-9FC5-5F8C6E1D72B5}.Seperia|Mixed Platforms.Build.0 = Seperia.Facebook.UpdateCampaignStatus|Any CPU
		{0CA66633-F417-4724-9FC5-5F8C6E1D72B5}.Seperia|x86.ActiveCfg = Seperia.Facebook.UpdateCampaignStatus|Any CPU
	EndGlobalSection
	GlobalSection(SolutionProperties) = preSolution
		HideSolutionNode = FALSE
	EndGlobalSection
	GlobalSection(NestedProjects) = preSolution
		{76F5133E-50CD-4282-97E0-B431FACB3ACC} = {8D2675B3-0E24-4611-9ADE-AA45DF04821A}
		{9BC787C7-C269-476B-A87C-E345E7DB9E23} = {8D2675B3-0E24-4611-9ADE-AA45DF04821A}
		{53391A99-E8CA-4262-A8E0-5F05A1CC6608} = {8D2675B3-0E24-4611-9ADE-AA45DF04821A}
		{16440453-3AC6-48DA-A424-E87CE8DE09CF} = {8D2675B3-0E24-4611-9ADE-AA45DF04821A}
		{4C2A1AFD-56B9-497E-A649-1FDC30F0F4E0} = {8D2675B3-0E24-4611-9ADE-AA45DF04821A}
		{2E68164D-C79F-4B93-A615-33787CCCA33F} = {8D2675B3-0E24-4611-9ADE-AA45DF04821A}
		{66C46DDE-68B3-4D4F-BAB0-B2B35FB6CB3E} = {8D2675B3-0E24-4611-9ADE-AA45DF04821A}
		{452F5585-4DE6-431B-B691-2CE4EC06E49A} = {D8C9F98E-6442-48C1-A99F-0D3FD1E39B09}
		{ADC1E54C-4487-40B2-A2AA-ECE3853CED89} = {D8C9F98E-6442-48C1-A99F-0D3FD1E39B09}
		{0CA66633-F417-4724-9FC5-5F8C6E1D72B5} = {D8C9F98E-6442-48C1-A99F-0D3FD1E39B09}
		{747BA114-2B73-4498-98DB-89D7EFC01C46} = {12816A6E-5B10-4679-A152-2F8F24694123}
		{BC56CE2C-4C01-4DC8-8707-9393ED301A6B} = {12816A6E-5B10-4679-A152-2F8F24694123}
		{8AC78599-AD3B-46BE-86CC-F51A474AFA3C} = {12816A6E-5B10-4679-A152-2F8F24694123}
		{D95D904C-958A-41D9-B9E5-1A44FE8D300D} = {12816A6E-5B10-4679-A152-2F8F24694123}
		{3A7DC204-5332-48C4-8866-C5080065FEF0} = {12816A6E-5B10-4679-A152-2F8F24694123}
		{5743C6E2-53DC-4A40-A03C-86759C27D180} = {12816A6E-5B10-4679-A152-2F8F24694123}
		{F392CC5C-789E-4411-BFC2-8E590ED290B5} = {617814ED-0330-4691-A5E0-743A306EF99A}
		{AD4B53AD-B28A-4E90-9483-E2F7C8E6D436} = {2E68164D-C79F-4B93-A615-33787CCCA33F}
		{3A0C7489-49E0-4771-9841-67102819E088} = {344735BD-2CC3-41C5-A9A0-D707DB0BD613}
		{D321273C-D951-4672-AD92-F4E74ED99299} = {344735BD-2CC3-41C5-A9A0-D707DB0BD613}
		{A4455588-E4E0-4682-9628-054BDAC5FB60} = {344735BD-2CC3-41C5-A9A0-D707DB0BD613}
		{4B8B36F4-A550-4B23-9C37-614B744A1A5B} = {344735BD-2CC3-41C5-A9A0-D707DB0BD613}
		{4E5AA734-151C-4F65-BDDA-E1BA052028B7} = {EFDAD535-FD09-4F45-A1BD-F10CE9E1ECDA}
		{6BDE278A-3725-4BBB-8484-D87E7C567213} = {4E5AA734-151C-4F65-BDDA-E1BA052028B7}
	EndGlobalSection
EndGlobal
