
Microsoft Visual Studio Solution File, Format Version 11.00
# Visual Studio 2010
Project("{2150E333-8FDC-42A3-9474-1A3956D46DE8}") = "Services", "Services", "{491C8DCE-3BC2-4170-97C2-EDFC5F82D627}"
EndProject
Project("{2150E333-8FDC-42A3-9474-1A3956D46DE8}") = "Framework", "Framework", "{C56DBE29-1646-4475-919E-C02CFD749263}"
EndProject
Project("{FAE04EC0-301F-11D3-BF4B-00C04F79EFBC}") = "Edge.Core", "..\..\Framework\Edge.Core\Edge.Core.csproj", "{AD4B53AD-B28A-4E90-9483-D2F7C8E6D436}"
EndProject
Project("{FAE04EC0-301F-11D3-BF4B-00C04F79EFBC}") = "Edge.Data.Pipeline", "..\..\Framework\Edge.Data.Pipeline\Edge.Data.Pipeline.csproj", "{53391A99-E8CA-4262-A8E0-5F05A1CC6608}"
EndProject
Project("{FAE04EC0-301F-11D3-BF4B-00C04F79EFBC}") = "Edge.Services.Microsoft.AdCenter", "..\Edge.Services.Microsoft.AdCenter\Edge.Services.Microsoft.AdCenter.csproj", "{C73E557C-2B70-4040-9FA5-5AA2C0A95717}"
EndProject
Project("{FAE04EC0-301F-11D3-BF4B-00C04F79EFBC}") = "Edge.Services.Facebook.AdsApi", "..\Edge.Services.Facebook.AdsApi\Edge.Services.Facebook.AdsApi.csproj", "{71263B26-33FD-4E0E-8843-B94842818BA0}"
EndProject
Project("{FAE04EC0-301F-11D3-BF4B-00C04F79EFBC}") = "Edge.Services.Google.AdWords", "..\Edge.Services.Google.Adwords\Edge.Services.Google.AdWords.csproj", "{2A0FFCF9-03B8-40E4-B410-8B62B088B6D6}"
EndProject
Project("{FAE04EC0-301F-11D3-BF4B-00C04F79EFBC}") = "Edge.Services.AdMetrics", "..\Edge.Services.AdMetrics\Edge.Services.AdMetrics.csproj", "{36B6740D-938E-4994-9A0D-2DCB94D032B6}"
EndProject
Project("{FAE04EC0-301F-11D3-BF4B-00C04F79EFBC}") = "Edge.Services.AdMetrics.Validations", "..\Edge.Services.AdMetrics.Validations\Edge.Services.AdMetrics.Validations.csproj", "{C6504C8B-C482-41B9-BC6E-BEF92AF9D6FE}"
EndProject
Project("{FAE04EC0-301F-11D3-BF4B-00C04F79EFBC}") = "Edge.Core.Scheduling", "..\..\Framework\Edge.Core.Scheduling\Edge.Core.Scheduling.csproj", "{E700E7AA-08B7-44C3-8889-ACB4FAF92C90}"
EndProject
Project("{2150E333-8FDC-42A3-9474-1A3956D46DE8}") = "SDK", "SDK", "{D0B442B9-1C2B-44A4-8BDC-A806A13EAE94}"
EndProject
Project("{2150E333-8FDC-42A3-9474-1A3956D46DE8}") = "Processes", "Processes", "{A0A9EF8A-1017-42D9-9BE2-E736C0E4D305}"
EndProject
Project("{FAE04EC0-301F-11D3-BF4B-00C04F79EFBC}") = "Edge.Processes.DirectoryWatcher", "..\..\Processes\Edge.Processes.DirectoryWatcher\Edge.Processes.DirectoryWatcher.csproj", "{FB21EF04-FB87-484C-B15E-DCEBD1185977}"
EndProject
Project("{2150E333-8FDC-42A3-9474-1A3956D46DE8}") = "Utilities", "Utilities", "{F0AE84D5-D561-4F22-B1AB-E6A0F9287A9E}"
EndProject
Project("{FAE04EC0-301F-11D3-BF4B-00C04F79EFBC}") = "Edge.Applications.TempScheduler", "..\..\Utilities\Edge.Applications.TempScheduler\Edge.Applications.TempScheduler.csproj", "{1C3E1103-65B9-48D0-8583-A38B0AD6E771}"
EndProject
Project("{FAE04EC0-301F-11D3-BF4B-00C04F79EFBC}") = "Edge.Services.Facebook.GraphApi", "..\Edge.Services.Facebook.GraphApi\Edge.Services.Facebook.GraphApi.csproj", "{0CA66633-F417-4724-9FC5-5F8C6E1D72B5}"
EndProject
Project("{2150E333-8FDC-42A3-9474-1A3956D46DE8}") = "AdMetrics", "AdMetrics", "{1938E13F-9492-4B04-97C5-A2F31E348BFB}"
EndProject
Project("{2150E333-8FDC-42A3-9474-1A3956D46DE8}") = "SegmentMetrics", "SegmentMetrics", "{9F1834DD-5ACD-4443-B00F-88F538D89082}"
EndProject
Project("{FAE04EC0-301F-11D3-BF4B-00C04F79EFBC}") = "Edge.Services.SegmentMetrics", "..\Edge.Services.SegmentMetrics\Edge.Services.SegmentMetrics.csproj", "{90C8D5F3-B580-41C4-9567-E06B14772D24}"
EndProject
Project("{FAE04EC0-301F-11D3-BF4B-00C04F79EFBC}") = "Edge.Services.BackOffice.Example", "..\Edge.Services.BackOffice.Example\Edge.Services.BackOffice.Example.csproj", "{811658E5-1324-4D57-B5DD-514DB0979159}"
EndProject
Project("{FAE04EC0-301F-11D3-BF4B-00C04F79EFBC}") = "Edge.Anaylysis.Validation", "..\..\Utilities\Edge.Anaylysis.Validation\Edge.Anaylysis.Validation.csproj", "{46FB3816-A4F4-48B9-AEA3-82E94D247665}"
EndProject
Project("{FAE04EC0-301F-11D3-BF4B-00C04F79EFBC}") = "Edge.Application.ProductionManagmentTools", "..\..\Utilities\ProductionManagmentTools\ProductionManagmentTools\Edge.Application.ProductionManagmentTools.csproj", "{9B6442EA-DB34-4163-BC5A-80ED8EE1560C}"
EndProject
Project("{2150E333-8FDC-42A3-9474-1A3956D46DE8}") = "General", "General", "{6F44F9CA-B4DC-4378-BC15-BA29EEAABFED}"
EndProject
Project("{FAE04EC0-301F-11D3-BF4B-00C04F79EFBC}") = "Edge.Services.FTP", "..\Edge.Services.FTP\Edge.Services.FTP.csproj", "{632805D5-EF7D-4741-B161-6693EC75938B}"
EndProject
Global
	GlobalSection(SolutionConfigurationPlatforms) = preSolution
		Debug|Any CPU = Debug|Any CPU
		Debug|Mixed Platforms = Debug|Mixed Platforms
		Debug|x86 = Debug|x86
		Release|Any CPU = Release|Any CPU
		Release|Mixed Platforms = Release|Mixed Platforms
		Release|x86 = Release|x86
	EndGlobalSection
	GlobalSection(ProjectConfigurationPlatforms) = postSolution
		{AD4B53AD-B28A-4E90-9483-D2F7C8E6D436}.Debug|Any CPU.ActiveCfg = Debug|Any CPU
		{AD4B53AD-B28A-4E90-9483-D2F7C8E6D436}.Debug|Any CPU.Build.0 = Debug|Any CPU
		{AD4B53AD-B28A-4E90-9483-D2F7C8E6D436}.Debug|Mixed Platforms.ActiveCfg = Debug|Any CPU
		{AD4B53AD-B28A-4E90-9483-D2F7C8E6D436}.Debug|Mixed Platforms.Build.0 = Debug|Any CPU
		{AD4B53AD-B28A-4E90-9483-D2F7C8E6D436}.Debug|x86.ActiveCfg = Debug|Any CPU
		{AD4B53AD-B28A-4E90-9483-D2F7C8E6D436}.Release|Any CPU.ActiveCfg = Release|Any CPU
		{AD4B53AD-B28A-4E90-9483-D2F7C8E6D436}.Release|Any CPU.Build.0 = Release|Any CPU
		{AD4B53AD-B28A-4E90-9483-D2F7C8E6D436}.Release|Mixed Platforms.ActiveCfg = Release|Any CPU
		{AD4B53AD-B28A-4E90-9483-D2F7C8E6D436}.Release|Mixed Platforms.Build.0 = Release|Any CPU
		{AD4B53AD-B28A-4E90-9483-D2F7C8E6D436}.Release|x86.ActiveCfg = Release|Any CPU
		{53391A99-E8CA-4262-A8E0-5F05A1CC6608}.Debug|Any CPU.ActiveCfg = Debug|Any CPU
		{53391A99-E8CA-4262-A8E0-5F05A1CC6608}.Debug|Any CPU.Build.0 = Debug|Any CPU
		{53391A99-E8CA-4262-A8E0-5F05A1CC6608}.Debug|Mixed Platforms.ActiveCfg = Debug|Any CPU
		{53391A99-E8CA-4262-A8E0-5F05A1CC6608}.Debug|Mixed Platforms.Build.0 = Debug|Any CPU
		{53391A99-E8CA-4262-A8E0-5F05A1CC6608}.Debug|x86.ActiveCfg = Debug|Any CPU
		{53391A99-E8CA-4262-A8E0-5F05A1CC6608}.Release|Any CPU.ActiveCfg = Release|Any CPU
		{53391A99-E8CA-4262-A8E0-5F05A1CC6608}.Release|Any CPU.Build.0 = Release|Any CPU
		{53391A99-E8CA-4262-A8E0-5F05A1CC6608}.Release|Mixed Platforms.ActiveCfg = Release|Any CPU
		{53391A99-E8CA-4262-A8E0-5F05A1CC6608}.Release|Mixed Platforms.Build.0 = Release|Any CPU
		{53391A99-E8CA-4262-A8E0-5F05A1CC6608}.Release|x86.ActiveCfg = Release|Any CPU
		{C73E557C-2B70-4040-9FA5-5AA2C0A95717}.Debug|Any CPU.ActiveCfg = Debug|Any CPU
		{C73E557C-2B70-4040-9FA5-5AA2C0A95717}.Debug|Mixed Platforms.ActiveCfg = Debug|Any CPU
		{C73E557C-2B70-4040-9FA5-5AA2C0A95717}.Debug|Mixed Platforms.Build.0 = Debug|Any CPU
		{C73E557C-2B70-4040-9FA5-5AA2C0A95717}.Debug|x86.ActiveCfg = Debug|Any CPU
		{C73E557C-2B70-4040-9FA5-5AA2C0A95717}.Release|Any CPU.ActiveCfg = Release|Any CPU
		{C73E557C-2B70-4040-9FA5-5AA2C0A95717}.Release|Any CPU.Build.0 = Release|Any CPU
		{C73E557C-2B70-4040-9FA5-5AA2C0A95717}.Release|Mixed Platforms.ActiveCfg = Release|Any CPU
		{C73E557C-2B70-4040-9FA5-5AA2C0A95717}.Release|Mixed Platforms.Build.0 = Release|Any CPU
		{C73E557C-2B70-4040-9FA5-5AA2C0A95717}.Release|x86.ActiveCfg = Release|Any CPU
		{71263B26-33FD-4E0E-8843-B94842818BA0}.Debug|Any CPU.ActiveCfg = Debug|Any CPU
		{71263B26-33FD-4E0E-8843-B94842818BA0}.Debug|Any CPU.Build.0 = Debug|Any CPU
		{71263B26-33FD-4E0E-8843-B94842818BA0}.Debug|Mixed Platforms.ActiveCfg = Debug|Any CPU
		{71263B26-33FD-4E0E-8843-B94842818BA0}.Debug|Mixed Platforms.Build.0 = Debug|Any CPU
		{71263B26-33FD-4E0E-8843-B94842818BA0}.Debug|x86.ActiveCfg = Debug|Any CPU
		{71263B26-33FD-4E0E-8843-B94842818BA0}.Release|Any CPU.ActiveCfg = Release|Any CPU
		{71263B26-33FD-4E0E-8843-B94842818BA0}.Release|Any CPU.Build.0 = Release|Any CPU
		{71263B26-33FD-4E0E-8843-B94842818BA0}.Release|Mixed Platforms.ActiveCfg = Release|Any CPU
		{71263B26-33FD-4E0E-8843-B94842818BA0}.Release|Mixed Platforms.Build.0 = Release|Any CPU
		{71263B26-33FD-4E0E-8843-B94842818BA0}.Release|x86.ActiveCfg = Release|Any CPU
		{2A0FFCF9-03B8-40E4-B410-8B62B088B6D6}.Debug|Any CPU.ActiveCfg = Debug|Any CPU
		{2A0FFCF9-03B8-40E4-B410-8B62B088B6D6}.Debug|Any CPU.Build.0 = Debug|Any CPU
		{2A0FFCF9-03B8-40E4-B410-8B62B088B6D6}.Debug|Mixed Platforms.ActiveCfg = Debug|Any CPU
		{2A0FFCF9-03B8-40E4-B410-8B62B088B6D6}.Debug|Mixed Platforms.Build.0 = Debug|Any CPU
		{2A0FFCF9-03B8-40E4-B410-8B62B088B6D6}.Debug|x86.ActiveCfg = Debug|Any CPU
		{2A0FFCF9-03B8-40E4-B410-8B62B088B6D6}.Release|Any CPU.ActiveCfg = Release|Any CPU
		{2A0FFCF9-03B8-40E4-B410-8B62B088B6D6}.Release|Any CPU.Build.0 = Release|Any CPU
		{2A0FFCF9-03B8-40E4-B410-8B62B088B6D6}.Release|Mixed Platforms.ActiveCfg = Release|Any CPU
		{2A0FFCF9-03B8-40E4-B410-8B62B088B6D6}.Release|Mixed Platforms.Build.0 = Release|Any CPU
		{2A0FFCF9-03B8-40E4-B410-8B62B088B6D6}.Release|x86.ActiveCfg = Release|Any CPU
		{36B6740D-938E-4994-9A0D-2DCB94D032B6}.Debug|Any CPU.ActiveCfg = Debug|Any CPU
		{36B6740D-938E-4994-9A0D-2DCB94D032B6}.Debug|Any CPU.Build.0 = Debug|Any CPU
		{36B6740D-938E-4994-9A0D-2DCB94D032B6}.Debug|Mixed Platforms.ActiveCfg = Debug|Any CPU
		{36B6740D-938E-4994-9A0D-2DCB94D032B6}.Debug|Mixed Platforms.Build.0 = Debug|Any CPU
		{36B6740D-938E-4994-9A0D-2DCB94D032B6}.Debug|x86.ActiveCfg = Debug|Any CPU
		{36B6740D-938E-4994-9A0D-2DCB94D032B6}.Release|Any CPU.ActiveCfg = Release|Any CPU
		{36B6740D-938E-4994-9A0D-2DCB94D032B6}.Release|Any CPU.Build.0 = Release|Any CPU
		{36B6740D-938E-4994-9A0D-2DCB94D032B6}.Release|Mixed Platforms.ActiveCfg = Release|Any CPU
		{36B6740D-938E-4994-9A0D-2DCB94D032B6}.Release|Mixed Platforms.Build.0 = Release|Any CPU
		{36B6740D-938E-4994-9A0D-2DCB94D032B6}.Release|x86.ActiveCfg = Release|Any CPU
		{C6504C8B-C482-41B9-BC6E-BEF92AF9D6FE}.Debug|Any CPU.ActiveCfg = Debug|Any CPU
		{C6504C8B-C482-41B9-BC6E-BEF92AF9D6FE}.Debug|Any CPU.Build.0 = Debug|Any CPU
		{C6504C8B-C482-41B9-BC6E-BEF92AF9D6FE}.Debug|Mixed Platforms.ActiveCfg = Debug|Any CPU
		{C6504C8B-C482-41B9-BC6E-BEF92AF9D6FE}.Debug|Mixed Platforms.Build.0 = Debug|Any CPU
		{C6504C8B-C482-41B9-BC6E-BEF92AF9D6FE}.Debug|x86.ActiveCfg = Debug|Any CPU
		{C6504C8B-C482-41B9-BC6E-BEF92AF9D6FE}.Release|Any CPU.ActiveCfg = Release|Any CPU
		{C6504C8B-C482-41B9-BC6E-BEF92AF9D6FE}.Release|Any CPU.Build.0 = Release|Any CPU
		{C6504C8B-C482-41B9-BC6E-BEF92AF9D6FE}.Release|Mixed Platforms.ActiveCfg = Release|Any CPU
		{C6504C8B-C482-41B9-BC6E-BEF92AF9D6FE}.Release|Mixed Platforms.Build.0 = Release|Any CPU
		{C6504C8B-C482-41B9-BC6E-BEF92AF9D6FE}.Release|x86.ActiveCfg = Release|Any CPU
		{E700E7AA-08B7-44C3-8889-ACB4FAF92C90}.Debug|Any CPU.ActiveCfg = Debug|Any CPU
		{E700E7AA-08B7-44C3-8889-ACB4FAF92C90}.Debug|Any CPU.Build.0 = Debug|Any CPU
		{E700E7AA-08B7-44C3-8889-ACB4FAF92C90}.Debug|Mixed Platforms.ActiveCfg = Debug|Any CPU
		{E700E7AA-08B7-44C3-8889-ACB4FAF92C90}.Debug|Mixed Platforms.Build.0 = Debug|Any CPU
		{E700E7AA-08B7-44C3-8889-ACB4FAF92C90}.Debug|x86.ActiveCfg = Debug|Any CPU
		{E700E7AA-08B7-44C3-8889-ACB4FAF92C90}.Release|Any CPU.ActiveCfg = Release|Any CPU
		{E700E7AA-08B7-44C3-8889-ACB4FAF92C90}.Release|Any CPU.Build.0 = Release|Any CPU
		{E700E7AA-08B7-44C3-8889-ACB4FAF92C90}.Release|Mixed Platforms.ActiveCfg = Release|Any CPU
		{E700E7AA-08B7-44C3-8889-ACB4FAF92C90}.Release|Mixed Platforms.Build.0 = Release|Any CPU
		{E700E7AA-08B7-44C3-8889-ACB4FAF92C90}.Release|x86.ActiveCfg = Release|Any CPU
		{FB21EF04-FB87-484C-B15E-DCEBD1185977}.Debug|Any CPU.ActiveCfg = Debug|Any CPU
		{FB21EF04-FB87-484C-B15E-DCEBD1185977}.Debug|Any CPU.Build.0 = Debug|Any CPU
		{FB21EF04-FB87-484C-B15E-DCEBD1185977}.Debug|Mixed Platforms.ActiveCfg = Debug|Any CPU
		{FB21EF04-FB87-484C-B15E-DCEBD1185977}.Debug|Mixed Platforms.Build.0 = Debug|Any CPU
		{FB21EF04-FB87-484C-B15E-DCEBD1185977}.Debug|x86.ActiveCfg = Debug|Any CPU
		{FB21EF04-FB87-484C-B15E-DCEBD1185977}.Release|Any CPU.ActiveCfg = Release|Any CPU
		{FB21EF04-FB87-484C-B15E-DCEBD1185977}.Release|Any CPU.Build.0 = Release|Any CPU
		{FB21EF04-FB87-484C-B15E-DCEBD1185977}.Release|Mixed Platforms.ActiveCfg = Release|Any CPU
		{FB21EF04-FB87-484C-B15E-DCEBD1185977}.Release|Mixed Platforms.Build.0 = Release|Any CPU
		{FB21EF04-FB87-484C-B15E-DCEBD1185977}.Release|x86.ActiveCfg = Release|Any CPU
		{1C3E1103-65B9-48D0-8583-A38B0AD6E771}.Debug|Any CPU.ActiveCfg = Debug|Any CPU
		{1C3E1103-65B9-48D0-8583-A38B0AD6E771}.Debug|Any CPU.Build.0 = Debug|Any CPU
		{1C3E1103-65B9-48D0-8583-A38B0AD6E771}.Debug|Mixed Platforms.ActiveCfg = Debug|Any CPU
		{1C3E1103-65B9-48D0-8583-A38B0AD6E771}.Debug|Mixed Platforms.Build.0 = Debug|Any CPU
		{1C3E1103-65B9-48D0-8583-A38B0AD6E771}.Debug|x86.ActiveCfg = Debug|Any CPU
		{1C3E1103-65B9-48D0-8583-A38B0AD6E771}.Release|Any CPU.ActiveCfg = Release|Any CPU
		{1C3E1103-65B9-48D0-8583-A38B0AD6E771}.Release|Any CPU.Build.0 = Release|Any CPU
		{1C3E1103-65B9-48D0-8583-A38B0AD6E771}.Release|Mixed Platforms.ActiveCfg = Release|Any CPU
		{1C3E1103-65B9-48D0-8583-A38B0AD6E771}.Release|Mixed Platforms.Build.0 = Release|Any CPU
		{1C3E1103-65B9-48D0-8583-A38B0AD6E771}.Release|x86.ActiveCfg = Release|Any CPU
		{0CA66633-F417-4724-9FC5-5F8C6E1D72B5}.Debug|Any CPU.ActiveCfg = Debug|Any CPU
		{0CA66633-F417-4724-9FC5-5F8C6E1D72B5}.Debug|Any CPU.Build.0 = Debug|Any CPU
		{0CA66633-F417-4724-9FC5-5F8C6E1D72B5}.Debug|Mixed Platforms.ActiveCfg = Debug|Any CPU
		{0CA66633-F417-4724-9FC5-5F8C6E1D72B5}.Debug|Mixed Platforms.Build.0 = Debug|Any CPU
		{0CA66633-F417-4724-9FC5-5F8C6E1D72B5}.Debug|x86.ActiveCfg = Debug|Any CPU
		{0CA66633-F417-4724-9FC5-5F8C6E1D72B5}.Release|Any CPU.ActiveCfg = Release|Any CPU
		{0CA66633-F417-4724-9FC5-5F8C6E1D72B5}.Release|Any CPU.Build.0 = Release|Any CPU
		{0CA66633-F417-4724-9FC5-5F8C6E1D72B5}.Release|Mixed Platforms.ActiveCfg = Release|Any CPU
		{0CA66633-F417-4724-9FC5-5F8C6E1D72B5}.Release|Mixed Platforms.Build.0 = Release|Any CPU
		{0CA66633-F417-4724-9FC5-5F8C6E1D72B5}.Release|x86.ActiveCfg = Release|Any CPU
		{90C8D5F3-B580-41C4-9567-E06B14772D24}.Debug|Any CPU.ActiveCfg = Debug|Any CPU
		{90C8D5F3-B580-41C4-9567-E06B14772D24}.Debug|Any CPU.Build.0 = Debug|Any CPU
		{90C8D5F3-B580-41C4-9567-E06B14772D24}.Debug|Mixed Platforms.ActiveCfg = Debug|Any CPU
		{90C8D5F3-B580-41C4-9567-E06B14772D24}.Debug|Mixed Platforms.Build.0 = Debug|Any CPU
		{90C8D5F3-B580-41C4-9567-E06B14772D24}.Debug|x86.ActiveCfg = Debug|Any CPU
		{90C8D5F3-B580-41C4-9567-E06B14772D24}.Release|Any CPU.ActiveCfg = Release|Any CPU
		{90C8D5F3-B580-41C4-9567-E06B14772D24}.Release|Any CPU.Build.0 = Release|Any CPU
		{90C8D5F3-B580-41C4-9567-E06B14772D24}.Release|Mixed Platforms.ActiveCfg = Release|Any CPU
		{90C8D5F3-B580-41C4-9567-E06B14772D24}.Release|Mixed Platforms.Build.0 = Release|Any CPU
		{90C8D5F3-B580-41C4-9567-E06B14772D24}.Release|x86.ActiveCfg = Release|Any CPU
		{811658E5-1324-4D57-B5DD-514DB0979159}.Debug|Any CPU.ActiveCfg = Debug|Any CPU
		{811658E5-1324-4D57-B5DD-514DB0979159}.Debug|Any CPU.Build.0 = Debug|Any CPU
		{811658E5-1324-4D57-B5DD-514DB0979159}.Debug|Mixed Platforms.ActiveCfg = Debug|Any CPU
		{811658E5-1324-4D57-B5DD-514DB0979159}.Debug|Mixed Platforms.Build.0 = Debug|Any CPU
		{811658E5-1324-4D57-B5DD-514DB0979159}.Debug|x86.ActiveCfg = Debug|Any CPU
		{811658E5-1324-4D57-B5DD-514DB0979159}.Release|Any CPU.ActiveCfg = Release|Any CPU
		{811658E5-1324-4D57-B5DD-514DB0979159}.Release|Any CPU.Build.0 = Release|Any CPU
		{811658E5-1324-4D57-B5DD-514DB0979159}.Release|Mixed Platforms.ActiveCfg = Release|Any CPU
		{811658E5-1324-4D57-B5DD-514DB0979159}.Release|Mixed Platforms.Build.0 = Release|Any CPU
		{811658E5-1324-4D57-B5DD-514DB0979159}.Release|x86.ActiveCfg = Release|Any CPU
		{46FB3816-A4F4-48B9-AEA3-82E94D247665}.Debug|Any CPU.ActiveCfg = Debug|x86
		{46FB3816-A4F4-48B9-AEA3-82E94D247665}.Debug|Mixed Platforms.ActiveCfg = Debug|x86
		{46FB3816-A4F4-48B9-AEA3-82E94D247665}.Debug|Mixed Platforms.Build.0 = Debug|x86
		{46FB3816-A4F4-48B9-AEA3-82E94D247665}.Debug|x86.ActiveCfg = Debug|x86
		{46FB3816-A4F4-48B9-AEA3-82E94D247665}.Debug|x86.Build.0 = Debug|x86
		{46FB3816-A4F4-48B9-AEA3-82E94D247665}.Release|Any CPU.ActiveCfg = Release|x86
		{46FB3816-A4F4-48B9-AEA3-82E94D247665}.Release|Mixed Platforms.ActiveCfg = Release|x86
		{46FB3816-A4F4-48B9-AEA3-82E94D247665}.Release|Mixed Platforms.Build.0 = Release|x86
		{46FB3816-A4F4-48B9-AEA3-82E94D247665}.Release|x86.ActiveCfg = Release|x86
		{46FB3816-A4F4-48B9-AEA3-82E94D247665}.Release|x86.Build.0 = Release|x86
		{9B6442EA-DB34-4163-BC5A-80ED8EE1560C}.Debug|Any CPU.ActiveCfg = Debug|x86
		{9B6442EA-DB34-4163-BC5A-80ED8EE1560C}.Debug|Mixed Platforms.ActiveCfg = Debug|x86
		{9B6442EA-DB34-4163-BC5A-80ED8EE1560C}.Debug|Mixed Platforms.Build.0 = Debug|x86
		{9B6442EA-DB34-4163-BC5A-80ED8EE1560C}.Debug|x86.ActiveCfg = Debug|x86
		{9B6442EA-DB34-4163-BC5A-80ED8EE1560C}.Debug|x86.Build.0 = Debug|x86
		{9B6442EA-DB34-4163-BC5A-80ED8EE1560C}.Release|Any CPU.ActiveCfg = Release|x86
		{9B6442EA-DB34-4163-BC5A-80ED8EE1560C}.Release|Mixed Platforms.ActiveCfg = Release|x86
		{9B6442EA-DB34-4163-BC5A-80ED8EE1560C}.Release|Mixed Platforms.Build.0 = Release|x86
		{9B6442EA-DB34-4163-BC5A-80ED8EE1560C}.Release|x86.ActiveCfg = Release|x86
		{9B6442EA-DB34-4163-BC5A-80ED8EE1560C}.Release|x86.Build.0 = Release|x86
		{632805D5-EF7D-4741-B161-6693EC75938B}.Debug|Any CPU.ActiveCfg = Debug|Any CPU
		{632805D5-EF7D-4741-B161-6693EC75938B}.Debug|Any CPU.Build.0 = Debug|Any CPU
		{632805D5-EF7D-4741-B161-6693EC75938B}.Debug|Mixed Platforms.ActiveCfg = Debug|Any CPU
		{632805D5-EF7D-4741-B161-6693EC75938B}.Debug|Mixed Platforms.Build.0 = Debug|Any CPU
		{632805D5-EF7D-4741-B161-6693EC75938B}.Debug|x86.ActiveCfg = Debug|Any CPU
		{632805D5-EF7D-4741-B161-6693EC75938B}.Release|Any CPU.ActiveCfg = Release|Any CPU
		{632805D5-EF7D-4741-B161-6693EC75938B}.Release|Any CPU.Build.0 = Release|Any CPU
		{632805D5-EF7D-4741-B161-6693EC75938B}.Release|Mixed Platforms.ActiveCfg = Release|Any CPU
		{632805D5-EF7D-4741-B161-6693EC75938B}.Release|Mixed Platforms.Build.0 = Release|Any CPU
		{632805D5-EF7D-4741-B161-6693EC75938B}.Release|x86.ActiveCfg = Release|Any CPU
	EndGlobalSection
	GlobalSection(SolutionProperties) = preSolution
		HideSolutionNode = FALSE
	EndGlobalSection
	GlobalSection(NestedProjects) = preSolution
		{1938E13F-9492-4B04-97C5-A2F31E348BFB} = {491C8DCE-3BC2-4170-97C2-EDFC5F82D627}
		{9F1834DD-5ACD-4443-B00F-88F538D89082} = {491C8DCE-3BC2-4170-97C2-EDFC5F82D627}
		{6F44F9CA-B4DC-4378-BC15-BA29EEAABFED} = {491C8DCE-3BC2-4170-97C2-EDFC5F82D627}
		{AD4B53AD-B28A-4E90-9483-D2F7C8E6D436} = {C56DBE29-1646-4475-919E-C02CFD749263}
		{53391A99-E8CA-4262-A8E0-5F05A1CC6608} = {C56DBE29-1646-4475-919E-C02CFD749263}
		{E700E7AA-08B7-44C3-8889-ACB4FAF92C90} = {C56DBE29-1646-4475-919E-C02CFD749263}
		{71263B26-33FD-4E0E-8843-B94842818BA0} = {1938E13F-9492-4B04-97C5-A2F31E348BFB}
		{2A0FFCF9-03B8-40E4-B410-8B62B088B6D6} = {1938E13F-9492-4B04-97C5-A2F31E348BFB}
		{36B6740D-938E-4994-9A0D-2DCB94D032B6} = {1938E13F-9492-4B04-97C5-A2F31E348BFB}
		{C6504C8B-C482-41B9-BC6E-BEF92AF9D6FE} = {1938E13F-9492-4B04-97C5-A2F31E348BFB}
		{0CA66633-F417-4724-9FC5-5F8C6E1D72B5} = {1938E13F-9492-4B04-97C5-A2F31E348BFB}
		{C73E557C-2B70-4040-9FA5-5AA2C0A95717} = {1938E13F-9492-4B04-97C5-A2F31E348BFB}
		{FB21EF04-FB87-484C-B15E-DCEBD1185977} = {A0A9EF8A-1017-42D9-9BE2-E736C0E4D305}
		{1C3E1103-65B9-48D0-8583-A38B0AD6E771} = {F0AE84D5-D561-4F22-B1AB-E6A0F9287A9E}
		{46FB3816-A4F4-48B9-AEA3-82E94D247665} = {F0AE84D5-D561-4F22-B1AB-E6A0F9287A9E}
		{9B6442EA-DB34-4163-BC5A-80ED8EE1560C} = {F0AE84D5-D561-4F22-B1AB-E6A0F9287A9E}
		{90C8D5F3-B580-41C4-9567-E06B14772D24} = {9F1834DD-5ACD-4443-B00F-88F538D89082}
		{811658E5-1324-4D57-B5DD-514DB0979159} = {9F1834DD-5ACD-4443-B00F-88F538D89082}
		{632805D5-EF7D-4741-B161-6693EC75938B} = {6F44F9CA-B4DC-4378-BC15-BA29EEAABFED}
	EndGlobalSection
EndGlobal
