
Microsoft Visual Studio Solution File, Format Version 11.00
# Visual Studio 2010
Project("{2150E333-8FDC-42A3-9474-1A3956D46DE8}") = "Services", "Services", "{491C8DCE-3BC2-4170-97C2-EDFC5F82D627}"
EndProject
Project("{2150E333-8FDC-42A3-9474-1A3956D46DE8}") = "Framework", "Framework", "{C56DBE29-1646-4475-919E-C02CFD749263}"
EndProject
Project("{FAE04EC0-301F-11D3-BF4B-00C04F79EFBC}") = "Edge.Core", "..\..\Framework\Edge.Core\Edge.Core.csproj", "{AD4B53AD-B28A-4E90-9483-D2F7C8E6D436}"
EndProject
Project("{FAE04EC0-301F-11D3-BF4B-00C04F79EFBC}") = "Edge.Data.Pipeline", "..\..\Framework\Edge.Data.Pipeline\Edge.Data.Pipeline.csproj", "{53391A99-E8CA-4262-A8E0-5F05A1CC6608}"
EndProject
Project("{FAE04EC0-301F-11D3-BF4B-00C04F79EFBC}") = "Edge.Services.Microsoft.AdCenter", "..\Edge.Services.Microsoft.AdCenter\Edge.Services.Microsoft.AdCenter.csproj", "{C73E557C-2B70-4040-9FA5-5AA2C0A95717}"
EndProject
Project("{FAE04EC0-301F-11D3-BF4B-00C04F79EFBC}") = "Edge.Services.Facebook.AdsApi", "..\Edge.Services.Facebook.AdsApi\Edge.Services.Facebook.AdsApi.csproj", "{71263B26-33FD-4E0E-8843-B94842818BA0}"
EndProject
Project("{FAE04EC0-301F-11D3-BF4B-00C04F79EFBC}") = "Edge.SDK.ServiceTester", "..\..\SDK\Applications\Edge.SDK.ServiceTester\Edge.SDK.ServiceTester.csproj", "{747BA114-2B73-4498-98DB-89D7EFC01C46}"
EndProject
Project("{FAE04EC0-301F-11D3-BF4B-00C04F79EFBC}") = "Edge.Services.Google.AdWords", "..\Edge.Services.Google.Adwords\Edge.Services.Google.AdWords.csproj", "{2A0FFCF9-03B8-40E4-B410-8B62B088B6D6}"
EndProject
Project("{FAE04EC0-301F-11D3-BF4B-00C04F79EFBC}") = "Edge.Services.AdMetrics", "..\Edge.Services.AdMetrics\Edge.Services.AdMetrics.csproj", "{36B6740D-938E-4994-9A0D-2DCB94D032B6}"
EndProject
Project("{FAE04EC0-301F-11D3-BF4B-00C04F79EFBC}") = "Edge.Services.AdMetrics.Validations", "..\Edge.Services.AdMetrics.Validations\Edge.Services.AdMetrics.Validations.csproj", "{C6504C8B-C482-41B9-BC6E-BEF92AF9D6FE}"
EndProject
Project("{FAE04EC0-301F-11D3-BF4B-00C04F79EFBC}") = "Edge.Core.Scheduling", "..\..\Framework\Edge.Core.Scheduling\Edge.Core.Scheduling.csproj", "{E700E7AA-08B7-44C3-8889-ACB4FAF92C90}"
EndProject
Project("{2150E333-8FDC-42A3-9474-1A3956D46DE8}") = "SDK", "SDK", "{D0B442B9-1C2B-44A4-8BDC-A806A13EAE94}"
EndProject
Project("{2150E333-8FDC-42A3-9474-1A3956D46DE8}") = "Processes", "Processes", "{A0A9EF8A-1017-42D9-9BE2-E736C0E4D305}"
EndProject
Project("{FAE04EC0-301F-11D3-BF4B-00C04F79EFBC}") = "Edge.Processes.DirectoryWatcher", "..\..\Processes\Edge.Processes.DirectoryWatcher\Edge.Processes.DirectoryWatcher.csproj", "{FB21EF04-FB87-484C-B15E-DCEBD1185977}"
EndProject
Project("{2150E333-8FDC-42A3-9474-1A3956D46DE8}") = "Utilities", "Utilities", "{F0AE84D5-D561-4F22-B1AB-E6A0F9287A9E}"
EndProject
Project("{FAE04EC0-301F-11D3-BF4B-00C04F79EFBC}") = "Edge.Applications.TempScheduler", "..\..\Utilities\Edge.Applications.TempScheduler\Edge.Applications.TempScheduler.csproj", "{1C3E1103-65B9-48D0-8583-A38B0AD6E771}"
EndProject
Global
	GlobalSection(SolutionConfigurationPlatforms) = preSolution
		Debug|Any CPU = Debug|Any CPU
		Debug|Mixed Platforms = Debug|Mixed Platforms
		Debug|x86 = Debug|x86
		Release|Any CPU = Release|Any CPU
		Release|Mixed Platforms = Release|Mixed Platforms
		Release|x86 = Release|x86
	EndGlobalSection
	GlobalSection(ProjectConfigurationPlatforms) = postSolution
		{AD4B53AD-B28A-4E90-9483-D2F7C8E6D436}.Debug|Any CPU.ActiveCfg = Debug|Any CPU
		{AD4B53AD-B28A-4E90-9483-D2F7C8E6D436}.Debug|Any CPU.Build.0 = Debug|Any CPU
		{AD4B53AD-B28A-4E90-9483-D2F7C8E6D436}.Debug|Mixed Platforms.ActiveCfg = Debug|Any CPU
		{AD4B53AD-B28A-4E90-9483-D2F7C8E6D436}.Debug|Mixed Platforms.Build.0 = Debug|Any CPU
		{AD4B53AD-B28A-4E90-9483-D2F7C8E6D436}.Debug|x86.ActiveCfg = Debug|Any CPU
		{AD4B53AD-B28A-4E90-9483-D2F7C8E6D436}.Release|Any CPU.ActiveCfg = Release|Any CPU
		{AD4B53AD-B28A-4E90-9483-D2F7C8E6D436}.Release|Any CPU.Build.0 = Release|Any CPU
		{AD4B53AD-B28A-4E90-9483-D2F7C8E6D436}.Release|Mixed Platforms.ActiveCfg = Release|Any CPU
		{AD4B53AD-B28A-4E90-9483-D2F7C8E6D436}.Release|Mixed Platforms.Build.0 = Release|Any CPU
		{AD4B53AD-B28A-4E90-9483-D2F7C8E6D436}.Release|x86.ActiveCfg = Release|Any CPU
		{53391A99-E8CA-4262-A8E0-5F05A1CC6608}.Debug|Any CPU.ActiveCfg = Debug|Any CPU
		{53391A99-E8CA-4262-A8E0-5F05A1CC6608}.Debug|Any CPU.Build.0 = Debug|Any CPU
		{53391A99-E8CA-4262-A8E0-5F05A1CC6608}.Debug|Mixed Platforms.ActiveCfg = Debug|Any CPU
		{53391A99-E8CA-4262-A8E0-5F05A1CC6608}.Debug|Mixed Platforms.Build.0 = Debug|Any CPU
		{53391A99-E8CA-4262-A8E0-5F05A1CC6608}.Debug|x86.ActiveCfg = Debug|Any CPU
		{53391A99-E8CA-4262-A8E0-5F05A1CC6608}.Release|Any CPU.ActiveCfg = Release|Any CPU
		{53391A99-E8CA-4262-A8E0-5F05A1CC6608}.Release|Any CPU.Build.0 = Release|Any CPU
		{53391A99-E8CA-4262-A8E0-5F05A1CC6608}.Release|Mixed Platforms.ActiveCfg = Release|Any CPU
		{53391A99-E8CA-4262-A8E0-5F05A1CC6608}.Release|Mixed Platforms.Build.0 = Release|Any CPU
		{53391A99-E8CA-4262-A8E0-5F05A1CC6608}.Release|x86.ActiveCfg = Release|Any CPU
		{C73E557C-2B70-4040-9FA5-5AA2C0A95717}.Debug|Any CPU.ActiveCfg = Debug|Any CPU
		{C73E557C-2B70-4040-9FA5-5AA2C0A95717}.Debug|Mixed Platforms.ActiveCfg = Debug|Any CPU
		{C73E557C-2B70-4040-9FA5-5AA2C0A95717}.Debug|x86.ActiveCfg = Debug|Any CPU
		{C73E557C-2B70-4040-9FA5-5AA2C0A95717}.Release|Any CPU.ActiveCfg = Release|Any CPU
		{C73E557C-2B70-4040-9FA5-5AA2C0A95717}.Release|Any CPU.Build.0 = Release|Any CPU
		{C73E557C-2B70-4040-9FA5-5AA2C0A95717}.Release|Mixed Platforms.ActiveCfg = Release|Any CPU
		{C73E557C-2B70-4040-9FA5-5AA2C0A95717}.Release|Mixed Platforms.Build.0 = Release|Any CPU
		{C73E557C-2B70-4040-9FA5-5AA2C0A95717}.Release|x86.ActiveCfg = Release|Any CPU
		{71263B26-33FD-4E0E-8843-B94842818BA0}.Debug|Any CPU.ActiveCfg = Debug|Any CPU
		{71263B26-33FD-4E0E-8843-B94842818BA0}.Debug|Any CPU.Build.0 = Debug|Any CPU
		{71263B26-33FD-4E0E-8843-B94842818BA0}.Debug|Mixed Platforms.ActiveCfg = Debug|Any CPU
		{71263B26-33FD-4E0E-8843-B94842818BA0}.Debug|Mixed Platforms.Build.0 = Debug|Any CPU
		{71263B26-33FD-4E0E-8843-B94842818BA0}.Debug|x86.ActiveCfg = Debug|Any CPU
		{71263B26-33FD-4E0E-8843-B94842818BA0}.Release|Any CPU.ActiveCfg = Release|Any CPU
		{71263B26-33FD-4E0E-8843-B94842818BA0}.Release|Any CPU.Build.0 = Release|Any CPU
		{71263B26-33FD-4E0E-8843-B94842818BA0}.Release|Mixed Platforms.ActiveCfg = Release|Any CPU
		{71263B26-33FD-4E0E-8843-B94842818BA0}.Release|Mixed Platforms.Build.0 = Release|Any CPU
		{71263B26-33FD-4E0E-8843-B94842818BA0}.Release|x86.ActiveCfg = Release|Any CPU
		{747BA114-2B73-4498-98DB-89D7EFC01C46}.Debug|Any CPU.ActiveCfg = Debug|x86
		{747BA114-2B73-4498-98DB-89D7EFC01C46}.Debug|Mixed Platforms.ActiveCfg = Debug|x86
		{747BA114-2B73-4498-98DB-89D7EFC01C46}.Debug|Mixed Platforms.Build.0 = Debug|x86
		{747BA114-2B73-4498-98DB-89D7EFC01C46}.Debug|x86.ActiveCfg = Debug|x86
		{747BA114-2B73-4498-98DB-89D7EFC01C46}.Debug|x86.Build.0 = Debug|x86
		{747BA114-2B73-4498-98DB-89D7EFC01C46}.Release|Any CPU.ActiveCfg = Release|x86
		{747BA114-2B73-4498-98DB-89D7EFC01C46}.Release|Mixed Platforms.ActiveCfg = Release|x86
		{747BA114-2B73-4498-98DB-89D7EFC01C46}.Release|Mixed Platforms.Build.0 = Release|x86
		{747BA114-2B73-4498-98DB-89D7EFC01C46}.Release|x86.ActiveCfg = Release|x86
		{747BA114-2B73-4498-98DB-89D7EFC01C46}.Release|x86.Build.0 = Release|x86
		{2A0FFCF9-03B8-40E4-B410-8B62B088B6D6}.Debug|Any CPU.ActiveCfg = Debug|Any CPU
		{2A0FFCF9-03B8-40E4-B410-8B62B088B6D6}.Debug|Any CPU.Build.0 = Debug|Any CPU
		{2A0FFCF9-03B8-40E4-B410-8B62B088B6D6}.Debug|Mixed Platforms.ActiveCfg = Debug|Any CPU
		{2A0FFCF9-03B8-40E4-B410-8B62B088B6D6}.Debug|Mixed Platforms.Build.0 = Debug|Any CPU
		{2A0FFCF9-03B8-40E4-B410-8B62B088B6D6}.Debug|x86.ActiveCfg = Debug|Any CPU
		{2A0FFCF9-03B8-40E4-B410-8B62B088B6D6}.Release|Any CPU.ActiveCfg = Release|Any CPU
		{2A0FFCF9-03B8-40E4-B410-8B62B088B6D6}.Release|Any CPU.Build.0 = Release|Any CPU
		{2A0FFCF9-03B8-40E4-B410-8B62B088B6D6}.Release|Mixed Platforms.ActiveCfg = Release|Any CPU
		{2A0FFCF9-03B8-40E4-B410-8B62B088B6D6}.Release|Mixed Platforms.Build.0 = Release|Any CPU
		{2A0FFCF9-03B8-40E4-B410-8B62B088B6D6}.Release|x86.ActiveCfg = Release|Any CPU
		{36B6740D-938E-4994-9A0D-2DCB94D032B6}.Debug|Any CPU.ActiveCfg = Debug|Any CPU
		{36B6740D-938E-4994-9A0D-2DCB94D032B6}.Debug|Any CPU.Build.0 = Debug|Any CPU
		{36B6740D-938E-4994-9A0D-2DCB94D032B6}.Debug|Mixed Platforms.ActiveCfg = Debug|Any CPU
		{36B6740D-938E-4994-9A0D-2DCB94D032B6}.Debug|Mixed Platforms.Build.0 = Debug|Any CPU
		{36B6740D-938E-4994-9A0D-2DCB94D032B6}.Debug|x86.ActiveCfg = Debug|Any CPU
		{36B6740D-938E-4994-9A0D-2DCB94D032B6}.Release|Any CPU.ActiveCfg = Release|Any CPU
		{36B6740D-938E-4994-9A0D-2DCB94D032B6}.Release|Any CPU.Build.0 = Release|Any CPU
		{36B6740D-938E-4994-9A0D-2DCB94D032B6}.Release|Mixed Platforms.ActiveCfg = Release|Any CPU
		{36B6740D-938E-4994-9A0D-2DCB94D032B6}.Release|Mixed Platforms.Build.0 = Release|Any CPU
		{36B6740D-938E-4994-9A0D-2DCB94D032B6}.Release|x86.ActiveCfg = Release|Any CPU
		{C6504C8B-C482-41B9-BC6E-BEF92AF9D6FE}.Debug|Any CPU.ActiveCfg = Debug|Any CPU
		{C6504C8B-C482-41B9-BC6E-BEF92AF9D6FE}.Debug|Any CPU.Build.0 = Debug|Any CPU
		{C6504C8B-C482-41B9-BC6E-BEF92AF9D6FE}.Debug|Mixed Platforms.ActiveCfg = Debug|Any CPU
		{C6504C8B-C482-41B9-BC6E-BEF92AF9D6FE}.Debug|x86.ActiveCfg = Debug|Any CPU
		{C6504C8B-C482-41B9-BC6E-BEF92AF9D6FE}.Release|Any CPU.ActiveCfg = Release|Any CPU
		{C6504C8B-C482-41B9-BC6E-BEF92AF9D6FE}.Release|Any CPU.Build.0 = Release|Any CPU
		{C6504C8B-C482-41B9-BC6E-BEF92AF9D6FE}.Release|Mixed Platforms.ActiveCfg = Release|Any CPU
		{C6504C8B-C482-41B9-BC6E-BEF92AF9D6FE}.Release|Mixed Platforms.Build.0 = Release|Any CPU
		{C6504C8B-C482-41B9-BC6E-BEF92AF9D6FE}.Release|x86.ActiveCfg = Release|Any CPU
		{E700E7AA-08B7-44C3-8889-ACB4FAF92C90}.Debug|Any CPU.ActiveCfg = Debug|Any CPU
		{E700E7AA-08B7-44C3-8889-ACB4FAF92C90}.Debug|Any CPU.Build.0 = Debug|Any CPU
		{E700E7AA-08B7-44C3-8889-ACB4FAF92C90}.Debug|Mixed Platforms.ActiveCfg = Debug|Any CPU
		{E700E7AA-08B7-44C3-8889-ACB4FAF92C90}.Debug|Mixed Platforms.Build.0 = Debug|Any CPU
		{E700E7AA-08B7-44C3-8889-ACB4FAF92C90}.Debug|x86.ActiveCfg = Debug|Any CPU
		{E700E7AA-08B7-44C3-8889-ACB4FAF92C90}.Release|Any CPU.ActiveCfg = Release|Any CPU
		{E700E7AA-08B7-44C3-8889-ACB4FAF92C90}.Release|Any CPU.Build.0 = Release|Any CPU
		{E700E7AA-08B7-44C3-8889-ACB4FAF92C90}.Release|Mixed Platforms.ActiveCfg = Release|Any CPU
		{E700E7AA-08B7-44C3-8889-ACB4FAF92C90}.Release|Mixed Platforms.Build.0 = Release|Any CPU
		{E700E7AA-08B7-44C3-8889-ACB4FAF92C90}.Release|x86.ActiveCfg = Release|Any CPU
		{FB21EF04-FB87-484C-B15E-DCEBD1185977}.Debug|Any CPU.ActiveCfg = Debug|Any CPU
		{FB21EF04-FB87-484C-B15E-DCEBD1185977}.Debug|Any CPU.Build.0 = Debug|Any CPU
		{FB21EF04-FB87-484C-B15E-DCEBD1185977}.Debug|Mixed Platforms.ActiveCfg = Debug|Any CPU
		{FB21EF04-FB87-484C-B15E-DCEBD1185977}.Debug|Mixed Platforms.Build.0 = Debug|Any CPU
		{FB21EF04-FB87-484C-B15E-DCEBD1185977}.Debug|x86.ActiveCfg = Debug|Any CPU
		{FB21EF04-FB87-484C-B15E-DCEBD1185977}.Release|Any CPU.ActiveCfg = Release|Any CPU
		{FB21EF04-FB87-484C-B15E-DCEBD1185977}.Release|Any CPU.Build.0 = Release|Any CPU
		{FB21EF04-FB87-484C-B15E-DCEBD1185977}.Release|Mixed Platforms.ActiveCfg = Release|Any CPU
		{FB21EF04-FB87-484C-B15E-DCEBD1185977}.Release|Mixed Platforms.Build.0 = Release|Any CPU
		{FB21EF04-FB87-484C-B15E-DCEBD1185977}.Release|x86.ActiveCfg = Release|Any CPU
		{1C3E1103-65B9-48D0-8583-A38B0AD6E771}.Debug|Any CPU.ActiveCfg = Debug|x86
		{1C3E1103-65B9-48D0-8583-A38B0AD6E771}.Debug|Mixed Platforms.ActiveCfg = Debug|Any CPU
		{1C3E1103-65B9-48D0-8583-A38B0AD6E771}.Debug|Mixed Platforms.Build.0 = Debug|Any CPU
		{1C3E1103-65B9-48D0-8583-A38B0AD6E771}.Debug|x86.ActiveCfg = Debug|x86
		{1C3E1103-65B9-48D0-8583-A38B0AD6E771}.Debug|x86.Build.0 = Debug|x86
		{1C3E1103-65B9-48D0-8583-A38B0AD6E771}.Release|Any CPU.ActiveCfg = Release|x86
		{1C3E1103-65B9-48D0-8583-A38B0AD6E771}.Release|Mixed Platforms.ActiveCfg = Release|x86
		{1C3E1103-65B9-48D0-8583-A38B0AD6E771}.Release|Mixed Platforms.Build.0 = Release|x86
		{1C3E1103-65B9-48D0-8583-A38B0AD6E771}.Release|x86.ActiveCfg = Release|x86
		{1C3E1103-65B9-48D0-8583-A38B0AD6E771}.Release|x86.Build.0 = Release|x86
	EndGlobalSection
	GlobalSection(SolutionProperties) = preSolution
		HideSolutionNode = FALSE
	EndGlobalSection
	GlobalSection(NestedProjects) = preSolution
		{C73E557C-2B70-4040-9FA5-5AA2C0A95717} = {491C8DCE-3BC2-4170-97C2-EDFC5F82D627}
		{71263B26-33FD-4E0E-8843-B94842818BA0} = {491C8DCE-3BC2-4170-97C2-EDFC5F82D627}
		{2A0FFCF9-03B8-40E4-B410-8B62B088B6D6} = {491C8DCE-3BC2-4170-97C2-EDFC5F82D627}
		{36B6740D-938E-4994-9A0D-2DCB94D032B6} = {491C8DCE-3BC2-4170-97C2-EDFC5F82D627}
		{C6504C8B-C482-41B9-BC6E-BEF92AF9D6FE} = {491C8DCE-3BC2-4170-97C2-EDFC5F82D627}
		{AD4B53AD-B28A-4E90-9483-D2F7C8E6D436} = {C56DBE29-1646-4475-919E-C02CFD749263}
		{53391A99-E8CA-4262-A8E0-5F05A1CC6608} = {C56DBE29-1646-4475-919E-C02CFD749263}
		{E700E7AA-08B7-44C3-8889-ACB4FAF92C90} = {C56DBE29-1646-4475-919E-C02CFD749263}
		{747BA114-2B73-4498-98DB-89D7EFC01C46} = {D0B442B9-1C2B-44A4-8BDC-A806A13EAE94}
		{FB21EF04-FB87-484C-B15E-DCEBD1185977} = {A0A9EF8A-1017-42D9-9BE2-E736C0E4D305}
		{1C3E1103-65B9-48D0-8583-A38B0AD6E771} = {F0AE84D5-D561-4F22-B1AB-E6A0F9287A9E}
	EndGlobalSection
EndGlobal
