
Microsoft Visual Studio Solution File, Format Version 11.00
# Visual Studio 2010
Project("{2150E333-8FDC-42A3-9474-1A3956D46DE8}") = "Framework", "Framework", "{8D2675B3-0E24-4611-9ADE-AA45DF04821A}"
EndProject
Project("{2150E333-8FDC-42A3-9474-1A3956D46DE8}") = "Services", "Services", "{D8C9F98E-6442-48C1-A99F-0D3FD1E39B09}"
EndProject
Project("{FAE04EC0-301F-11D3-BF4B-00C04F79EFBC}") = "Edge.Core", "..\..\edge-framework\Edge.Core\trunk\Edge.Core.csproj", "{AD4B53AD-B28A-4E90-9483-D2F7C8E6D436}"
EndProject
Project("{FAE04EC0-301F-11D3-BF4B-00C04F79EFBC}") = "Edge.Core.Scheduling", "..\..\edge-framework\Edge.Core.Scheduling\trunk\Edge.Core.Scheduling.csproj", "{E700E7AA-08B7-44C3-8889-ACB4FAF92C90}"
EndProject
Project("{FAE04EC0-301F-11D3-BF4B-00C04F79EFBC}") = "Edge.Data.Pipeline", "..\..\edge-framework\Edge.Data.Pipeline\trunk\Edge.Data.Pipeline.csproj", "{53391A99-E8CA-4262-A8E0-5F05A1CC6608}"
EndProject
Project("{FAE04EC0-301F-11D3-BF4B-00C04F79EFBC}") = "Edge.Data.Pipeline.Metrics", "..\..\edge-framework\Edge.Data.Pipeline.Metrics\trunk\Edge.Data.Pipeline.Metrics.csproj", "{16440453-3AC6-48DA-A424-E87CE8DE09CF}"
EndProject
Project("{FAE04EC0-301F-11D3-BF4B-00C04F79EFBC}") = "Edge.Services.Google.Analytics", "..\Edge.Services.Google.Analytics\trunk\Edge.Services.Google.Analytics.csproj", "{C2150589-9BB4-4143-BD60-3BF5AC013972}"
EndProject
Project("{FAE04EC0-301F-11D3-BF4B-00C04F79EFBC}") = "Edge.Services.Facebook.GraphApi", "..\Edge.Services.Facebook.GraphApi\trunk\Edge.Services.Facebook.GraphApi.csproj", "{0CA66633-F417-4724-9FC5-5F8C6E1D72B5}"
EndProject
Project("{FAE04EC0-301F-11D3-BF4B-00C04F79EFBC}") = "Edge.Services.Microsoft.AdCenter", "..\Edge.Services.Microsoft.AdCenter\trunk\Edge.Services.Microsoft.AdCenter.csproj", "{C73E557C-2B70-4040-9FA5-5AA2C0A95717}"
EndProject
Project("{FAE04EC0-301F-11D3-BF4B-00C04F79EFBC}") = "Edge.Services.BackOffice.Generic", "..\Edge.Services.BackOffice.Generic\trunk\Edge.Services.BackOffice.Generic.csproj", "{2AAA976A-3BE0-4A44-9A74-6406C02E1BB8}"
EndProject
Project("{FAE04EC0-301F-11D3-BF4B-00C04F79EFBC}") = "Edge.Services.BackOffice.EasyForex", "..\Edge.Services.BackOffice.EasyForex\trunk\Edge.Services.BackOffice.EasyForex.csproj", "{E87CD0B6-873B-43D2-88DB-BC2D7C56F09E}"
EndProject
Project("{2150E333-8FDC-42A3-9474-1A3956D46DE8}") = "Utilities", "Utilities", "{BCD2B713-C80C-4E2C-8851-A4796A4A46A4}"
EndProject
Project("{FAE04EC0-301F-11D3-BF4B-00C04F79EFBC}") = "Edge.Applications.TempScheduler", "..\..\utilities\Edge.Applications.TempScheduler (2.9)\trunk\Edge.Applications.TempScheduler.csproj", "{1C3E1103-65B9-48D0-8583-A38B0AD6E771}"
EndProject
Project("{FAE04EC0-301F-11D3-BF4B-00C04F79EFBC}") = "Edge.Services.AdMetrics.Validations", "..\Edge.Services.AdMetrics.Validations\trunk\Edge.Services.AdMetrics.Validations.csproj", "{C6504C8B-C482-41B9-BC6E-BEF92AF9D6FE}"
EndProject
Project("{FAE04EC0-301F-11D3-BF4B-00C04F79EFBC}") = "Edge.Services.GenericMetrics.Validations", "..\Edge.Services.GenericMetrics.Validations\trunk\Edge.Services.GenericMetrics.Validations.csproj", "{7CBBE059-4A66-4DFF-81C7-EDA1D7094218}"
EndProject
Project("{2150E333-8FDC-42A3-9474-1A3956D46DE8}") = "Processes", "Processes", "{1E140078-FA5E-47D4-98C5-49D5590CED73}"
EndProject
Project("{FAE04EC0-301F-11D3-BF4B-00C04F79EFBC}") = "Edge.Processes.DirectoryWatcher", "..\..\edge-processes\Edge.Processes.DirectoryWatcher\trunk\Edge.Processes.DirectoryWatcher.csproj", "{FB21EF04-FB87-484C-B15E-DCEBD1185977}"
EndProject
Project("{FAE04EC0-301F-11D3-BF4B-00C04F79EFBC}") = "Edge.Processes.SchedulingCaller", "..\..\edge-processes\Edge.Processes.SchedulingCaller\trunk\Edge.Processes.SchedulingCaller.csproj", "{D38C000D-2899-41D6-892B-4A431FB0DDBF}"
EndProject
Project("{FAE04EC0-301F-11D3-BF4B-00C04F79EFBC}") = "Edge.Services.SalesForce", "..\Edge.Services.SalesForce\Edge.Services.SalesForce.csproj", "{C4C1D909-D765-42AD-8FA8-F51A3D93457D}"
EndProject
Project("{FAE04EC0-301F-11D3-BF4B-00C04F79EFBC}") = "Edge.Services.Google.AdWords", "..\Edge.Services.Google.AdWords\trunk\Edge.Services.Google.AdWords.csproj", "{4EAEB38D-BB85-433A-99DE-23B722316AEB}"
EndProject
Project("{FAE04EC0-301F-11D3-BF4B-00C04F79EFBC}") = "Edge.SDK.ServiceTester", "..\..\edge-sdk\Applications\Edge.SDK.ServiceTester\trunk\Edge.SDK.ServiceTester.csproj", "{747BA114-2B73-4498-98DB-89D7EFC01C46}"
EndProject
Global
	GlobalSection(SolutionConfigurationPlatforms) = preSolution
		DebubNewScheduling|Any CPU = DebubNewScheduling|Any CPU
		DebubNewScheduling|Mixed Platforms = DebubNewScheduling|Mixed Platforms
		DebubNewScheduling|x86 = DebubNewScheduling|x86
		Debug|Any CPU = Debug|Any CPU
		Debug|Mixed Platforms = Debug|Mixed Platforms
		Debug|x86 = Debug|x86
		Edge|Any CPU = Edge|Any CPU
		Edge|Mixed Platforms = Edge|Mixed Platforms
		Edge|x86 = Edge|x86
		Release|Any CPU = Release|Any CPU
		Release|Mixed Platforms = Release|Mixed Platforms
		Release|x86 = Release|x86
		Seperia.Facebook.UpdateCampaignStatus|Any CPU = Seperia.Facebook.UpdateCampaignStatus|Any CPU
		Seperia.Facebook.UpdateCampaignStatus|Mixed Platforms = Seperia.Facebook.UpdateCampaignStatus|Mixed Platforms
		Seperia.Facebook.UpdateCampaignStatus|x86 = Seperia.Facebook.UpdateCampaignStatus|x86
		Seperia|Any CPU = Seperia|Any CPU
		Seperia|Mixed Platforms = Seperia|Mixed Platforms
		Seperia|x86 = Seperia|x86
	EndGlobalSection
	GlobalSection(ProjectConfigurationPlatforms) = postSolution
		{AD4B53AD-B28A-4E90-9483-D2F7C8E6D436}.DebubNewScheduling|Any CPU.ActiveCfg = Debug|Any CPU
		{AD4B53AD-B28A-4E90-9483-D2F7C8E6D436}.DebubNewScheduling|Any CPU.Build.0 = Debug|Any CPU
		{AD4B53AD-B28A-4E90-9483-D2F7C8E6D436}.DebubNewScheduling|Mixed Platforms.ActiveCfg = Debug|Any CPU
		{AD4B53AD-B28A-4E90-9483-D2F7C8E6D436}.DebubNewScheduling|Mixed Platforms.Build.0 = Debug|Any CPU
		{AD4B53AD-B28A-4E90-9483-D2F7C8E6D436}.DebubNewScheduling|x86.ActiveCfg = Debug|Any CPU
		{AD4B53AD-B28A-4E90-9483-D2F7C8E6D436}.Debug|Any CPU.ActiveCfg = Debug|Any CPU
		{AD4B53AD-B28A-4E90-9483-D2F7C8E6D436}.Debug|Any CPU.Build.0 = Debug|Any CPU
		{AD4B53AD-B28A-4E90-9483-D2F7C8E6D436}.Debug|Mixed Platforms.ActiveCfg = Debug|Any CPU
		{AD4B53AD-B28A-4E90-9483-D2F7C8E6D436}.Debug|Mixed Platforms.Build.0 = Debug|Any CPU
		{AD4B53AD-B28A-4E90-9483-D2F7C8E6D436}.Debug|x86.ActiveCfg = Debug|Any CPU
		{AD4B53AD-B28A-4E90-9483-D2F7C8E6D436}.Edge|Any CPU.ActiveCfg = Release|Any CPU
		{AD4B53AD-B28A-4E90-9483-D2F7C8E6D436}.Edge|Any CPU.Build.0 = Release|Any CPU
		{AD4B53AD-B28A-4E90-9483-D2F7C8E6D436}.Edge|Mixed Platforms.ActiveCfg = Release|Any CPU
		{AD4B53AD-B28A-4E90-9483-D2F7C8E6D436}.Edge|Mixed Platforms.Build.0 = Release|Any CPU
		{AD4B53AD-B28A-4E90-9483-D2F7C8E6D436}.Edge|x86.ActiveCfg = Release|Any CPU
		{AD4B53AD-B28A-4E90-9483-D2F7C8E6D436}.Release|Any CPU.ActiveCfg = Release|Any CPU
		{AD4B53AD-B28A-4E90-9483-D2F7C8E6D436}.Release|Any CPU.Build.0 = Release|Any CPU
		{AD4B53AD-B28A-4E90-9483-D2F7C8E6D436}.Release|Mixed Platforms.ActiveCfg = Release|Any CPU
		{AD4B53AD-B28A-4E90-9483-D2F7C8E6D436}.Release|Mixed Platforms.Build.0 = Release|Any CPU
		{AD4B53AD-B28A-4E90-9483-D2F7C8E6D436}.Release|x86.ActiveCfg = Release|Any CPU
		{AD4B53AD-B28A-4E90-9483-D2F7C8E6D436}.Seperia.Facebook.UpdateCampaignStatus|Any CPU.ActiveCfg = Release|Any CPU
		{AD4B53AD-B28A-4E90-9483-D2F7C8E6D436}.Seperia.Facebook.UpdateCampaignStatus|Any CPU.Build.0 = Release|Any CPU
		{AD4B53AD-B28A-4E90-9483-D2F7C8E6D436}.Seperia.Facebook.UpdateCampaignStatus|Mixed Platforms.ActiveCfg = Release|Any CPU
		{AD4B53AD-B28A-4E90-9483-D2F7C8E6D436}.Seperia.Facebook.UpdateCampaignStatus|Mixed Platforms.Build.0 = Release|Any CPU
		{AD4B53AD-B28A-4E90-9483-D2F7C8E6D436}.Seperia.Facebook.UpdateCampaignStatus|x86.ActiveCfg = Release|Any CPU
		{AD4B53AD-B28A-4E90-9483-D2F7C8E6D436}.Seperia|Any CPU.ActiveCfg = Release|Any CPU
		{AD4B53AD-B28A-4E90-9483-D2F7C8E6D436}.Seperia|Any CPU.Build.0 = Release|Any CPU
		{AD4B53AD-B28A-4E90-9483-D2F7C8E6D436}.Seperia|Mixed Platforms.ActiveCfg = Release|Any CPU
		{AD4B53AD-B28A-4E90-9483-D2F7C8E6D436}.Seperia|Mixed Platforms.Build.0 = Release|Any CPU
		{AD4B53AD-B28A-4E90-9483-D2F7C8E6D436}.Seperia|x86.ActiveCfg = Release|Any CPU
		{E700E7AA-08B7-44C3-8889-ACB4FAF92C90}.DebubNewScheduling|Any CPU.ActiveCfg = DebubNewScheduling|Any CPU
		{E700E7AA-08B7-44C3-8889-ACB4FAF92C90}.DebubNewScheduling|Any CPU.Build.0 = DebubNewScheduling|Any CPU
		{E700E7AA-08B7-44C3-8889-ACB4FAF92C90}.DebubNewScheduling|Mixed Platforms.ActiveCfg = DebubNewScheduling|Any CPU
		{E700E7AA-08B7-44C3-8889-ACB4FAF92C90}.DebubNewScheduling|Mixed Platforms.Build.0 = DebubNewScheduling|Any CPU
		{E700E7AA-08B7-44C3-8889-ACB4FAF92C90}.DebubNewScheduling|x86.ActiveCfg = DebubNewScheduling|Any CPU
		{E700E7AA-08B7-44C3-8889-ACB4FAF92C90}.Debug|Any CPU.ActiveCfg = Debug|Any CPU
		{E700E7AA-08B7-44C3-8889-ACB4FAF92C90}.Debug|Any CPU.Build.0 = Debug|Any CPU
		{E700E7AA-08B7-44C3-8889-ACB4FAF92C90}.Debug|Mixed Platforms.ActiveCfg = Debug|Any CPU
		{E700E7AA-08B7-44C3-8889-ACB4FAF92C90}.Debug|Mixed Platforms.Build.0 = Debug|Any CPU
		{E700E7AA-08B7-44C3-8889-ACB4FAF92C90}.Debug|x86.ActiveCfg = Debug|Any CPU
		{E700E7AA-08B7-44C3-8889-ACB4FAF92C90}.Edge|Any CPU.ActiveCfg = DebubNewScheduling|Any CPU
		{E700E7AA-08B7-44C3-8889-ACB4FAF92C90}.Edge|Any CPU.Build.0 = DebubNewScheduling|Any CPU
		{E700E7AA-08B7-44C3-8889-ACB4FAF92C90}.Edge|Mixed Platforms.ActiveCfg = DebubNewScheduling|Any CPU
		{E700E7AA-08B7-44C3-8889-ACB4FAF92C90}.Edge|Mixed Platforms.Build.0 = DebubNewScheduling|Any CPU
		{E700E7AA-08B7-44C3-8889-ACB4FAF92C90}.Edge|x86.ActiveCfg = DebubNewScheduling|Any CPU
		{E700E7AA-08B7-44C3-8889-ACB4FAF92C90}.Release|Any CPU.ActiveCfg = Release|Any CPU
		{E700E7AA-08B7-44C3-8889-ACB4FAF92C90}.Release|Any CPU.Build.0 = Release|Any CPU
		{E700E7AA-08B7-44C3-8889-ACB4FAF92C90}.Release|Mixed Platforms.ActiveCfg = Release|Any CPU
		{E700E7AA-08B7-44C3-8889-ACB4FAF92C90}.Release|Mixed Platforms.Build.0 = Release|Any CPU
		{E700E7AA-08B7-44C3-8889-ACB4FAF92C90}.Release|x86.ActiveCfg = Release|Any CPU
		{E700E7AA-08B7-44C3-8889-ACB4FAF92C90}.Seperia.Facebook.UpdateCampaignStatus|Any CPU.ActiveCfg = Seperia.Facebook.UpdateCampaignStatus|Any CPU
		{E700E7AA-08B7-44C3-8889-ACB4FAF92C90}.Seperia.Facebook.UpdateCampaignStatus|Any CPU.Build.0 = Seperia.Facebook.UpdateCampaignStatus|Any CPU
		{E700E7AA-08B7-44C3-8889-ACB4FAF92C90}.Seperia.Facebook.UpdateCampaignStatus|Mixed Platforms.ActiveCfg = Seperia.Facebook.UpdateCampaignStatus|Any CPU
		{E700E7AA-08B7-44C3-8889-ACB4FAF92C90}.Seperia.Facebook.UpdateCampaignStatus|Mixed Platforms.Build.0 = Seperia.Facebook.UpdateCampaignStatus|Any CPU
		{E700E7AA-08B7-44C3-8889-ACB4FAF92C90}.Seperia.Facebook.UpdateCampaignStatus|x86.ActiveCfg = Seperia.Facebook.UpdateCampaignStatus|Any CPU
		{E700E7AA-08B7-44C3-8889-ACB4FAF92C90}.Seperia|Any CPU.ActiveCfg = Seperia.Facebook.UpdateCampaignStatus|Any CPU
		{E700E7AA-08B7-44C3-8889-ACB4FAF92C90}.Seperia|Any CPU.Build.0 = Seperia.Facebook.UpdateCampaignStatus|Any CPU
		{E700E7AA-08B7-44C3-8889-ACB4FAF92C90}.Seperia|Mixed Platforms.ActiveCfg = Seperia.Facebook.UpdateCampaignStatus|Any CPU
		{E700E7AA-08B7-44C3-8889-ACB4FAF92C90}.Seperia|Mixed Platforms.Build.0 = Seperia.Facebook.UpdateCampaignStatus|Any CPU
		{E700E7AA-08B7-44C3-8889-ACB4FAF92C90}.Seperia|x86.ActiveCfg = Seperia.Facebook.UpdateCampaignStatus|Any CPU
		{53391A99-E8CA-4262-A8E0-5F05A1CC6608}.DebubNewScheduling|Any CPU.ActiveCfg = Debug|Any CPU
		{53391A99-E8CA-4262-A8E0-5F05A1CC6608}.DebubNewScheduling|Any CPU.Build.0 = Debug|Any CPU
		{53391A99-E8CA-4262-A8E0-5F05A1CC6608}.DebubNewScheduling|Mixed Platforms.ActiveCfg = Debug|Any CPU
		{53391A99-E8CA-4262-A8E0-5F05A1CC6608}.DebubNewScheduling|Mixed Platforms.Build.0 = Debug|Any CPU
		{53391A99-E8CA-4262-A8E0-5F05A1CC6608}.DebubNewScheduling|x86.ActiveCfg = Debug|Any CPU
		{53391A99-E8CA-4262-A8E0-5F05A1CC6608}.Debug|Any CPU.ActiveCfg = Debug|Any CPU
		{53391A99-E8CA-4262-A8E0-5F05A1CC6608}.Debug|Any CPU.Build.0 = Debug|Any CPU
		{53391A99-E8CA-4262-A8E0-5F05A1CC6608}.Debug|Mixed Platforms.ActiveCfg = Debug|Any CPU
		{53391A99-E8CA-4262-A8E0-5F05A1CC6608}.Debug|Mixed Platforms.Build.0 = Debug|Any CPU
		{53391A99-E8CA-4262-A8E0-5F05A1CC6608}.Debug|x86.ActiveCfg = Debug|Any CPU
		{53391A99-E8CA-4262-A8E0-5F05A1CC6608}.Edge|Any CPU.ActiveCfg = Release|Any CPU
		{53391A99-E8CA-4262-A8E0-5F05A1CC6608}.Edge|Any CPU.Build.0 = Release|Any CPU
		{53391A99-E8CA-4262-A8E0-5F05A1CC6608}.Edge|Mixed Platforms.ActiveCfg = Release|Any CPU
		{53391A99-E8CA-4262-A8E0-5F05A1CC6608}.Edge|Mixed Platforms.Build.0 = Release|Any CPU
		{53391A99-E8CA-4262-A8E0-5F05A1CC6608}.Edge|x86.ActiveCfg = Release|Any CPU
		{53391A99-E8CA-4262-A8E0-5F05A1CC6608}.Release|Any CPU.ActiveCfg = Release|Any CPU
		{53391A99-E8CA-4262-A8E0-5F05A1CC6608}.Release|Any CPU.Build.0 = Release|Any CPU
		{53391A99-E8CA-4262-A8E0-5F05A1CC6608}.Release|Mixed Platforms.ActiveCfg = Release|Any CPU
		{53391A99-E8CA-4262-A8E0-5F05A1CC6608}.Release|Mixed Platforms.Build.0 = Release|Any CPU
		{53391A99-E8CA-4262-A8E0-5F05A1CC6608}.Release|x86.ActiveCfg = Release|Any CPU
		{53391A99-E8CA-4262-A8E0-5F05A1CC6608}.Seperia.Facebook.UpdateCampaignStatus|Any CPU.ActiveCfg = Release|Any CPU
		{53391A99-E8CA-4262-A8E0-5F05A1CC6608}.Seperia.Facebook.UpdateCampaignStatus|Any CPU.Build.0 = Release|Any CPU
		{53391A99-E8CA-4262-A8E0-5F05A1CC6608}.Seperia.Facebook.UpdateCampaignStatus|Mixed Platforms.ActiveCfg = Release|Any CPU
		{53391A99-E8CA-4262-A8E0-5F05A1CC6608}.Seperia.Facebook.UpdateCampaignStatus|Mixed Platforms.Build.0 = Release|Any CPU
		{53391A99-E8CA-4262-A8E0-5F05A1CC6608}.Seperia.Facebook.UpdateCampaignStatus|x86.ActiveCfg = Release|Any CPU
		{53391A99-E8CA-4262-A8E0-5F05A1CC6608}.Seperia|Any CPU.ActiveCfg = Release|Any CPU
		{53391A99-E8CA-4262-A8E0-5F05A1CC6608}.Seperia|Any CPU.Build.0 = Release|Any CPU
		{53391A99-E8CA-4262-A8E0-5F05A1CC6608}.Seperia|Mixed Platforms.ActiveCfg = Release|Any CPU
		{53391A99-E8CA-4262-A8E0-5F05A1CC6608}.Seperia|Mixed Platforms.Build.0 = Release|Any CPU
		{53391A99-E8CA-4262-A8E0-5F05A1CC6608}.Seperia|x86.ActiveCfg = Release|Any CPU
		{16440453-3AC6-48DA-A424-E87CE8DE09CF}.DebubNewScheduling|Any CPU.ActiveCfg = Debug|Any CPU
		{16440453-3AC6-48DA-A424-E87CE8DE09CF}.DebubNewScheduling|Any CPU.Build.0 = Debug|Any CPU
		{16440453-3AC6-48DA-A424-E87CE8DE09CF}.DebubNewScheduling|Mixed Platforms.ActiveCfg = Debug|Any CPU
		{16440453-3AC6-48DA-A424-E87CE8DE09CF}.DebubNewScheduling|Mixed Platforms.Build.0 = Debug|Any CPU
		{16440453-3AC6-48DA-A424-E87CE8DE09CF}.DebubNewScheduling|x86.ActiveCfg = Debug|Any CPU
		{16440453-3AC6-48DA-A424-E87CE8DE09CF}.Debug|Any CPU.ActiveCfg = Debug|Any CPU
		{16440453-3AC6-48DA-A424-E87CE8DE09CF}.Debug|Any CPU.Build.0 = Debug|Any CPU
		{16440453-3AC6-48DA-A424-E87CE8DE09CF}.Debug|Mixed Platforms.ActiveCfg = Debug|Any CPU
		{16440453-3AC6-48DA-A424-E87CE8DE09CF}.Debug|Mixed Platforms.Build.0 = Debug|Any CPU
		{16440453-3AC6-48DA-A424-E87CE8DE09CF}.Debug|x86.ActiveCfg = Debug|Any CPU
		{16440453-3AC6-48DA-A424-E87CE8DE09CF}.Edge|Any CPU.ActiveCfg = Release|Any CPU
		{16440453-3AC6-48DA-A424-E87CE8DE09CF}.Edge|Any CPU.Build.0 = Release|Any CPU
		{16440453-3AC6-48DA-A424-E87CE8DE09CF}.Edge|Mixed Platforms.ActiveCfg = Release|Any CPU
		{16440453-3AC6-48DA-A424-E87CE8DE09CF}.Edge|Mixed Platforms.Build.0 = Release|Any CPU
		{16440453-3AC6-48DA-A424-E87CE8DE09CF}.Edge|x86.ActiveCfg = Release|Any CPU
		{16440453-3AC6-48DA-A424-E87CE8DE09CF}.Release|Any CPU.ActiveCfg = Release|Any CPU
		{16440453-3AC6-48DA-A424-E87CE8DE09CF}.Release|Any CPU.Build.0 = Release|Any CPU
		{16440453-3AC6-48DA-A424-E87CE8DE09CF}.Release|Mixed Platforms.ActiveCfg = Release|Any CPU
		{16440453-3AC6-48DA-A424-E87CE8DE09CF}.Release|Mixed Platforms.Build.0 = Release|Any CPU
		{16440453-3AC6-48DA-A424-E87CE8DE09CF}.Release|x86.ActiveCfg = Release|Any CPU
		{16440453-3AC6-48DA-A424-E87CE8DE09CF}.Seperia.Facebook.UpdateCampaignStatus|Any CPU.ActiveCfg = Release|Any CPU
		{16440453-3AC6-48DA-A424-E87CE8DE09CF}.Seperia.Facebook.UpdateCampaignStatus|Any CPU.Build.0 = Release|Any CPU
		{16440453-3AC6-48DA-A424-E87CE8DE09CF}.Seperia.Facebook.UpdateCampaignStatus|Mixed Platforms.ActiveCfg = Release|Any CPU
		{16440453-3AC6-48DA-A424-E87CE8DE09CF}.Seperia.Facebook.UpdateCampaignStatus|Mixed Platforms.Build.0 = Release|Any CPU
		{16440453-3AC6-48DA-A424-E87CE8DE09CF}.Seperia.Facebook.UpdateCampaignStatus|x86.ActiveCfg = Release|Any CPU
		{16440453-3AC6-48DA-A424-E87CE8DE09CF}.Seperia|Any CPU.ActiveCfg = Release|Any CPU
		{16440453-3AC6-48DA-A424-E87CE8DE09CF}.Seperia|Any CPU.Build.0 = Release|Any CPU
		{16440453-3AC6-48DA-A424-E87CE8DE09CF}.Seperia|Mixed Platforms.ActiveCfg = Release|Any CPU
		{16440453-3AC6-48DA-A424-E87CE8DE09CF}.Seperia|Mixed Platforms.Build.0 = Release|Any CPU
		{16440453-3AC6-48DA-A424-E87CE8DE09CF}.Seperia|x86.ActiveCfg = Release|Any CPU
		{C2150589-9BB4-4143-BD60-3BF5AC013972}.DebubNewScheduling|Any CPU.ActiveCfg = Debug|Any CPU
		{C2150589-9BB4-4143-BD60-3BF5AC013972}.DebubNewScheduling|Any CPU.Build.0 = Debug|Any CPU
		{C2150589-9BB4-4143-BD60-3BF5AC013972}.DebubNewScheduling|Mixed Platforms.ActiveCfg = Debug|Any CPU
		{C2150589-9BB4-4143-BD60-3BF5AC013972}.DebubNewScheduling|Mixed Platforms.Build.0 = Debug|Any CPU
		{C2150589-9BB4-4143-BD60-3BF5AC013972}.DebubNewScheduling|x86.ActiveCfg = Debug|Any CPU
		{C2150589-9BB4-4143-BD60-3BF5AC013972}.Debug|Any CPU.ActiveCfg = Debug|Any CPU
		{C2150589-9BB4-4143-BD60-3BF5AC013972}.Debug|Any CPU.Build.0 = Debug|Any CPU
		{C2150589-9BB4-4143-BD60-3BF5AC013972}.Debug|Mixed Platforms.ActiveCfg = Debug|Any CPU
		{C2150589-9BB4-4143-BD60-3BF5AC013972}.Debug|Mixed Platforms.Build.0 = Debug|Any CPU
		{C2150589-9BB4-4143-BD60-3BF5AC013972}.Debug|x86.ActiveCfg = Debug|Any CPU
		{C2150589-9BB4-4143-BD60-3BF5AC013972}.Edge|Any CPU.ActiveCfg = Seperia.Facebook.UpdateCampaignStatus|Any CPU
		{C2150589-9BB4-4143-BD60-3BF5AC013972}.Edge|Any CPU.Build.0 = Seperia.Facebook.UpdateCampaignStatus|Any CPU
		{C2150589-9BB4-4143-BD60-3BF5AC013972}.Edge|Mixed Platforms.ActiveCfg = Seperia.Facebook.UpdateCampaignStatus|Any CPU
		{C2150589-9BB4-4143-BD60-3BF5AC013972}.Edge|Mixed Platforms.Build.0 = Seperia.Facebook.UpdateCampaignStatus|Any CPU
		{C2150589-9BB4-4143-BD60-3BF5AC013972}.Edge|x86.ActiveCfg = Seperia.Facebook.UpdateCampaignStatus|Any CPU
		{C2150589-9BB4-4143-BD60-3BF5AC013972}.Release|Any CPU.ActiveCfg = Release|Any CPU
		{C2150589-9BB4-4143-BD60-3BF5AC013972}.Release|Any CPU.Build.0 = Release|Any CPU
		{C2150589-9BB4-4143-BD60-3BF5AC013972}.Release|Mixed Platforms.ActiveCfg = Release|Any CPU
		{C2150589-9BB4-4143-BD60-3BF5AC013972}.Release|Mixed Platforms.Build.0 = Release|Any CPU
		{C2150589-9BB4-4143-BD60-3BF5AC013972}.Release|x86.ActiveCfg = Release|Any CPU
		{C2150589-9BB4-4143-BD60-3BF5AC013972}.Seperia.Facebook.UpdateCampaignStatus|Any CPU.ActiveCfg = Seperia.Facebook.UpdateCampaignStatus|Any CPU
		{C2150589-9BB4-4143-BD60-3BF5AC013972}.Seperia.Facebook.UpdateCampaignStatus|Any CPU.Build.0 = Seperia.Facebook.UpdateCampaignStatus|Any CPU
		{C2150589-9BB4-4143-BD60-3BF5AC013972}.Seperia.Facebook.UpdateCampaignStatus|Mixed Platforms.ActiveCfg = Seperia.Facebook.UpdateCampaignStatus|Any CPU
		{C2150589-9BB4-4143-BD60-3BF5AC013972}.Seperia.Facebook.UpdateCampaignStatus|Mixed Platforms.Build.0 = Seperia.Facebook.UpdateCampaignStatus|Any CPU
		{C2150589-9BB4-4143-BD60-3BF5AC013972}.Seperia.Facebook.UpdateCampaignStatus|x86.ActiveCfg = Seperia.Facebook.UpdateCampaignStatus|Any CPU
		{C2150589-9BB4-4143-BD60-3BF5AC013972}.Seperia|Any CPU.ActiveCfg = Seperia.Facebook.UpdateCampaignStatus|Any CPU
		{C2150589-9BB4-4143-BD60-3BF5AC013972}.Seperia|Any CPU.Build.0 = Seperia.Facebook.UpdateCampaignStatus|Any CPU
		{C2150589-9BB4-4143-BD60-3BF5AC013972}.Seperia|Mixed Platforms.ActiveCfg = Seperia.Facebook.UpdateCampaignStatus|Any CPU
		{C2150589-9BB4-4143-BD60-3BF5AC013972}.Seperia|Mixed Platforms.Build.0 = Seperia.Facebook.UpdateCampaignStatus|Any CPU
		{C2150589-9BB4-4143-BD60-3BF5AC013972}.Seperia|x86.ActiveCfg = Seperia.Facebook.UpdateCampaignStatus|Any CPU
		{0CA66633-F417-4724-9FC5-5F8C6E1D72B5}.DebubNewScheduling|Any CPU.ActiveCfg = DebubNewScheduling|Any CPU
		{0CA66633-F417-4724-9FC5-5F8C6E1D72B5}.DebubNewScheduling|Any CPU.Build.0 = DebubNewScheduling|Any CPU
		{0CA66633-F417-4724-9FC5-5F8C6E1D72B5}.DebubNewScheduling|Mixed Platforms.ActiveCfg = DebubNewScheduling|Any CPU
		{0CA66633-F417-4724-9FC5-5F8C6E1D72B5}.DebubNewScheduling|Mixed Platforms.Build.0 = DebubNewScheduling|Any CPU
		{0CA66633-F417-4724-9FC5-5F8C6E1D72B5}.DebubNewScheduling|x86.ActiveCfg = DebubNewScheduling|Any CPU
		{0CA66633-F417-4724-9FC5-5F8C6E1D72B5}.Debug|Any CPU.ActiveCfg = Debug|Any CPU
		{0CA66633-F417-4724-9FC5-5F8C6E1D72B5}.Debug|Any CPU.Build.0 = Debug|Any CPU
		{0CA66633-F417-4724-9FC5-5F8C6E1D72B5}.Debug|Mixed Platforms.ActiveCfg = Debug|Any CPU
		{0CA66633-F417-4724-9FC5-5F8C6E1D72B5}.Debug|Mixed Platforms.Build.0 = Debug|Any CPU
		{0CA66633-F417-4724-9FC5-5F8C6E1D72B5}.Debug|x86.ActiveCfg = Debug|Any CPU
		{0CA66633-F417-4724-9FC5-5F8C6E1D72B5}.Edge|Any CPU.ActiveCfg = DebubNewScheduling|Any CPU
		{0CA66633-F417-4724-9FC5-5F8C6E1D72B5}.Edge|Any CPU.Build.0 = DebubNewScheduling|Any CPU
		{0CA66633-F417-4724-9FC5-5F8C6E1D72B5}.Edge|Mixed Platforms.ActiveCfg = DebubNewScheduling|Any CPU
		{0CA66633-F417-4724-9FC5-5F8C6E1D72B5}.Edge|Mixed Platforms.Build.0 = DebubNewScheduling|Any CPU
		{0CA66633-F417-4724-9FC5-5F8C6E1D72B5}.Edge|x86.ActiveCfg = DebubNewScheduling|Any CPU
		{0CA66633-F417-4724-9FC5-5F8C6E1D72B5}.Release|Any CPU.ActiveCfg = Release|Any CPU
		{0CA66633-F417-4724-9FC5-5F8C6E1D72B5}.Release|Any CPU.Build.0 = Release|Any CPU
		{0CA66633-F417-4724-9FC5-5F8C6E1D72B5}.Release|Mixed Platforms.ActiveCfg = Release|Any CPU
		{0CA66633-F417-4724-9FC5-5F8C6E1D72B5}.Release|Mixed Platforms.Build.0 = Release|Any CPU
		{0CA66633-F417-4724-9FC5-5F8C6E1D72B5}.Release|x86.ActiveCfg = Release|Any CPU
		{0CA66633-F417-4724-9FC5-5F8C6E1D72B5}.Seperia.Facebook.UpdateCampaignStatus|Any CPU.ActiveCfg = Seperia.Facebook.UpdateCampaignStatus|Any CPU
		{0CA66633-F417-4724-9FC5-5F8C6E1D72B5}.Seperia.Facebook.UpdateCampaignStatus|Any CPU.Build.0 = Seperia.Facebook.UpdateCampaignStatus|Any CPU
		{0CA66633-F417-4724-9FC5-5F8C6E1D72B5}.Seperia.Facebook.UpdateCampaignStatus|Mixed Platforms.ActiveCfg = Seperia.Facebook.UpdateCampaignStatus|Any CPU
		{0CA66633-F417-4724-9FC5-5F8C6E1D72B5}.Seperia.Facebook.UpdateCampaignStatus|Mixed Platforms.Build.0 = Seperia.Facebook.UpdateCampaignStatus|Any CPU
		{0CA66633-F417-4724-9FC5-5F8C6E1D72B5}.Seperia.Facebook.UpdateCampaignStatus|x86.ActiveCfg = Seperia.Facebook.UpdateCampaignStatus|Any CPU
		{0CA66633-F417-4724-9FC5-5F8C6E1D72B5}.Seperia|Any CPU.ActiveCfg = Seperia.Facebook.UpdateCampaignStatus|Any CPU
		{0CA66633-F417-4724-9FC5-5F8C6E1D72B5}.Seperia|Any CPU.Build.0 = Seperia.Facebook.UpdateCampaignStatus|Any CPU
		{0CA66633-F417-4724-9FC5-5F8C6E1D72B5}.Seperia|Mixed Platforms.ActiveCfg = Seperia.Facebook.UpdateCampaignStatus|Any CPU
		{0CA66633-F417-4724-9FC5-5F8C6E1D72B5}.Seperia|Mixed Platforms.Build.0 = Seperia.Facebook.UpdateCampaignStatus|Any CPU
		{0CA66633-F417-4724-9FC5-5F8C6E1D72B5}.Seperia|x86.ActiveCfg = Seperia.Facebook.UpdateCampaignStatus|Any CPU
		{C73E557C-2B70-4040-9FA5-5AA2C0A95717}.DebubNewScheduling|Any CPU.ActiveCfg = Debug|Any CPU
		{C73E557C-2B70-4040-9FA5-5AA2C0A95717}.DebubNewScheduling|Any CPU.Build.0 = Debug|Any CPU
		{C73E557C-2B70-4040-9FA5-5AA2C0A95717}.DebubNewScheduling|Mixed Platforms.ActiveCfg = Debug|Any CPU
		{C73E557C-2B70-4040-9FA5-5AA2C0A95717}.DebubNewScheduling|Mixed Platforms.Build.0 = Debug|Any CPU
		{C73E557C-2B70-4040-9FA5-5AA2C0A95717}.DebubNewScheduling|x86.ActiveCfg = Debug|Any CPU
		{C73E557C-2B70-4040-9FA5-5AA2C0A95717}.Debug|Any CPU.ActiveCfg = Debug|Any CPU
		{C73E557C-2B70-4040-9FA5-5AA2C0A95717}.Debug|Any CPU.Build.0 = Debug|Any CPU
		{C73E557C-2B70-4040-9FA5-5AA2C0A95717}.Debug|Mixed Platforms.ActiveCfg = Debug|Any CPU
		{C73E557C-2B70-4040-9FA5-5AA2C0A95717}.Debug|Mixed Platforms.Build.0 = Debug|Any CPU
		{C73E557C-2B70-4040-9FA5-5AA2C0A95717}.Debug|x86.ActiveCfg = Debug|Any CPU
		{C73E557C-2B70-4040-9FA5-5AA2C0A95717}.Edge|Any CPU.ActiveCfg = Seperia.Facebook.UpdateCampaignStatus|Any CPU
		{C73E557C-2B70-4040-9FA5-5AA2C0A95717}.Edge|Any CPU.Build.0 = Seperia.Facebook.UpdateCampaignStatus|Any CPU
		{C73E557C-2B70-4040-9FA5-5AA2C0A95717}.Edge|Mixed Platforms.ActiveCfg = Seperia.Facebook.UpdateCampaignStatus|Any CPU
		{C73E557C-2B70-4040-9FA5-5AA2C0A95717}.Edge|Mixed Platforms.Build.0 = Seperia.Facebook.UpdateCampaignStatus|Any CPU
		{C73E557C-2B70-4040-9FA5-5AA2C0A95717}.Edge|x86.ActiveCfg = Seperia.Facebook.UpdateCampaignStatus|Any CPU
		{C73E557C-2B70-4040-9FA5-5AA2C0A95717}.Release|Any CPU.ActiveCfg = Release|Any CPU
		{C73E557C-2B70-4040-9FA5-5AA2C0A95717}.Release|Any CPU.Build.0 = Release|Any CPU
		{C73E557C-2B70-4040-9FA5-5AA2C0A95717}.Release|Mixed Platforms.ActiveCfg = Release|Any CPU
		{C73E557C-2B70-4040-9FA5-5AA2C0A95717}.Release|Mixed Platforms.Build.0 = Release|Any CPU
		{C73E557C-2B70-4040-9FA5-5AA2C0A95717}.Release|x86.ActiveCfg = Release|Any CPU
		{C73E557C-2B70-4040-9FA5-5AA2C0A95717}.Seperia.Facebook.UpdateCampaignStatus|Any CPU.ActiveCfg = Seperia.Facebook.UpdateCampaignStatus|Any CPU
		{C73E557C-2B70-4040-9FA5-5AA2C0A95717}.Seperia.Facebook.UpdateCampaignStatus|Any CPU.Build.0 = Seperia.Facebook.UpdateCampaignStatus|Any CPU
		{C73E557C-2B70-4040-9FA5-5AA2C0A95717}.Seperia.Facebook.UpdateCampaignStatus|Mixed Platforms.ActiveCfg = Seperia.Facebook.UpdateCampaignStatus|Any CPU
		{C73E557C-2B70-4040-9FA5-5AA2C0A95717}.Seperia.Facebook.UpdateCampaignStatus|Mixed Platforms.Build.0 = Seperia.Facebook.UpdateCampaignStatus|Any CPU
		{C73E557C-2B70-4040-9FA5-5AA2C0A95717}.Seperia.Facebook.UpdateCampaignStatus|x86.ActiveCfg = Seperia.Facebook.UpdateCampaignStatus|Any CPU
		{C73E557C-2B70-4040-9FA5-5AA2C0A95717}.Seperia|Any CPU.ActiveCfg = Seperia.Facebook.UpdateCampaignStatus|Any CPU
		{C73E557C-2B70-4040-9FA5-5AA2C0A95717}.Seperia|Any CPU.Build.0 = Seperia.Facebook.UpdateCampaignStatus|Any CPU
		{C73E557C-2B70-4040-9FA5-5AA2C0A95717}.Seperia|Mixed Platforms.ActiveCfg = Seperia.Facebook.UpdateCampaignStatus|Any CPU
		{C73E557C-2B70-4040-9FA5-5AA2C0A95717}.Seperia|Mixed Platforms.Build.0 = Seperia.Facebook.UpdateCampaignStatus|Any CPU
		{C73E557C-2B70-4040-9FA5-5AA2C0A95717}.Seperia|x86.ActiveCfg = Seperia.Facebook.UpdateCampaignStatus|Any CPU
		{2AAA976A-3BE0-4A44-9A74-6406C02E1BB8}.DebubNewScheduling|Any CPU.ActiveCfg = Debug|Any CPU
		{2AAA976A-3BE0-4A44-9A74-6406C02E1BB8}.DebubNewScheduling|Any CPU.Build.0 = Debug|Any CPU
		{2AAA976A-3BE0-4A44-9A74-6406C02E1BB8}.DebubNewScheduling|Mixed Platforms.ActiveCfg = Debug|Any CPU
		{2AAA976A-3BE0-4A44-9A74-6406C02E1BB8}.DebubNewScheduling|Mixed Platforms.Build.0 = Debug|Any CPU
		{2AAA976A-3BE0-4A44-9A74-6406C02E1BB8}.DebubNewScheduling|x86.ActiveCfg = Debug|Any CPU
		{2AAA976A-3BE0-4A44-9A74-6406C02E1BB8}.Debug|Any CPU.ActiveCfg = Debug|Any CPU
		{2AAA976A-3BE0-4A44-9A74-6406C02E1BB8}.Debug|Any CPU.Build.0 = Debug|Any CPU
		{2AAA976A-3BE0-4A44-9A74-6406C02E1BB8}.Debug|Mixed Platforms.ActiveCfg = Debug|Any CPU
		{2AAA976A-3BE0-4A44-9A74-6406C02E1BB8}.Debug|Mixed Platforms.Build.0 = Debug|Any CPU
		{2AAA976A-3BE0-4A44-9A74-6406C02E1BB8}.Debug|x86.ActiveCfg = Debug|Any CPU
		{2AAA976A-3BE0-4A44-9A74-6406C02E1BB8}.Edge|Any CPU.ActiveCfg = Seperia.Facebook.UpdateCampaignStatus|Any CPU
		{2AAA976A-3BE0-4A44-9A74-6406C02E1BB8}.Edge|Any CPU.Build.0 = Seperia.Facebook.UpdateCampaignStatus|Any CPU
		{2AAA976A-3BE0-4A44-9A74-6406C02E1BB8}.Edge|Mixed Platforms.ActiveCfg = Seperia.Facebook.UpdateCampaignStatus|Any CPU
		{2AAA976A-3BE0-4A44-9A74-6406C02E1BB8}.Edge|Mixed Platforms.Build.0 = Seperia.Facebook.UpdateCampaignStatus|Any CPU
		{2AAA976A-3BE0-4A44-9A74-6406C02E1BB8}.Edge|x86.ActiveCfg = Seperia.Facebook.UpdateCampaignStatus|Any CPU
		{2AAA976A-3BE0-4A44-9A74-6406C02E1BB8}.Release|Any CPU.ActiveCfg = Release|Any CPU
		{2AAA976A-3BE0-4A44-9A74-6406C02E1BB8}.Release|Any CPU.Build.0 = Release|Any CPU
		{2AAA976A-3BE0-4A44-9A74-6406C02E1BB8}.Release|Mixed Platforms.ActiveCfg = Release|Any CPU
		{2AAA976A-3BE0-4A44-9A74-6406C02E1BB8}.Release|Mixed Platforms.Build.0 = Release|Any CPU
		{2AAA976A-3BE0-4A44-9A74-6406C02E1BB8}.Release|x86.ActiveCfg = Release|Any CPU
		{2AAA976A-3BE0-4A44-9A74-6406C02E1BB8}.Seperia.Facebook.UpdateCampaignStatus|Any CPU.ActiveCfg = Seperia.Facebook.UpdateCampaignStatus|Any CPU
		{2AAA976A-3BE0-4A44-9A74-6406C02E1BB8}.Seperia.Facebook.UpdateCampaignStatus|Any CPU.Build.0 = Seperia.Facebook.UpdateCampaignStatus|Any CPU
		{2AAA976A-3BE0-4A44-9A74-6406C02E1BB8}.Seperia.Facebook.UpdateCampaignStatus|Mixed Platforms.ActiveCfg = Seperia.Facebook.UpdateCampaignStatus|Any CPU
		{2AAA976A-3BE0-4A44-9A74-6406C02E1BB8}.Seperia.Facebook.UpdateCampaignStatus|Mixed Platforms.Build.0 = Seperia.Facebook.UpdateCampaignStatus|Any CPU
		{2AAA976A-3BE0-4A44-9A74-6406C02E1BB8}.Seperia.Facebook.UpdateCampaignStatus|x86.ActiveCfg = Seperia.Facebook.UpdateCampaignStatus|Any CPU
		{2AAA976A-3BE0-4A44-9A74-6406C02E1BB8}.Seperia|Any CPU.ActiveCfg = Seperia.Facebook.UpdateCampaignStatus|Any CPU
		{2AAA976A-3BE0-4A44-9A74-6406C02E1BB8}.Seperia|Any CPU.Build.0 = Seperia.Facebook.UpdateCampaignStatus|Any CPU
		{2AAA976A-3BE0-4A44-9A74-6406C02E1BB8}.Seperia|Mixed Platforms.ActiveCfg = Seperia.Facebook.UpdateCampaignStatus|Any CPU
		{2AAA976A-3BE0-4A44-9A74-6406C02E1BB8}.Seperia|Mixed Platforms.Build.0 = Seperia.Facebook.UpdateCampaignStatus|Any CPU
		{2AAA976A-3BE0-4A44-9A74-6406C02E1BB8}.Seperia|x86.ActiveCfg = Seperia.Facebook.UpdateCampaignStatus|Any CPU
		{E87CD0B6-873B-43D2-88DB-BC2D7C56F09E}.DebubNewScheduling|Any CPU.ActiveCfg = Debug|Any CPU
		{E87CD0B6-873B-43D2-88DB-BC2D7C56F09E}.DebubNewScheduling|Any CPU.Build.0 = Debug|Any CPU
		{E87CD0B6-873B-43D2-88DB-BC2D7C56F09E}.DebubNewScheduling|Mixed Platforms.ActiveCfg = Debug|Any CPU
		{E87CD0B6-873B-43D2-88DB-BC2D7C56F09E}.DebubNewScheduling|Mixed Platforms.Build.0 = Debug|Any CPU
		{E87CD0B6-873B-43D2-88DB-BC2D7C56F09E}.DebubNewScheduling|x86.ActiveCfg = Debug|Any CPU
		{E87CD0B6-873B-43D2-88DB-BC2D7C56F09E}.Debug|Any CPU.ActiveCfg = Debug|Any CPU
		{E87CD0B6-873B-43D2-88DB-BC2D7C56F09E}.Debug|Any CPU.Build.0 = Debug|Any CPU
		{E87CD0B6-873B-43D2-88DB-BC2D7C56F09E}.Debug|Mixed Platforms.ActiveCfg = Debug|Any CPU
		{E87CD0B6-873B-43D2-88DB-BC2D7C56F09E}.Debug|Mixed Platforms.Build.0 = Debug|Any CPU
		{E87CD0B6-873B-43D2-88DB-BC2D7C56F09E}.Debug|x86.ActiveCfg = Debug|Any CPU
		{E87CD0B6-873B-43D2-88DB-BC2D7C56F09E}.Edge|Any CPU.ActiveCfg = Release|Any CPU
		{E87CD0B6-873B-43D2-88DB-BC2D7C56F09E}.Edge|Any CPU.Build.0 = Release|Any CPU
		{E87CD0B6-873B-43D2-88DB-BC2D7C56F09E}.Edge|Mixed Platforms.ActiveCfg = Release|Any CPU
		{E87CD0B6-873B-43D2-88DB-BC2D7C56F09E}.Edge|Mixed Platforms.Build.0 = Release|Any CPU
		{E87CD0B6-873B-43D2-88DB-BC2D7C56F09E}.Edge|x86.ActiveCfg = Release|Any CPU
		{E87CD0B6-873B-43D2-88DB-BC2D7C56F09E}.Release|Any CPU.ActiveCfg = Release|Any CPU
		{E87CD0B6-873B-43D2-88DB-BC2D7C56F09E}.Release|Any CPU.Build.0 = Release|Any CPU
		{E87CD0B6-873B-43D2-88DB-BC2D7C56F09E}.Release|Mixed Platforms.ActiveCfg = Release|Any CPU
		{E87CD0B6-873B-43D2-88DB-BC2D7C56F09E}.Release|Mixed Platforms.Build.0 = Release|Any CPU
		{E87CD0B6-873B-43D2-88DB-BC2D7C56F09E}.Release|x86.ActiveCfg = Release|Any CPU
		{E87CD0B6-873B-43D2-88DB-BC2D7C56F09E}.Seperia.Facebook.UpdateCampaignStatus|Any CPU.ActiveCfg = Release|Any CPU
		{E87CD0B6-873B-43D2-88DB-BC2D7C56F09E}.Seperia.Facebook.UpdateCampaignStatus|Any CPU.Build.0 = Release|Any CPU
		{E87CD0B6-873B-43D2-88DB-BC2D7C56F09E}.Seperia.Facebook.UpdateCampaignStatus|Mixed Platforms.ActiveCfg = Release|Any CPU
		{E87CD0B6-873B-43D2-88DB-BC2D7C56F09E}.Seperia.Facebook.UpdateCampaignStatus|Mixed Platforms.Build.0 = Release|Any CPU
		{E87CD0B6-873B-43D2-88DB-BC2D7C56F09E}.Seperia.Facebook.UpdateCampaignStatus|x86.ActiveCfg = Release|Any CPU
		{E87CD0B6-873B-43D2-88DB-BC2D7C56F09E}.Seperia|Any CPU.ActiveCfg = Release|Any CPU
		{E87CD0B6-873B-43D2-88DB-BC2D7C56F09E}.Seperia|Any CPU.Build.0 = Release|Any CPU
		{E87CD0B6-873B-43D2-88DB-BC2D7C56F09E}.Seperia|Mixed Platforms.ActiveCfg = Release|Any CPU
		{E87CD0B6-873B-43D2-88DB-BC2D7C56F09E}.Seperia|Mixed Platforms.Build.0 = Release|Any CPU
		{E87CD0B6-873B-43D2-88DB-BC2D7C56F09E}.Seperia|x86.ActiveCfg = Release|Any CPU
		{1C3E1103-65B9-48D0-8583-A38B0AD6E771}.DebubNewScheduling|Any CPU.ActiveCfg = Debug|Any CPU
		{1C3E1103-65B9-48D0-8583-A38B0AD6E771}.DebubNewScheduling|Any CPU.Build.0 = Debug|Any CPU
		{1C3E1103-65B9-48D0-8583-A38B0AD6E771}.DebubNewScheduling|Mixed Platforms.ActiveCfg = Debug|Any CPU
		{1C3E1103-65B9-48D0-8583-A38B0AD6E771}.DebubNewScheduling|Mixed Platforms.Build.0 = Debug|Any CPU
		{1C3E1103-65B9-48D0-8583-A38B0AD6E771}.DebubNewScheduling|x86.ActiveCfg = Debug|Any CPU
		{1C3E1103-65B9-48D0-8583-A38B0AD6E771}.Debug|Any CPU.ActiveCfg = Debug|Any CPU
		{1C3E1103-65B9-48D0-8583-A38B0AD6E771}.Debug|Any CPU.Build.0 = Debug|Any CPU
		{1C3E1103-65B9-48D0-8583-A38B0AD6E771}.Debug|Mixed Platforms.ActiveCfg = Debug|Any CPU
		{1C3E1103-65B9-48D0-8583-A38B0AD6E771}.Debug|Mixed Platforms.Build.0 = Debug|Any CPU
		{1C3E1103-65B9-48D0-8583-A38B0AD6E771}.Debug|x86.ActiveCfg = Debug|Any CPU
		{1C3E1103-65B9-48D0-8583-A38B0AD6E771}.Edge|Any CPU.ActiveCfg = Edge|Any CPU
		{1C3E1103-65B9-48D0-8583-A38B0AD6E771}.Edge|Any CPU.Build.0 = Edge|Any CPU
		{1C3E1103-65B9-48D0-8583-A38B0AD6E771}.Edge|Mixed Platforms.ActiveCfg = Edge|Any CPU
		{1C3E1103-65B9-48D0-8583-A38B0AD6E771}.Edge|Mixed Platforms.Build.0 = Edge|Any CPU
		{1C3E1103-65B9-48D0-8583-A38B0AD6E771}.Edge|x86.ActiveCfg = Edge|Any CPU
		{1C3E1103-65B9-48D0-8583-A38B0AD6E771}.Release|Any CPU.ActiveCfg = Seperia.Facebook.UpdateCampaignStatus|Any CPU
		{1C3E1103-65B9-48D0-8583-A38B0AD6E771}.Release|Any CPU.Build.0 = Seperia.Facebook.UpdateCampaignStatus|Any CPU
		{1C3E1103-65B9-48D0-8583-A38B0AD6E771}.Release|Mixed Platforms.ActiveCfg = Seperia.Facebook.UpdateCampaignStatus|Any CPU
		{1C3E1103-65B9-48D0-8583-A38B0AD6E771}.Release|Mixed Platforms.Build.0 = Seperia.Facebook.UpdateCampaignStatus|Any CPU
		{1C3E1103-65B9-48D0-8583-A38B0AD6E771}.Release|x86.ActiveCfg = Seperia.Facebook.UpdateCampaignStatus|Any CPU
		{1C3E1103-65B9-48D0-8583-A38B0AD6E771}.Seperia.Facebook.UpdateCampaignStatus|Any CPU.ActiveCfg = Seperia.Facebook.UpdateCampaignStatus|Any CPU
		{1C3E1103-65B9-48D0-8583-A38B0AD6E771}.Seperia.Facebook.UpdateCampaignStatus|Any CPU.Build.0 = Seperia.Facebook.UpdateCampaignStatus|Any CPU
		{1C3E1103-65B9-48D0-8583-A38B0AD6E771}.Seperia.Facebook.UpdateCampaignStatus|Mixed Platforms.ActiveCfg = Seperia.Facebook.UpdateCampaignStatus|Any CPU
		{1C3E1103-65B9-48D0-8583-A38B0AD6E771}.Seperia.Facebook.UpdateCampaignStatus|Mixed Platforms.Build.0 = Seperia.Facebook.UpdateCampaignStatus|Any CPU
		{1C3E1103-65B9-48D0-8583-A38B0AD6E771}.Seperia.Facebook.UpdateCampaignStatus|x86.ActiveCfg = Seperia.Facebook.UpdateCampaignStatus|Any CPU
		{1C3E1103-65B9-48D0-8583-A38B0AD6E771}.Seperia|Any CPU.ActiveCfg = Seperia|Any CPU
		{1C3E1103-65B9-48D0-8583-A38B0AD6E771}.Seperia|Any CPU.Build.0 = Seperia|Any CPU
		{1C3E1103-65B9-48D0-8583-A38B0AD6E771}.Seperia|Mixed Platforms.ActiveCfg = Seperia|Any CPU
		{1C3E1103-65B9-48D0-8583-A38B0AD6E771}.Seperia|Mixed Platforms.Build.0 = Seperia|Any CPU
		{1C3E1103-65B9-48D0-8583-A38B0AD6E771}.Seperia|x86.ActiveCfg = Seperia|Any CPU
		{C6504C8B-C482-41B9-BC6E-BEF92AF9D6FE}.DebubNewScheduling|Any CPU.ActiveCfg = Debug|Any CPU
		{C6504C8B-C482-41B9-BC6E-BEF92AF9D6FE}.DebubNewScheduling|Any CPU.Build.0 = Debug|Any CPU
		{C6504C8B-C482-41B9-BC6E-BEF92AF9D6FE}.DebubNewScheduling|Mixed Platforms.ActiveCfg = Debug|Any CPU
		{C6504C8B-C482-41B9-BC6E-BEF92AF9D6FE}.DebubNewScheduling|Mixed Platforms.Build.0 = Debug|Any CPU
		{C6504C8B-C482-41B9-BC6E-BEF92AF9D6FE}.DebubNewScheduling|x86.ActiveCfg = Debug|Any CPU
		{C6504C8B-C482-41B9-BC6E-BEF92AF9D6FE}.Debug|Any CPU.ActiveCfg = Debug|Any CPU
		{C6504C8B-C482-41B9-BC6E-BEF92AF9D6FE}.Debug|Any CPU.Build.0 = Debug|Any CPU
		{C6504C8B-C482-41B9-BC6E-BEF92AF9D6FE}.Debug|Mixed Platforms.ActiveCfg = Debug|Any CPU
		{C6504C8B-C482-41B9-BC6E-BEF92AF9D6FE}.Debug|Mixed Platforms.Build.0 = Debug|Any CPU
		{C6504C8B-C482-41B9-BC6E-BEF92AF9D6FE}.Debug|x86.ActiveCfg = Debug|Any CPU
		{C6504C8B-C482-41B9-BC6E-BEF92AF9D6FE}.Edge|Any CPU.ActiveCfg = Release|Any CPU
		{C6504C8B-C482-41B9-BC6E-BEF92AF9D6FE}.Edge|Any CPU.Build.0 = Release|Any CPU
		{C6504C8B-C482-41B9-BC6E-BEF92AF9D6FE}.Edge|Mixed Platforms.ActiveCfg = Release|Any CPU
		{C6504C8B-C482-41B9-BC6E-BEF92AF9D6FE}.Edge|Mixed Platforms.Build.0 = Release|Any CPU
		{C6504C8B-C482-41B9-BC6E-BEF92AF9D6FE}.Edge|x86.ActiveCfg = Release|Any CPU
		{C6504C8B-C482-41B9-BC6E-BEF92AF9D6FE}.Release|Any CPU.ActiveCfg = Release|Any CPU
		{C6504C8B-C482-41B9-BC6E-BEF92AF9D6FE}.Release|Any CPU.Build.0 = Release|Any CPU
		{C6504C8B-C482-41B9-BC6E-BEF92AF9D6FE}.Release|Mixed Platforms.ActiveCfg = Release|Any CPU
		{C6504C8B-C482-41B9-BC6E-BEF92AF9D6FE}.Release|Mixed Platforms.Build.0 = Release|Any CPU
		{C6504C8B-C482-41B9-BC6E-BEF92AF9D6FE}.Release|x86.ActiveCfg = Release|Any CPU
		{C6504C8B-C482-41B9-BC6E-BEF92AF9D6FE}.Seperia.Facebook.UpdateCampaignStatus|Any CPU.ActiveCfg = Release|Any CPU
		{C6504C8B-C482-41B9-BC6E-BEF92AF9D6FE}.Seperia.Facebook.UpdateCampaignStatus|Any CPU.Build.0 = Release|Any CPU
		{C6504C8B-C482-41B9-BC6E-BEF92AF9D6FE}.Seperia.Facebook.UpdateCampaignStatus|Mixed Platforms.ActiveCfg = Release|Any CPU
		{C6504C8B-C482-41B9-BC6E-BEF92AF9D6FE}.Seperia.Facebook.UpdateCampaignStatus|Mixed Platforms.Build.0 = Release|Any CPU
		{C6504C8B-C482-41B9-BC6E-BEF92AF9D6FE}.Seperia.Facebook.UpdateCampaignStatus|x86.ActiveCfg = Release|Any CPU
		{C6504C8B-C482-41B9-BC6E-BEF92AF9D6FE}.Seperia|Any CPU.ActiveCfg = Release|Any CPU
		{C6504C8B-C482-41B9-BC6E-BEF92AF9D6FE}.Seperia|Any CPU.Build.0 = Release|Any CPU
		{C6504C8B-C482-41B9-BC6E-BEF92AF9D6FE}.Seperia|Mixed Platforms.ActiveCfg = Release|Any CPU
		{C6504C8B-C482-41B9-BC6E-BEF92AF9D6FE}.Seperia|Mixed Platforms.Build.0 = Release|Any CPU
		{C6504C8B-C482-41B9-BC6E-BEF92AF9D6FE}.Seperia|x86.ActiveCfg = Release|Any CPU
		{7CBBE059-4A66-4DFF-81C7-EDA1D7094218}.DebubNewScheduling|Any CPU.ActiveCfg = Debug|Any CPU
		{7CBBE059-4A66-4DFF-81C7-EDA1D7094218}.DebubNewScheduling|Any CPU.Build.0 = Debug|Any CPU
		{7CBBE059-4A66-4DFF-81C7-EDA1D7094218}.DebubNewScheduling|Mixed Platforms.ActiveCfg = Debug|Any CPU
		{7CBBE059-4A66-4DFF-81C7-EDA1D7094218}.DebubNewScheduling|Mixed Platforms.Build.0 = Debug|Any CPU
		{7CBBE059-4A66-4DFF-81C7-EDA1D7094218}.DebubNewScheduling|x86.ActiveCfg = Debug|Any CPU
		{7CBBE059-4A66-4DFF-81C7-EDA1D7094218}.Debug|Any CPU.ActiveCfg = Debug|Any CPU
		{7CBBE059-4A66-4DFF-81C7-EDA1D7094218}.Debug|Any CPU.Build.0 = Debug|Any CPU
		{7CBBE059-4A66-4DFF-81C7-EDA1D7094218}.Debug|Mixed Platforms.ActiveCfg = Debug|Any CPU
		{7CBBE059-4A66-4DFF-81C7-EDA1D7094218}.Debug|Mixed Platforms.Build.0 = Debug|Any CPU
		{7CBBE059-4A66-4DFF-81C7-EDA1D7094218}.Debug|x86.ActiveCfg = Debug|Any CPU
		{7CBBE059-4A66-4DFF-81C7-EDA1D7094218}.Edge|Any CPU.ActiveCfg = Release|Any CPU
		{7CBBE059-4A66-4DFF-81C7-EDA1D7094218}.Edge|Any CPU.Build.0 = Release|Any CPU
		{7CBBE059-4A66-4DFF-81C7-EDA1D7094218}.Edge|Mixed Platforms.ActiveCfg = Release|Any CPU
		{7CBBE059-4A66-4DFF-81C7-EDA1D7094218}.Edge|Mixed Platforms.Build.0 = Release|Any CPU
		{7CBBE059-4A66-4DFF-81C7-EDA1D7094218}.Edge|x86.ActiveCfg = Release|Any CPU
		{7CBBE059-4A66-4DFF-81C7-EDA1D7094218}.Release|Any CPU.ActiveCfg = Release|Any CPU
		{7CBBE059-4A66-4DFF-81C7-EDA1D7094218}.Release|Any CPU.Build.0 = Release|Any CPU
		{7CBBE059-4A66-4DFF-81C7-EDA1D7094218}.Release|Mixed Platforms.ActiveCfg = Release|Any CPU
		{7CBBE059-4A66-4DFF-81C7-EDA1D7094218}.Release|Mixed Platforms.Build.0 = Release|Any CPU
		{7CBBE059-4A66-4DFF-81C7-EDA1D7094218}.Release|x86.ActiveCfg = Release|Any CPU
		{7CBBE059-4A66-4DFF-81C7-EDA1D7094218}.Seperia.Facebook.UpdateCampaignStatus|Any CPU.ActiveCfg = Release|Any CPU
		{7CBBE059-4A66-4DFF-81C7-EDA1D7094218}.Seperia.Facebook.UpdateCampaignStatus|Any CPU.Build.0 = Release|Any CPU
		{7CBBE059-4A66-4DFF-81C7-EDA1D7094218}.Seperia.Facebook.UpdateCampaignStatus|Mixed Platforms.ActiveCfg = Release|Any CPU
		{7CBBE059-4A66-4DFF-81C7-EDA1D7094218}.Seperia.Facebook.UpdateCampaignStatus|Mixed Platforms.Build.0 = Release|Any CPU
		{7CBBE059-4A66-4DFF-81C7-EDA1D7094218}.Seperia.Facebook.UpdateCampaignStatus|x86.ActiveCfg = Release|Any CPU
		{7CBBE059-4A66-4DFF-81C7-EDA1D7094218}.Seperia|Any CPU.ActiveCfg = Release|Any CPU
		{7CBBE059-4A66-4DFF-81C7-EDA1D7094218}.Seperia|Any CPU.Build.0 = Release|Any CPU
		{7CBBE059-4A66-4DFF-81C7-EDA1D7094218}.Seperia|Mixed Platforms.ActiveCfg = Release|Any CPU
		{7CBBE059-4A66-4DFF-81C7-EDA1D7094218}.Seperia|Mixed Platforms.Build.0 = Release|Any CPU
		{7CBBE059-4A66-4DFF-81C7-EDA1D7094218}.Seperia|x86.ActiveCfg = Release|Any CPU
		{FB21EF04-FB87-484C-B15E-DCEBD1185977}.DebubNewScheduling|Any CPU.ActiveCfg = Debug|Any CPU
		{FB21EF04-FB87-484C-B15E-DCEBD1185977}.DebubNewScheduling|Any CPU.Build.0 = Debug|Any CPU
		{FB21EF04-FB87-484C-B15E-DCEBD1185977}.DebubNewScheduling|Mixed Platforms.ActiveCfg = Debug|Any CPU
		{FB21EF04-FB87-484C-B15E-DCEBD1185977}.DebubNewScheduling|Mixed Platforms.Build.0 = Debug|Any CPU
		{FB21EF04-FB87-484C-B15E-DCEBD1185977}.DebubNewScheduling|x86.ActiveCfg = Debug|Any CPU
		{FB21EF04-FB87-484C-B15E-DCEBD1185977}.Debug|Any CPU.ActiveCfg = Debug|Any CPU
		{FB21EF04-FB87-484C-B15E-DCEBD1185977}.Debug|Any CPU.Build.0 = Debug|Any CPU
		{FB21EF04-FB87-484C-B15E-DCEBD1185977}.Debug|Mixed Platforms.ActiveCfg = Debug|Any CPU
		{FB21EF04-FB87-484C-B15E-DCEBD1185977}.Debug|Mixed Platforms.Build.0 = Debug|Any CPU
		{FB21EF04-FB87-484C-B15E-DCEBD1185977}.Debug|x86.ActiveCfg = Debug|Any CPU
		{FB21EF04-FB87-484C-B15E-DCEBD1185977}.Edge|Any CPU.ActiveCfg = Seperia|Any CPU
		{FB21EF04-FB87-484C-B15E-DCEBD1185977}.Edge|Any CPU.Build.0 = Seperia|Any CPU
		{FB21EF04-FB87-484C-B15E-DCEBD1185977}.Edge|Mixed Platforms.ActiveCfg = Seperia|Any CPU
		{FB21EF04-FB87-484C-B15E-DCEBD1185977}.Edge|Mixed Platforms.Build.0 = Seperia|Any CPU
		{FB21EF04-FB87-484C-B15E-DCEBD1185977}.Edge|x86.ActiveCfg = Seperia|Any CPU
		{FB21EF04-FB87-484C-B15E-DCEBD1185977}.Release|Any CPU.ActiveCfg = Seperia|Any CPU
		{FB21EF04-FB87-484C-B15E-DCEBD1185977}.Release|Any CPU.Build.0 = Seperia|Any CPU
		{FB21EF04-FB87-484C-B15E-DCEBD1185977}.Release|Mixed Platforms.ActiveCfg = Seperia|Any CPU
		{FB21EF04-FB87-484C-B15E-DCEBD1185977}.Release|Mixed Platforms.Build.0 = Seperia|Any CPU
		{FB21EF04-FB87-484C-B15E-DCEBD1185977}.Release|x86.ActiveCfg = Seperia|Any CPU
		{FB21EF04-FB87-484C-B15E-DCEBD1185977}.Seperia.Facebook.UpdateCampaignStatus|Any CPU.ActiveCfg = Seperia|Any CPU
		{FB21EF04-FB87-484C-B15E-DCEBD1185977}.Seperia.Facebook.UpdateCampaignStatus|Any CPU.Build.0 = Seperia|Any CPU
		{FB21EF04-FB87-484C-B15E-DCEBD1185977}.Seperia.Facebook.UpdateCampaignStatus|Mixed Platforms.ActiveCfg = Seperia|Any CPU
		{FB21EF04-FB87-484C-B15E-DCEBD1185977}.Seperia.Facebook.UpdateCampaignStatus|Mixed Platforms.Build.0 = Seperia|Any CPU
		{FB21EF04-FB87-484C-B15E-DCEBD1185977}.Seperia.Facebook.UpdateCampaignStatus|x86.ActiveCfg = Seperia|Any CPU
		{FB21EF04-FB87-484C-B15E-DCEBD1185977}.Seperia|Any CPU.ActiveCfg = Seperia|Any CPU
		{FB21EF04-FB87-484C-B15E-DCEBD1185977}.Seperia|Any CPU.Build.0 = Seperia|Any CPU
		{FB21EF04-FB87-484C-B15E-DCEBD1185977}.Seperia|Mixed Platforms.ActiveCfg = Seperia|Any CPU
		{FB21EF04-FB87-484C-B15E-DCEBD1185977}.Seperia|Mixed Platforms.Build.0 = Seperia|Any CPU
		{FB21EF04-FB87-484C-B15E-DCEBD1185977}.Seperia|x86.ActiveCfg = Seperia|Any CPU
		{D38C000D-2899-41D6-892B-4A431FB0DDBF}.DebubNewScheduling|Any CPU.ActiveCfg = Debug|x86
		{D38C000D-2899-41D6-892B-4A431FB0DDBF}.DebubNewScheduling|Mixed Platforms.ActiveCfg = Debug|x86
		{D38C000D-2899-41D6-892B-4A431FB0DDBF}.DebubNewScheduling|Mixed Platforms.Build.0 = Debug|x86
		{D38C000D-2899-41D6-892B-4A431FB0DDBF}.DebubNewScheduling|x86.ActiveCfg = Debug|x86
		{D38C000D-2899-41D6-892B-4A431FB0DDBF}.DebubNewScheduling|x86.Build.0 = Debug|x86
		{D38C000D-2899-41D6-892B-4A431FB0DDBF}.Debug|Any CPU.ActiveCfg = Debug|x86
		{D38C000D-2899-41D6-892B-4A431FB0DDBF}.Debug|Any CPU.Build.0 = Debug|x86
		{D38C000D-2899-41D6-892B-4A431FB0DDBF}.Debug|Mixed Platforms.ActiveCfg = Debug|x86
		{D38C000D-2899-41D6-892B-4A431FB0DDBF}.Debug|Mixed Platforms.Build.0 = Debug|x86
		{D38C000D-2899-41D6-892B-4A431FB0DDBF}.Debug|x86.ActiveCfg = Debug|x86
		{D38C000D-2899-41D6-892B-4A431FB0DDBF}.Debug|x86.Build.0 = Debug|x86
		{D38C000D-2899-41D6-892B-4A431FB0DDBF}.Edge|Any CPU.ActiveCfg = Release|x86
		{D38C000D-2899-41D6-892B-4A431FB0DDBF}.Edge|Mixed Platforms.ActiveCfg = Release|x86
		{D38C000D-2899-41D6-892B-4A431FB0DDBF}.Edge|Mixed Platforms.Build.0 = Release|x86
		{D38C000D-2899-41D6-892B-4A431FB0DDBF}.Edge|x86.ActiveCfg = Release|x86
		{D38C000D-2899-41D6-892B-4A431FB0DDBF}.Edge|x86.Build.0 = Release|x86
		{D38C000D-2899-41D6-892B-4A431FB0DDBF}.Release|Any CPU.ActiveCfg = Release|x86
		{D38C000D-2899-41D6-892B-4A431FB0DDBF}.Release|Mixed Platforms.ActiveCfg = Release|x86
		{D38C000D-2899-41D6-892B-4A431FB0DDBF}.Release|Mixed Platforms.Build.0 = Release|x86
		{D38C000D-2899-41D6-892B-4A431FB0DDBF}.Release|x86.ActiveCfg = Release|x86
		{D38C000D-2899-41D6-892B-4A431FB0DDBF}.Release|x86.Build.0 = Release|x86
		{D38C000D-2899-41D6-892B-4A431FB0DDBF}.Seperia.Facebook.UpdateCampaignStatus|Any CPU.ActiveCfg = Release|x86
		{D38C000D-2899-41D6-892B-4A431FB0DDBF}.Seperia.Facebook.UpdateCampaignStatus|Mixed Platforms.ActiveCfg = Release|x86
		{D38C000D-2899-41D6-892B-4A431FB0DDBF}.Seperia.Facebook.UpdateCampaignStatus|Mixed Platforms.Build.0 = Release|x86
		{D38C000D-2899-41D6-892B-4A431FB0DDBF}.Seperia.Facebook.UpdateCampaignStatus|x86.ActiveCfg = Release|x86
		{D38C000D-2899-41D6-892B-4A431FB0DDBF}.Seperia.Facebook.UpdateCampaignStatus|x86.Build.0 = Release|x86
		{D38C000D-2899-41D6-892B-4A431FB0DDBF}.Seperia|Any CPU.ActiveCfg = Release|x86
		{D38C000D-2899-41D6-892B-4A431FB0DDBF}.Seperia|Mixed Platforms.ActiveCfg = Release|x86
		{D38C000D-2899-41D6-892B-4A431FB0DDBF}.Seperia|Mixed Platforms.Build.0 = Release|x86
		{D38C000D-2899-41D6-892B-4A431FB0DDBF}.Seperia|x86.ActiveCfg = Release|x86
		{D38C000D-2899-41D6-892B-4A431FB0DDBF}.Seperia|x86.Build.0 = Release|x86
		{C4C1D909-D765-42AD-8FA8-F51A3D93457D}.DebubNewScheduling|Any CPU.ActiveCfg = Debug|Any CPU
		{C4C1D909-D765-42AD-8FA8-F51A3D93457D}.DebubNewScheduling|Any CPU.Build.0 = Debug|Any CPU
		{C4C1D909-D765-42AD-8FA8-F51A3D93457D}.DebubNewScheduling|Mixed Platforms.ActiveCfg = Debug|Any CPU
		{C4C1D909-D765-42AD-8FA8-F51A3D93457D}.DebubNewScheduling|Mixed Platforms.Build.0 = Debug|Any CPU
		{C4C1D909-D765-42AD-8FA8-F51A3D93457D}.DebubNewScheduling|x86.ActiveCfg = Debug|Any CPU
		{C4C1D909-D765-42AD-8FA8-F51A3D93457D}.Debug|Any CPU.ActiveCfg = Debug|Any CPU
		{C4C1D909-D765-42AD-8FA8-F51A3D93457D}.Debug|Any CPU.Build.0 = Debug|Any CPU
		{C4C1D909-D765-42AD-8FA8-F51A3D93457D}.Debug|Mixed Platforms.ActiveCfg = Debug|Any CPU
		{C4C1D909-D765-42AD-8FA8-F51A3D93457D}.Debug|Mixed Platforms.Build.0 = Debug|Any CPU
		{C4C1D909-D765-42AD-8FA8-F51A3D93457D}.Debug|x86.ActiveCfg = Debug|Any CPU
		{C4C1D909-D765-42AD-8FA8-F51A3D93457D}.Edge|Any CPU.ActiveCfg = Release|Any CPU
		{C4C1D909-D765-42AD-8FA8-F51A3D93457D}.Edge|Any CPU.Build.0 = Release|Any CPU
		{C4C1D909-D765-42AD-8FA8-F51A3D93457D}.Edge|Mixed Platforms.ActiveCfg = Release|Any CPU
		{C4C1D909-D765-42AD-8FA8-F51A3D93457D}.Edge|Mixed Platforms.Build.0 = Release|Any CPU
		{C4C1D909-D765-42AD-8FA8-F51A3D93457D}.Edge|x86.ActiveCfg = Release|Any CPU
		{C4C1D909-D765-42AD-8FA8-F51A3D93457D}.Release|Any CPU.ActiveCfg = Release|Any CPU
		{C4C1D909-D765-42AD-8FA8-F51A3D93457D}.Release|Any CPU.Build.0 = Release|Any CPU
		{C4C1D909-D765-42AD-8FA8-F51A3D93457D}.Release|Mixed Platforms.ActiveCfg = Release|Any CPU
		{C4C1D909-D765-42AD-8FA8-F51A3D93457D}.Release|Mixed Platforms.Build.0 = Release|Any CPU
		{C4C1D909-D765-42AD-8FA8-F51A3D93457D}.Release|x86.ActiveCfg = Release|Any CPU
		{C4C1D909-D765-42AD-8FA8-F51A3D93457D}.Seperia.Facebook.UpdateCampaignStatus|Any CPU.ActiveCfg = Release|Any CPU
		{C4C1D909-D765-42AD-8FA8-F51A3D93457D}.Seperia.Facebook.UpdateCampaignStatus|Any CPU.Build.0 = Release|Any CPU
		{C4C1D909-D765-42AD-8FA8-F51A3D93457D}.Seperia.Facebook.UpdateCampaignStatus|Mixed Platforms.ActiveCfg = Release|Any CPU
		{C4C1D909-D765-42AD-8FA8-F51A3D93457D}.Seperia.Facebook.UpdateCampaignStatus|Mixed Platforms.Build.0 = Release|Any CPU
		{C4C1D909-D765-42AD-8FA8-F51A3D93457D}.Seperia.Facebook.UpdateCampaignStatus|x86.ActiveCfg = Release|Any CPU
		{C4C1D909-D765-42AD-8FA8-F51A3D93457D}.Seperia|Any CPU.ActiveCfg = Release|Any CPU
		{C4C1D909-D765-42AD-8FA8-F51A3D93457D}.Seperia|Any CPU.Build.0 = Release|Any CPU
		{C4C1D909-D765-42AD-8FA8-F51A3D93457D}.Seperia|Mixed Platforms.ActiveCfg = Release|Any CPU
		{C4C1D909-D765-42AD-8FA8-F51A3D93457D}.Seperia|Mixed Platforms.Build.0 = Release|Any CPU
		{C4C1D909-D765-42AD-8FA8-F51A3D93457D}.Seperia|x86.ActiveCfg = Release|Any CPU
		{4EAEB38D-BB85-433A-99DE-23B722316AEB}.DebubNewScheduling|Any CPU.ActiveCfg = Debug|Any CPU
		{4EAEB38D-BB85-433A-99DE-23B722316AEB}.DebubNewScheduling|Any CPU.Build.0 = Debug|Any CPU
		{4EAEB38D-BB85-433A-99DE-23B722316AEB}.DebubNewScheduling|Mixed Platforms.ActiveCfg = Debug|Any CPU
		{4EAEB38D-BB85-433A-99DE-23B722316AEB}.DebubNewScheduling|Mixed Platforms.Build.0 = Debug|Any CPU
		{4EAEB38D-BB85-433A-99DE-23B722316AEB}.DebubNewScheduling|x86.ActiveCfg = Debug|Any CPU
		{4EAEB38D-BB85-433A-99DE-23B722316AEB}.Debug|Any CPU.ActiveCfg = Debug|Any CPU
		{4EAEB38D-BB85-433A-99DE-23B722316AEB}.Debug|Any CPU.Build.0 = Debug|Any CPU
		{4EAEB38D-BB85-433A-99DE-23B722316AEB}.Debug|Mixed Platforms.ActiveCfg = Debug|Any CPU
		{4EAEB38D-BB85-433A-99DE-23B722316AEB}.Debug|Mixed Platforms.Build.0 = Debug|Any CPU
		{4EAEB38D-BB85-433A-99DE-23B722316AEB}.Debug|x86.ActiveCfg = Debug|Any CPU
		{4EAEB38D-BB85-433A-99DE-23B722316AEB}.Edge|Any CPU.ActiveCfg = Release|Any CPU
		{4EAEB38D-BB85-433A-99DE-23B722316AEB}.Edge|Any CPU.Build.0 = Release|Any CPU
		{4EAEB38D-BB85-433A-99DE-23B722316AEB}.Edge|Mixed Platforms.ActiveCfg = Release|Any CPU
		{4EAEB38D-BB85-433A-99DE-23B722316AEB}.Edge|Mixed Platforms.Build.0 = Release|Any CPU
		{4EAEB38D-BB85-433A-99DE-23B722316AEB}.Edge|x86.ActiveCfg = Release|Any CPU
		{4EAEB38D-BB85-433A-99DE-23B722316AEB}.Release|Any CPU.ActiveCfg = Release|Any CPU
		{4EAEB38D-BB85-433A-99DE-23B722316AEB}.Release|Any CPU.Build.0 = Release|Any CPU
		{4EAEB38D-BB85-433A-99DE-23B722316AEB}.Release|Mixed Platforms.ActiveCfg = Release|Any CPU
		{4EAEB38D-BB85-433A-99DE-23B722316AEB}.Release|Mixed Platforms.Build.0 = Release|Any CPU
		{4EAEB38D-BB85-433A-99DE-23B722316AEB}.Release|x86.ActiveCfg = Release|Any CPU
		{4EAEB38D-BB85-433A-99DE-23B722316AEB}.Seperia.Facebook.UpdateCampaignStatus|Any CPU.ActiveCfg = Release|Any CPU
		{4EAEB38D-BB85-433A-99DE-23B722316AEB}.Seperia.Facebook.UpdateCampaignStatus|Any CPU.Build.0 = Release|Any CPU
		{4EAEB38D-BB85-433A-99DE-23B722316AEB}.Seperia.Facebook.UpdateCampaignStatus|Mixed Platforms.ActiveCfg = Release|Any CPU
		{4EAEB38D-BB85-433A-99DE-23B722316AEB}.Seperia.Facebook.UpdateCampaignStatus|Mixed Platforms.Build.0 = Release|Any CPU
		{4EAEB38D-BB85-433A-99DE-23B722316AEB}.Seperia.Facebook.UpdateCampaignStatus|x86.ActiveCfg = Release|Any CPU
		{4EAEB38D-BB85-433A-99DE-23B722316AEB}.Seperia|Any CPU.ActiveCfg = Release|Any CPU
		{4EAEB38D-BB85-433A-99DE-23B722316AEB}.Seperia|Any CPU.Build.0 = Release|Any CPU
		{4EAEB38D-BB85-433A-99DE-23B722316AEB}.Seperia|Mixed Platforms.ActiveCfg = Release|Any CPU
		{4EAEB38D-BB85-433A-99DE-23B722316AEB}.Seperia|Mixed Platforms.Build.0 = Release|Any CPU
		{4EAEB38D-BB85-433A-99DE-23B722316AEB}.Seperia|x86.ActiveCfg = Release|Any CPU
		{747BA114-2B73-4498-98DB-89D7EFC01C46}.DebubNewScheduling|Any CPU.ActiveCfg = Debug|x86
		{747BA114-2B73-4498-98DB-89D7EFC01C46}.DebubNewScheduling|Mixed Platforms.ActiveCfg = Debug|x86
		{747BA114-2B73-4498-98DB-89D7EFC01C46}.DebubNewScheduling|Mixed Platforms.Build.0 = Debug|x86
		{747BA114-2B73-4498-98DB-89D7EFC01C46}.DebubNewScheduling|x86.ActiveCfg = Debug|x86
		{747BA114-2B73-4498-98DB-89D7EFC01C46}.DebubNewScheduling|x86.Build.0 = Debug|x86
		{747BA114-2B73-4498-98DB-89D7EFC01C46}.Debug|Any CPU.ActiveCfg = Debug|x86
		{747BA114-2B73-4498-98DB-89D7EFC01C46}.Debug|Any CPU.Build.0 = Debug|x86
		{747BA114-2B73-4498-98DB-89D7EFC01C46}.Debug|Mixed Platforms.ActiveCfg = Debug|x86
		{747BA114-2B73-4498-98DB-89D7EFC01C46}.Debug|Mixed Platforms.Build.0 = Debug|x86
		{747BA114-2B73-4498-98DB-89D7EFC01C46}.Debug|x86.ActiveCfg = Debug|x86
		{747BA114-2B73-4498-98DB-89D7EFC01C46}.Debug|x86.Build.0 = Debug|x86
		{747BA114-2B73-4498-98DB-89D7EFC01C46}.Edge|Any CPU.ActiveCfg = Release|x86
		{747BA114-2B73-4498-98DB-89D7EFC01C46}.Edge|Mixed Platforms.ActiveCfg = Release|x86
		{747BA114-2B73-4498-98DB-89D7EFC01C46}.Edge|Mixed Platforms.Build.0 = Release|x86
		{747BA114-2B73-4498-98DB-89D7EFC01C46}.Edge|x86.ActiveCfg = Release|x86
		{747BA114-2B73-4498-98DB-89D7EFC01C46}.Edge|x86.Build.0 = Release|x86
		{747BA114-2B73-4498-98DB-89D7EFC01C46}.Release|Any CPU.ActiveCfg = Release|x86
		{747BA114-2B73-4498-98DB-89D7EFC01C46}.Release|Mixed Platforms.ActiveCfg = Release|x86
		{747BA114-2B73-4498-98DB-89D7EFC01C46}.Release|Mixed Platforms.Build.0 = Release|x86
		{747BA114-2B73-4498-98DB-89D7EFC01C46}.Release|x86.ActiveCfg = Release|x86
		{747BA114-2B73-4498-98DB-89D7EFC01C46}.Release|x86.Build.0 = Release|x86
		{747BA114-2B73-4498-98DB-89D7EFC01C46}.Seperia.Facebook.UpdateCampaignStatus|Any CPU.ActiveCfg = Release|x86
		{747BA114-2B73-4498-98DB-89D7EFC01C46}.Seperia.Facebook.UpdateCampaignStatus|Mixed Platforms.ActiveCfg = Release|x86
		{747BA114-2B73-4498-98DB-89D7EFC01C46}.Seperia.Facebook.UpdateCampaignStatus|Mixed Platforms.Build.0 = Release|x86
		{747BA114-2B73-4498-98DB-89D7EFC01C46}.Seperia.Facebook.UpdateCampaignStatus|x86.ActiveCfg = Release|x86
		{747BA114-2B73-4498-98DB-89D7EFC01C46}.Seperia.Facebook.UpdateCampaignStatus|x86.Build.0 = Release|x86
		{747BA114-2B73-4498-98DB-89D7EFC01C46}.Seperia|Any CPU.ActiveCfg = Release|x86
		{747BA114-2B73-4498-98DB-89D7EFC01C46}.Seperia|Mixed Platforms.ActiveCfg = Release|x86
		{747BA114-2B73-4498-98DB-89D7EFC01C46}.Seperia|Mixed Platforms.Build.0 = Release|x86
		{747BA114-2B73-4498-98DB-89D7EFC01C46}.Seperia|x86.ActiveCfg = Release|x86
		{747BA114-2B73-4498-98DB-89D7EFC01C46}.Seperia|x86.Build.0 = Release|x86
	EndGlobalSection
	GlobalSection(SolutionProperties) = preSolution
		HideSolutionNode = FALSE
	EndGlobalSection
	GlobalSection(NestedProjects) = preSolution
		{AD4B53AD-B28A-4E90-9483-D2F7C8E6D436} = {8D2675B3-0E24-4611-9ADE-AA45DF04821A}
		{E700E7AA-08B7-44C3-8889-ACB4FAF92C90} = {8D2675B3-0E24-4611-9ADE-AA45DF04821A}
		{53391A99-E8CA-4262-A8E0-5F05A1CC6608} = {8D2675B3-0E24-4611-9ADE-AA45DF04821A}
		{16440453-3AC6-48DA-A424-E87CE8DE09CF} = {8D2675B3-0E24-4611-9ADE-AA45DF04821A}
		{C2150589-9BB4-4143-BD60-3BF5AC013972} = {D8C9F98E-6442-48C1-A99F-0D3FD1E39B09}
		{0CA66633-F417-4724-9FC5-5F8C6E1D72B5} = {D8C9F98E-6442-48C1-A99F-0D3FD1E39B09}
		{C73E557C-2B70-4040-9FA5-5AA2C0A95717} = {D8C9F98E-6442-48C1-A99F-0D3FD1E39B09}
		{2AAA976A-3BE0-4A44-9A74-6406C02E1BB8} = {D8C9F98E-6442-48C1-A99F-0D3FD1E39B09}
		{E87CD0B6-873B-43D2-88DB-BC2D7C56F09E} = {D8C9F98E-6442-48C1-A99F-0D3FD1E39B09}
		{C6504C8B-C482-41B9-BC6E-BEF92AF9D6FE} = {D8C9F98E-6442-48C1-A99F-0D3FD1E39B09}
		{7CBBE059-4A66-4DFF-81C7-EDA1D7094218} = {D8C9F98E-6442-48C1-A99F-0D3FD1E39B09}
		{C4C1D909-D765-42AD-8FA8-F51A3D93457D} = {D8C9F98E-6442-48C1-A99F-0D3FD1E39B09}
		{4EAEB38D-BB85-433A-99DE-23B722316AEB} = {D8C9F98E-6442-48C1-A99F-0D3FD1E39B09}
		{1C3E1103-65B9-48D0-8583-A38B0AD6E771} = {BCD2B713-C80C-4E2C-8851-A4796A4A46A4}
		{747BA114-2B73-4498-98DB-89D7EFC01C46} = {BCD2B713-C80C-4E2C-8851-A4796A4A46A4}
		{FB21EF04-FB87-484C-B15E-DCEBD1185977} = {1E140078-FA5E-47D4-98C5-49D5590CED73}
		{D38C000D-2899-41D6-892B-4A431FB0DDBF} = {1E140078-FA5E-47D4-98C5-49D5590CED73}
	EndGlobalSection
EndGlobal
